{
  "version": 4,
  "terraform_version": "1.9.4",
  "serial": 324,
  "lineage": "2bae1ccb-964f-6eba-f76b-ab3bdc83ba82",
  "outputs": {},
  "resources": [
    {
      "mode": "managed",
      "type": "aws_db_subnet_group",
      "name": "db_subnet_group",
      "provider": "provider[\"registry.terraform.io/hashicorp/aws\"]",
      "instances": [
        {
          "schema_version": 0,
          "attributes": {
            "arn": "arn:aws:rds:ap-northeast-2:637423403127:subgrp:yunji-iac-tft-db-subnet-group",
            "description": "Managed by Terraform",
            "id": "yunji-iac-tft-db-subnet-group",
            "name": "yunji-iac-tft-db-subnet-group",
            "name_prefix": "",
            "subnet_ids": [
              "subnet-0002f5e2d5b0fbfe5",
              "subnet-0d0cfc7442a2284bc"
            ],
            "supported_network_types": [
              "IPV4"
            ],
            "tags": {
              "name": "94102178-IaC-TFT-db-subnet-group"
            },
            "tags_all": {
              "Owner": "94102178",
              "name": "94102178-IaC-TFT-db-subnet-group"
            },
            "vpc_id": "vpc-0981d92a8a02d6682"
          },
          "sensitive_attributes": [],
          "private": "bnVsbA==",
          "dependencies": [
            "aws_subnet.db_private_a",
            "aws_subnet.db_private_c",
            "aws_vpc.vpc"
          ]
        }
      ]
    },
    {
      "mode": "managed",
      "type": "aws_instance",
      "name": "bastion",
      "provider": "provider[\"registry.terraform.io/hashicorp/aws\"]",
      "instances": [
        {
          "schema_version": 1,
          "attributes": {
            "ami": "ami-008d41dbe16db6778",
            "arn": "arn:aws:ec2:ap-northeast-2:637423403127:instance/i-0e33b4d5419a45e25",
            "associate_public_ip_address": true,
            "availability_zone": "ap-northeast-2a",
            "capacity_reservation_specification": [
              {
                "capacity_reservation_preference": "open",
                "capacity_reservation_target": []
              }
            ],
            "cpu_core_count": 1,
            "cpu_options": [
              {
                "amd_sev_snp": "",
                "core_count": 1,
                "threads_per_core": 1
              }
            ],
            "cpu_threads_per_core": 1,
            "credit_specification": [
              {
                "cpu_credits": "standard"
              }
            ],
            "disable_api_stop": false,
            "disable_api_termination": false,
            "ebs_block_device": [],
            "ebs_optimized": false,
            "enclave_options": [
              {
                "enabled": false
              }
            ],
            "ephemeral_block_device": [],
            "get_password_data": false,
            "hibernation": false,
            "host_id": "",
            "host_resource_group_arn": null,
            "iam_instance_profile": "",
            "id": "i-0e33b4d5419a45e25",
            "instance_initiated_shutdown_behavior": "stop",
            "instance_lifecycle": "",
            "instance_market_options": [],
            "instance_state": "running",
            "instance_type": "t2.micro",
            "ipv6_address_count": 0,
            "ipv6_addresses": [],
            "key_name": "94102178-yunji-key",
            "launch_template": [],
            "maintenance_options": [
              {
                "auto_recovery": "default"
              }
            ],
            "metadata_options": [
              {
                "http_endpoint": "enabled",
                "http_protocol_ipv6": "disabled",
                "http_put_response_hop_limit": 2,
                "http_tokens": "required",
                "instance_metadata_tags": "disabled"
              }
            ],
            "monitoring": false,
            "network_interface": [],
            "outpost_arn": "",
            "password_data": "",
            "placement_group": "",
            "placement_partition_number": 0,
            "primary_network_interface_id": "eni-0fbe8e1c5f2566403",
            "private_dns": "ip-10-0-0-16.ap-northeast-2.compute.internal",
            "private_dns_name_options": [
              {
                "enable_resource_name_dns_a_record": false,
                "enable_resource_name_dns_aaaa_record": false,
                "hostname_type": "ip-name"
              }
            ],
            "private_ip": "10.0.0.16",
            "public_dns": "ec2-13-209-80-108.ap-northeast-2.compute.amazonaws.com",
            "public_ip": "13.209.80.108",
            "root_block_device": [
              {
                "delete_on_termination": true,
                "device_name": "/dev/xvda",
                "encrypted": false,
                "iops": 3000,
                "kms_key_id": "",
                "tags": {
                  "Name": "94102178-IaC-TFT-root-Bastion"
                },
                "tags_all": {
                  "Name": "94102178-IaC-TFT-root-Bastion",
                  "Owner": "94102178"
                },
                "throughput": 125,
                "volume_id": "vol-040a5b31742ea6cf4",
                "volume_size": 8,
                "volume_type": "gp3"
              }
            ],
            "secondary_private_ips": [],
            "security_groups": [],
            "source_dest_check": true,
            "spot_instance_request_id": "",
            "subnet_id": "subnet-078690ab33ea1ed46",
            "tags": {},
            "tags_all": {
              "Owner": "94102178"
            },
            "tenancy": "default",
            "timeouts": null,
            "user_data": null,
            "user_data_base64": null,
            "user_data_replace_on_change": false,
            "volume_tags": null,
            "vpc_security_group_ids": [
              "sg-0291e2704c136b1a5"
            ]
          },
          "sensitive_attributes": [],
          "private": "eyJlMmJmYjczMC1lY2FhLTExZTYtOGY4OC0zNDM2M2JjN2M0YzAiOnsiY3JlYXRlIjo2MDAwMDAwMDAwMDAsImRlbGV0ZSI6MTIwMDAwMDAwMDAwMCwicmVhZCI6OTAwMDAwMDAwMDAwLCJ1cGRhdGUiOjYwMDAwMDAwMDAwMH0sInNjaGVtYV92ZXJzaW9uIjoiMSJ9",
          "dependencies": [
            "aws_key_pair.key",
            "aws_security_group.bastion_sg",
            "aws_subnet.public_a",
            "aws_vpc.vpc",
            "tls_private_key.pk"
          ]
        }
      ]
    },
    {
      "mode": "managed",
      "type": "aws_instance",
      "name": "was_a",
      "provider": "provider[\"registry.terraform.io/hashicorp/aws\"]",
      "instances": [
        {
          "schema_version": 1,
          "attributes": {
            "ami": "ami-008d41dbe16db6778",
            "arn": "arn:aws:ec2:ap-northeast-2:637423403127:instance/i-0be5574c812c19d75",
            "associate_public_ip_address": false,
            "availability_zone": "ap-northeast-2a",
            "capacity_reservation_specification": [
              {
                "capacity_reservation_preference": "open",
                "capacity_reservation_target": []
              }
            ],
            "cpu_core_count": 1,
            "cpu_options": [
              {
                "amd_sev_snp": "",
                "core_count": 1,
                "threads_per_core": 1
              }
            ],
            "cpu_threads_per_core": 1,
            "credit_specification": [
              {
                "cpu_credits": "standard"
              }
            ],
            "disable_api_stop": false,
            "disable_api_termination": false,
            "ebs_block_device": [],
            "ebs_optimized": false,
            "enclave_options": [
              {
                "enabled": false
              }
            ],
            "ephemeral_block_device": [],
            "get_password_data": false,
            "hibernation": false,
            "host_id": "",
            "host_resource_group_arn": null,
            "iam_instance_profile": "",
            "id": "i-0be5574c812c19d75",
            "instance_initiated_shutdown_behavior": "stop",
            "instance_lifecycle": "",
            "instance_market_options": [],
            "instance_state": "running",
            "instance_type": "t2.micro",
            "ipv6_address_count": 0,
            "ipv6_addresses": [],
            "key_name": "94102178-yunji-key",
            "launch_template": [],
            "maintenance_options": [
              {
                "auto_recovery": "default"
              }
            ],
            "metadata_options": [
              {
                "http_endpoint": "enabled",
                "http_protocol_ipv6": "disabled",
                "http_put_response_hop_limit": 2,
                "http_tokens": "required",
                "instance_metadata_tags": "disabled"
              }
            ],
            "monitoring": false,
            "network_interface": [],
            "outpost_arn": "",
            "password_data": "",
            "placement_group": "",
            "placement_partition_number": 0,
            "primary_network_interface_id": "eni-0082e43b429f1fd9e",
            "private_dns": "ip-10-0-12-237.ap-northeast-2.compute.internal",
            "private_dns_name_options": [
              {
                "enable_resource_name_dns_a_record": false,
                "enable_resource_name_dns_aaaa_record": false,
                "hostname_type": "ip-name"
              }
            ],
            "private_ip": "10.0.12.237",
            "public_dns": "",
            "public_ip": "",
            "root_block_device": [
              {
                "delete_on_termination": true,
                "device_name": "/dev/xvda",
                "encrypted": false,
                "iops": 3000,
                "kms_key_id": "",
                "tags": {
                  "Name": "94102178-IaC-TFT-root-was-a"
                },
                "tags_all": {
                  "Name": "94102178-IaC-TFT-root-was-a",
                  "Owner": "94102178"
                },
                "throughput": 125,
                "volume_id": "vol-0e8a9d13c979575e2",
                "volume_size": 8,
                "volume_type": "gp3"
              }
            ],
            "secondary_private_ips": [],
            "security_groups": [],
            "source_dest_check": true,
            "spot_instance_request_id": "",
            "subnet_id": "subnet-0c03bd517d409e26f",
            "tags": {},
            "tags_all": {
              "Owner": "94102178"
            },
            "tenancy": "default",
            "timeouts": null,
            "user_data": null,
            "user_data_base64": null,
            "user_data_replace_on_change": false,
            "volume_tags": null,
            "vpc_security_group_ids": [
              "sg-01c3f8955eae931b3"
            ]
          },
          "sensitive_attributes": [],
          "private": "eyJlMmJmYjczMC1lY2FhLTExZTYtOGY4OC0zNDM2M2JjN2M0YzAiOnsiY3JlYXRlIjo2MDAwMDAwMDAwMDAsImRlbGV0ZSI6MTIwMDAwMDAwMDAwMCwicmVhZCI6OTAwMDAwMDAwMDAwLCJ1cGRhdGUiOjYwMDAwMDAwMDAwMH0sInNjaGVtYV92ZXJzaW9uIjoiMSJ9",
          "dependencies": [
            "aws_key_pair.key",
            "aws_security_group.alb_sg",
            "aws_security_group.bastion_sg",
            "aws_security_group.nlb_sg",
            "aws_security_group.was_sg",
            "aws_security_group.web_sg",
            "aws_subnet.was_private_a",
            "aws_vpc.vpc",
            "tls_private_key.pk"
          ]
        }
      ]
    },
    {
      "mode": "managed",
      "type": "aws_instance",
      "name": "was_c",
      "provider": "provider[\"registry.terraform.io/hashicorp/aws\"]",
      "instances": [
        {
          "schema_version": 1,
          "attributes": {
            "ami": "ami-008d41dbe16db6778",
            "arn": "arn:aws:ec2:ap-northeast-2:637423403127:instance/i-0e8a7d02f1a2b7229",
            "associate_public_ip_address": false,
            "availability_zone": "ap-northeast-2c",
            "capacity_reservation_specification": [
              {
                "capacity_reservation_preference": "open",
                "capacity_reservation_target": []
              }
            ],
            "cpu_core_count": 1,
            "cpu_options": [
              {
                "amd_sev_snp": "",
                "core_count": 1,
                "threads_per_core": 1
              }
            ],
            "cpu_threads_per_core": 1,
            "credit_specification": [
              {
                "cpu_credits": "standard"
              }
            ],
            "disable_api_stop": false,
            "disable_api_termination": false,
            "ebs_block_device": [],
            "ebs_optimized": false,
            "enclave_options": [
              {
                "enabled": false
              }
            ],
            "ephemeral_block_device": [],
            "get_password_data": false,
            "hibernation": false,
            "host_id": "",
            "host_resource_group_arn": null,
            "iam_instance_profile": "",
            "id": "i-0e8a7d02f1a2b7229",
            "instance_initiated_shutdown_behavior": "stop",
            "instance_lifecycle": "",
            "instance_market_options": [],
            "instance_state": "running",
            "instance_type": "t2.micro",
            "ipv6_address_count": 0,
            "ipv6_addresses": [],
            "key_name": "94102178-yunji-key",
            "launch_template": [],
            "maintenance_options": [
              {
                "auto_recovery": "default"
              }
            ],
            "metadata_options": [
              {
                "http_endpoint": "enabled",
                "http_protocol_ipv6": "disabled",
                "http_put_response_hop_limit": 2,
                "http_tokens": "required",
                "instance_metadata_tags": "disabled"
              }
            ],
            "monitoring": false,
            "network_interface": [],
            "outpost_arn": "",
            "password_data": "",
            "placement_group": "",
            "placement_partition_number": 0,
            "primary_network_interface_id": "eni-0a5de56a057c7cdcb",
            "private_dns": "ip-10-0-120-41.ap-northeast-2.compute.internal",
            "private_dns_name_options": [
              {
                "enable_resource_name_dns_a_record": false,
                "enable_resource_name_dns_aaaa_record": false,
                "hostname_type": "ip-name"
              }
            ],
            "private_ip": "10.0.120.41",
            "public_dns": "",
            "public_ip": "",
            "root_block_device": [
              {
                "delete_on_termination": true,
                "device_name": "/dev/xvda",
                "encrypted": false,
                "iops": 3000,
                "kms_key_id": "",
                "tags": {
                  "Name": "94102178-IaC-TFT-root-was-c"
                },
                "tags_all": {
                  "Name": "94102178-IaC-TFT-root-was-c",
                  "Owner": "94102178"
                },
                "throughput": 125,
                "volume_id": "vol-053177026278d4c96",
                "volume_size": 8,
                "volume_type": "gp3"
              }
            ],
            "secondary_private_ips": [],
            "security_groups": [],
            "source_dest_check": true,
            "spot_instance_request_id": "",
            "subnet_id": "subnet-06280cd5df6925c48",
            "tags": {},
            "tags_all": {
              "Owner": "94102178"
            },
            "tenancy": "default",
            "timeouts": null,
            "user_data": null,
            "user_data_base64": null,
            "user_data_replace_on_change": false,
            "volume_tags": null,
            "vpc_security_group_ids": [
              "sg-01c3f8955eae931b3"
            ]
          },
          "sensitive_attributes": [],
          "private": "eyJlMmJmYjczMC1lY2FhLTExZTYtOGY4OC0zNDM2M2JjN2M0YzAiOnsiY3JlYXRlIjo2MDAwMDAwMDAwMDAsImRlbGV0ZSI6MTIwMDAwMDAwMDAwMCwicmVhZCI6OTAwMDAwMDAwMDAwLCJ1cGRhdGUiOjYwMDAwMDAwMDAwMH0sInNjaGVtYV92ZXJzaW9uIjoiMSJ9",
          "dependencies": [
            "aws_key_pair.key",
            "aws_security_group.alb_sg",
            "aws_security_group.bastion_sg",
            "aws_security_group.nlb_sg",
            "aws_security_group.was_sg",
            "aws_security_group.web_sg",
            "aws_subnet.was_private_c",
            "aws_vpc.vpc",
            "tls_private_key.pk"
          ]
        }
      ]
    },
    {
      "mode": "managed",
      "type": "aws_instance",
      "name": "web_a",
      "provider": "provider[\"registry.terraform.io/hashicorp/aws\"]",
      "instances": [
        {
          "schema_version": 1,
          "attributes": {
            "ami": "ami-008d41dbe16db6778",
            "arn": "arn:aws:ec2:ap-northeast-2:637423403127:instance/i-07c7da63e153acec4",
            "associate_public_ip_address": false,
            "availability_zone": "ap-northeast-2a",
            "capacity_reservation_specification": [
              {
                "capacity_reservation_preference": "open",
                "capacity_reservation_target": []
              }
            ],
            "cpu_core_count": 1,
            "cpu_options": [
              {
                "amd_sev_snp": "",
                "core_count": 1,
                "threads_per_core": 1
              }
            ],
            "cpu_threads_per_core": 1,
            "credit_specification": [
              {
                "cpu_credits": "standard"
              }
            ],
            "disable_api_stop": false,
            "disable_api_termination": false,
            "ebs_block_device": [],
            "ebs_optimized": false,
            "enclave_options": [
              {
                "enabled": false
              }
            ],
            "ephemeral_block_device": [],
            "get_password_data": false,
            "hibernation": false,
            "host_id": "",
            "host_resource_group_arn": null,
            "iam_instance_profile": "",
            "id": "i-07c7da63e153acec4",
            "instance_initiated_shutdown_behavior": "stop",
            "instance_lifecycle": "",
            "instance_market_options": [],
            "instance_state": "running",
            "instance_type": "t2.micro",
            "ipv6_address_count": 0,
            "ipv6_addresses": [],
            "key_name": "94102178-yunji-key",
            "launch_template": [],
            "maintenance_options": [
              {
                "auto_recovery": "default"
              }
            ],
            "metadata_options": [
              {
                "http_endpoint": "enabled",
                "http_protocol_ipv6": "disabled",
                "http_put_response_hop_limit": 2,
                "http_tokens": "required",
                "instance_metadata_tags": "disabled"
              }
            ],
            "monitoring": false,
            "network_interface": [],
            "outpost_arn": "",
            "password_data": "",
            "placement_group": "",
            "placement_partition_number": 0,
            "primary_network_interface_id": "eni-087812cad86889619",
            "private_dns": "ip-10-0-11-113.ap-northeast-2.compute.internal",
            "private_dns_name_options": [
              {
                "enable_resource_name_dns_a_record": false,
                "enable_resource_name_dns_aaaa_record": false,
                "hostname_type": "ip-name"
              }
            ],
            "private_ip": "10.0.11.113",
            "public_dns": "",
            "public_ip": "",
            "root_block_device": [
              {
                "delete_on_termination": true,
                "device_name": "/dev/xvda",
                "encrypted": false,
                "iops": 3000,
                "kms_key_id": "",
                "tags": {
                  "Name": "94102178-IaC-TFT-root-web-a"
                },
                "tags_all": {
                  "Name": "94102178-IaC-TFT-root-web-a",
                  "Owner": "94102178"
                },
                "throughput": 125,
                "volume_id": "vol-0bcd1615d0f2e092e",
                "volume_size": 8,
                "volume_type": "gp3"
              }
            ],
            "secondary_private_ips": [],
            "security_groups": [],
            "source_dest_check": true,
            "spot_instance_request_id": "",
            "subnet_id": "subnet-0563e0657655f68e8",
            "tags": {},
            "tags_all": {
              "Owner": "94102178"
            },
            "tenancy": "default",
            "timeouts": null,
            "user_data": null,
            "user_data_base64": null,
            "user_data_replace_on_change": false,
            "volume_tags": null,
            "vpc_security_group_ids": [
              "sg-08f3526a6d707baff"
            ]
          },
          "sensitive_attributes": [],
          "private": "eyJlMmJmYjczMC1lY2FhLTExZTYtOGY4OC0zNDM2M2JjN2M0YzAiOnsiY3JlYXRlIjo2MDAwMDAwMDAwMDAsImRlbGV0ZSI6MTIwMDAwMDAwMDAwMCwicmVhZCI6OTAwMDAwMDAwMDAwLCJ1cGRhdGUiOjYwMDAwMDAwMDAwMH0sInNjaGVtYV92ZXJzaW9uIjoiMSJ9",
          "dependencies": [
            "aws_key_pair.key",
            "aws_security_group.alb_sg",
            "aws_security_group.bastion_sg",
            "aws_security_group.web_sg",
            "aws_subnet.web_private_a",
            "aws_vpc.vpc",
            "tls_private_key.pk"
          ]
        }
      ]
    },
    {
      "mode": "managed",
      "type": "aws_instance",
      "name": "web_c",
      "provider": "provider[\"registry.terraform.io/hashicorp/aws\"]",
      "instances": [
        {
          "schema_version": 1,
          "attributes": {
            "ami": "ami-008d41dbe16db6778",
            "arn": "arn:aws:ec2:ap-northeast-2:637423403127:instance/i-0bb563dd0d18676ba",
            "associate_public_ip_address": false,
            "availability_zone": "ap-northeast-2c",
            "capacity_reservation_specification": [
              {
                "capacity_reservation_preference": "open",
                "capacity_reservation_target": []
              }
            ],
            "cpu_core_count": 1,
            "cpu_options": [
              {
                "amd_sev_snp": "",
                "core_count": 1,
                "threads_per_core": 1
              }
            ],
            "cpu_threads_per_core": 1,
            "credit_specification": [
              {
                "cpu_credits": "standard"
              }
            ],
            "disable_api_stop": false,
            "disable_api_termination": false,
            "ebs_block_device": [],
            "ebs_optimized": false,
            "enclave_options": [
              {
                "enabled": false
              }
            ],
            "ephemeral_block_device": [],
            "get_password_data": false,
            "hibernation": false,
            "host_id": "",
            "host_resource_group_arn": null,
            "iam_instance_profile": "",
            "id": "i-0bb563dd0d18676ba",
            "instance_initiated_shutdown_behavior": "stop",
            "instance_lifecycle": "",
            "instance_market_options": [],
            "instance_state": "running",
            "instance_type": "t2.micro",
            "ipv6_address_count": 0,
            "ipv6_addresses": [],
            "key_name": "94102178-yunji-key",
            "launch_template": [],
            "maintenance_options": [
              {
                "auto_recovery": "default"
              }
            ],
            "metadata_options": [
              {
                "http_endpoint": "enabled",
                "http_protocol_ipv6": "disabled",
                "http_put_response_hop_limit": 2,
                "http_tokens": "required",
                "instance_metadata_tags": "disabled"
              }
            ],
            "monitoring": false,
            "network_interface": [],
            "outpost_arn": "",
            "password_data": "",
            "placement_group": "",
            "placement_partition_number": 0,
            "primary_network_interface_id": "eni-0831580f2b947f59a",
            "private_dns": "ip-10-0-110-115.ap-northeast-2.compute.internal",
            "private_dns_name_options": [
              {
                "enable_resource_name_dns_a_record": false,
                "enable_resource_name_dns_aaaa_record": false,
                "hostname_type": "ip-name"
              }
            ],
            "private_ip": "10.0.110.115",
            "public_dns": "",
            "public_ip": "",
            "root_block_device": [
              {
                "delete_on_termination": true,
                "device_name": "/dev/xvda",
                "encrypted": false,
                "iops": 3000,
                "kms_key_id": "",
                "tags": {
                  "Name": "94102178-IaC-TFT-root-web-c"
                },
                "tags_all": {
                  "Name": "94102178-IaC-TFT-root-web-c",
                  "Owner": "94102178"
                },
                "throughput": 125,
                "volume_id": "vol-0e1c2d56177036c09",
                "volume_size": 8,
                "volume_type": "gp3"
              }
            ],
            "secondary_private_ips": [],
            "security_groups": [],
            "source_dest_check": true,
            "spot_instance_request_id": "",
            "subnet_id": "subnet-0817592b7b12c70a3",
            "tags": {},
            "tags_all": {
              "Owner": "94102178"
            },
            "tenancy": "default",
            "timeouts": null,
            "user_data": null,
            "user_data_base64": null,
            "user_data_replace_on_change": false,
            "volume_tags": null,
            "vpc_security_group_ids": [
              "sg-08f3526a6d707baff"
            ]
          },
          "sensitive_attributes": [],
          "private": "eyJlMmJmYjczMC1lY2FhLTExZTYtOGY4OC0zNDM2M2JjN2M0YzAiOnsiY3JlYXRlIjo2MDAwMDAwMDAwMDAsImRlbGV0ZSI6MTIwMDAwMDAwMDAwMCwicmVhZCI6OTAwMDAwMDAwMDAwLCJ1cGRhdGUiOjYwMDAwMDAwMDAwMH0sInNjaGVtYV92ZXJzaW9uIjoiMSJ9",
          "dependencies": [
            "aws_key_pair.key",
            "aws_security_group.alb_sg",
            "aws_security_group.bastion_sg",
            "aws_security_group.web_sg",
            "aws_subnet.web_private_c",
            "aws_vpc.vpc",
            "tls_private_key.pk"
          ]
        }
      ]
    },
    {
      "mode": "managed",
      "type": "aws_internet_gateway",
      "name": "igw",
      "provider": "provider[\"registry.terraform.io/hashicorp/aws\"]",
      "instances": [
        {
          "schema_version": 0,
          "attributes": {
            "arn": "arn:aws:ec2:ap-northeast-2:637423403127:internet-gateway/igw-06c5441086a3db9b9",
            "id": "igw-06c5441086a3db9b9",
            "owner_id": "637423403127",
            "tags": {
              "Name": "94102178-IaC-TFT-igw"
            },
            "tags_all": {
              "Name": "94102178-IaC-TFT-igw",
              "Owner": "94102178"
            },
            "timeouts": null,
            "vpc_id": "vpc-0981d92a8a02d6682"
          },
          "sensitive_attributes": [],
          "private": "eyJlMmJmYjczMC1lY2FhLTExZTYtOGY4OC0zNDM2M2JjN2M0YzAiOnsiY3JlYXRlIjoxMjAwMDAwMDAwMDAwLCJkZWxldGUiOjEyMDAwMDAwMDAwMDAsInVwZGF0ZSI6MTIwMDAwMDAwMDAwMH19",
          "dependencies": [
            "aws_vpc.vpc"
          ]
        }
      ]
    },
    {
      "mode": "managed",
      "type": "aws_key_pair",
      "name": "key",
      "provider": "provider[\"registry.terraform.io/hashicorp/aws\"]",
      "instances": [
        {
          "schema_version": 1,
          "attributes": {
            "arn": "arn:aws:ec2:ap-northeast-2:637423403127:key-pair/94102178-yunji-key",
            "fingerprint": "5a:15:5a:5f:4c:5c:7c:38:26:12:6d:6c:7e:c3:a7:30",
            "id": "94102178-yunji-key",
            "key_name": "94102178-yunji-key",
            "key_name_prefix": "",
            "key_pair_id": "key-069efaea6df08cd0b",
            "key_type": "rsa",
            "public_key": "ssh-rsa AAAAB3NzaC1yc2EAAAADAQABAAACAQCzd0Ru+eUVbG2Pz0r9OU9hvXdhjN4wuY/Pb4uH9DBGHQFw7zyZXrOegALbidd6MdSK3xXsMjnAZk4CVm5xJ3CAjJVoECTaBDSVrNl3yqnqK9Hpj4f/4v6XV8FxRk2AwsG0VOkcjVMaDgKl1ujhHKA8N470lHAsVPeFR5tF7EtzJT25hHO+5Vy6wKfH6P6YaEH3wYqfRsizwS62ay6zILT3w83O/QFbj7FktML5PbYvMUdYt6fblzi4iW3rdxcUP8oMqwktABtMV5ZZNwNVVcaruJGBPsusyt2qrAcP1UV1nZL443UtW2MY88Mhuu+Wv6w6gY30/MX0hG4vEprIJMWlaYYQGN5qYla/jdT/3cXtqqXzpEbIZFT192xxk4EcJasWWPDK75vx9cq2CurLESoeTxZARXwiZ/DGTPPBYV8eANmnVQaWMv/uJDZVHhRSx5CKl9kTXaT6gYazUafZCO1QnTtu6K8BP9sa7xb709DaKI3ikp69ulSUPBHPfAaop2S0qglGSINNY3YGY8dwVFSrOki8Q7UV+HtWaoLj3MJGD18/gmL19DUuIfSjIB+bmpT4v4Z7BXm655VP8xweUtCvu0nr/uuQEiUMRjL+buKx8H5wuoZKp4CN8OmA155WWjjxv0LCfRVw9A7/myXRV5t7M86mxvOl3nB5b/7bjEWU3w==",
            "tags": {},
            "tags_all": {
              "Owner": "94102178"
            }
          },
          "sensitive_attributes": [],
          "private": "eyJzY2hlbWFfdmVyc2lvbiI6IjEifQ==",
          "dependencies": [
            "tls_private_key.pk"
          ]
        }
      ]
    },
    {
      "mode": "managed",
      "type": "aws_lb",
      "name": "alb",
      "provider": "provider[\"registry.terraform.io/hashicorp/aws\"]",
      "instances": [
        {
          "schema_version": 0,
          "attributes": {
            "access_logs": [
              {
                "bucket": "",
                "enabled": false,
                "prefix": ""
              }
            ],
            "arn": "arn:aws:elasticloadbalancing:ap-northeast-2:637423403127:loadbalancer/app/94102178-ALB/192837c553d0e24e",
            "arn_suffix": "app/94102178-ALB/192837c553d0e24e",
            "client_keep_alive": 3600,
            "connection_logs": [
              {
                "bucket": "",
                "enabled": false,
                "prefix": ""
              }
            ],
            "customer_owned_ipv4_pool": "",
            "desync_mitigation_mode": "defensive",
            "dns_name": "94102178-ALB-1362482776.ap-northeast-2.elb.amazonaws.com",
            "dns_record_client_routing_policy": null,
            "drop_invalid_header_fields": false,
            "enable_cross_zone_load_balancing": true,
            "enable_deletion_protection": false,
            "enable_http2": true,
            "enable_tls_version_and_cipher_suite_headers": false,
            "enable_waf_fail_open": false,
            "enable_xff_client_port": false,
            "enforce_security_group_inbound_rules_on_private_link_traffic": "",
            "id": "arn:aws:elasticloadbalancing:ap-northeast-2:637423403127:loadbalancer/app/94102178-ALB/192837c553d0e24e",
            "idle_timeout": 60,
            "internal": false,
            "ip_address_type": "ipv4",
            "load_balancer_type": "application",
            "name": "94102178-ALB",
            "name_prefix": "",
            "preserve_host_header": false,
            "security_groups": [
              "sg-04750c2c93f8ccd01"
            ],
            "subnet_mapping": [
              {
                "allocation_id": "",
                "ipv6_address": "",
                "outpost_id": "",
                "private_ipv4_address": "",
                "subnet_id": "subnet-078690ab33ea1ed46"
              },
              {
                "allocation_id": "",
                "ipv6_address": "",
                "outpost_id": "",
                "private_ipv4_address": "",
                "subnet_id": "subnet-0e58db4930ebc6a48"
              }
            ],
            "subnets": [
              "subnet-078690ab33ea1ed46",
              "subnet-0e58db4930ebc6a48"
            ],
            "tags": {
              "Name": "94102178-ALB"
            },
            "tags_all": {
              "Name": "94102178-ALB",
              "Owner": "94102178"
            },
            "timeouts": null,
            "vpc_id": "vpc-0981d92a8a02d6682",
            "xff_header_processing_mode": "append",
            "zone_id": "ZWKZPGTI48KDX"
          },
          "sensitive_attributes": [],
          "private": "eyJlMmJmYjczMC1lY2FhLTExZTYtOGY4OC0zNDM2M2JjN2M0YzAiOnsiY3JlYXRlIjo2MDAwMDAwMDAwMDAsImRlbGV0ZSI6NjAwMDAwMDAwMDAwLCJ1cGRhdGUiOjYwMDAwMDAwMDAwMH19",
          "dependencies": [
            "aws_security_group.alb_sg",
            "aws_subnet.public_a",
            "aws_subnet.public_c",
            "aws_vpc.vpc"
          ]
        }
      ]
    },
    {
      "mode": "managed",
      "type": "aws_lb",
      "name": "nlb",
      "provider": "provider[\"registry.terraform.io/hashicorp/aws\"]",
      "instances": [
        {
          "schema_version": 0,
          "attributes": {
            "access_logs": [
              {
                "bucket": "",
                "enabled": false,
                "prefix": ""
              }
            ],
            "arn": "arn:aws:elasticloadbalancing:ap-northeast-2:637423403127:loadbalancer/net/94102178-NLB/7ac5e8617ec287d1",
            "arn_suffix": "net/94102178-NLB/7ac5e8617ec287d1",
            "client_keep_alive": null,
            "connection_logs": [],
            "customer_owned_ipv4_pool": "",
            "desync_mitigation_mode": null,
            "dns_name": "94102178-NLB-7ac5e8617ec287d1.elb.ap-northeast-2.amazonaws.com",
            "dns_record_client_routing_policy": "any_availability_zone",
            "drop_invalid_header_fields": null,
            "enable_cross_zone_load_balancing": false,
            "enable_deletion_protection": false,
            "enable_http2": null,
            "enable_tls_version_and_cipher_suite_headers": null,
            "enable_waf_fail_open": null,
            "enable_xff_client_port": null,
            "enforce_security_group_inbound_rules_on_private_link_traffic": "",
            "id": "arn:aws:elasticloadbalancing:ap-northeast-2:637423403127:loadbalancer/net/94102178-NLB/7ac5e8617ec287d1",
            "idle_timeout": null,
            "internal": true,
            "ip_address_type": "ipv4",
            "load_balancer_type": "network",
            "name": "94102178-NLB",
            "name_prefix": "",
            "preserve_host_header": null,
            "security_groups": [],
            "subnet_mapping": [
              {
                "allocation_id": "",
                "ipv6_address": "",
                "outpost_id": "",
                "private_ipv4_address": "",
                "subnet_id": "subnet-06280cd5df6925c48"
              },
              {
                "allocation_id": "",
                "ipv6_address": "",
                "outpost_id": "",
                "private_ipv4_address": "",
                "subnet_id": "subnet-0c03bd517d409e26f"
              }
            ],
            "subnets": [
              "subnet-06280cd5df6925c48",
              "subnet-0c03bd517d409e26f"
            ],
            "tags": {
              "Name": "94102178-NLB"
            },
            "tags_all": {
              "Name": "94102178-NLB",
              "Owner": "94102178"
            },
            "timeouts": null,
            "vpc_id": "vpc-0981d92a8a02d6682",
            "xff_header_processing_mode": null,
            "zone_id": "ZIBE1TIR4HY56"
          },
          "sensitive_attributes": [],
          "private": "eyJlMmJmYjczMC1lY2FhLTExZTYtOGY4OC0zNDM2M2JjN2M0YzAiOnsiY3JlYXRlIjo2MDAwMDAwMDAwMDAsImRlbGV0ZSI6NjAwMDAwMDAwMDAwLCJ1cGRhdGUiOjYwMDAwMDAwMDAwMH19",
          "dependencies": [
            "aws_subnet.was_private_a",
            "aws_subnet.was_private_c",
            "aws_vpc.vpc"
          ]
        }
      ]
    },
    {
      "mode": "managed",
      "type": "aws_lb_listener",
      "name": "alb_listener",
      "provider": "provider[\"registry.terraform.io/hashicorp/aws\"]",
      "instances": [
        {
          "schema_version": 0,
          "attributes": {
            "alpn_policy": null,
            "arn": "arn:aws:elasticloadbalancing:ap-northeast-2:637423403127:listener/app/94102178-ALB/192837c553d0e24e/a1b83b5f81ad4426",
            "certificate_arn": null,
            "default_action": [
              {
                "authenticate_cognito": [],
                "authenticate_oidc": [],
                "fixed_response": [
                  {
                    "content_type": "text/plain",
                    "message_body": "404: page not found/n",
                    "status_code": "404"
                  }
                ],
                "forward": [],
                "order": 1,
                "redirect": [],
                "target_group_arn": "",
                "type": "fixed-response"
              }
            ],
            "id": "arn:aws:elasticloadbalancing:ap-northeast-2:637423403127:listener/app/94102178-ALB/192837c553d0e24e/a1b83b5f81ad4426",
            "load_balancer_arn": "arn:aws:elasticloadbalancing:ap-northeast-2:637423403127:loadbalancer/app/94102178-ALB/192837c553d0e24e",
            "mutual_authentication": [],
            "port": 80,
            "protocol": "HTTP",
            "ssl_policy": "",
            "tags": {},
            "tags_all": {
              "Owner": "94102178"
            },
            "timeouts": null
          },
          "sensitive_attributes": [],
          "private": "eyJlMmJmYjczMC1lY2FhLTExZTYtOGY4OC0zNDM2M2JjN2M0YzAiOnsiY3JlYXRlIjozMDAwMDAwMDAwMDAsInVwZGF0ZSI6MzAwMDAwMDAwMDAwfX0=",
          "dependencies": [
            "aws_lb.alb",
            "aws_security_group.alb_sg",
            "aws_subnet.public_a",
            "aws_subnet.public_c",
            "aws_vpc.vpc"
          ]
        }
      ]
    },
    {
      "mode": "managed",
      "type": "aws_lb_listener",
      "name": "nlb_listener",
      "provider": "provider[\"registry.terraform.io/hashicorp/aws\"]",
      "instances": [
        {
          "schema_version": 0,
          "attributes": {
            "alpn_policy": null,
            "arn": "arn:aws:elasticloadbalancing:ap-northeast-2:637423403127:listener/net/94102178-NLB/7ac5e8617ec287d1/a85a43acdb494cb6",
            "certificate_arn": null,
            "default_action": [
              {
                "authenticate_cognito": [],
                "authenticate_oidc": [],
                "fixed_response": [],
                "forward": [],
                "order": 1,
                "redirect": [],
                "target_group_arn": "arn:aws:elasticloadbalancing:ap-northeast-2:637423403127:targetgroup/94102178-nlb-tg/9704fc756d27585c",
                "type": "forward"
              }
            ],
            "id": "arn:aws:elasticloadbalancing:ap-northeast-2:637423403127:listener/net/94102178-NLB/7ac5e8617ec287d1/a85a43acdb494cb6",
            "load_balancer_arn": "arn:aws:elasticloadbalancing:ap-northeast-2:637423403127:loadbalancer/net/94102178-NLB/7ac5e8617ec287d1",
            "mutual_authentication": [],
            "port": 8080,
            "protocol": "TCP",
            "ssl_policy": "",
            "tags": {},
            "tags_all": {
              "Owner": "94102178"
            },
            "timeouts": null
          },
          "sensitive_attributes": [],
          "private": "eyJlMmJmYjczMC1lY2FhLTExZTYtOGY4OC0zNDM2M2JjN2M0YzAiOnsiY3JlYXRlIjozMDAwMDAwMDAwMDAsInVwZGF0ZSI6MzAwMDAwMDAwMDAwfX0=",
          "dependencies": [
            "aws_lb.nlb",
            "aws_lb_target_group.nlb_tg",
            "aws_subnet.was_private_a",
            "aws_subnet.was_private_c",
            "aws_vpc.vpc"
          ]
        }
      ]
    },
    {
      "mode": "managed",
      "type": "aws_lb_listener_rule",
      "name": "alb_listener_rule",
      "provider": "provider[\"registry.terraform.io/hashicorp/aws\"]",
      "instances": [
        {
          "schema_version": 0,
          "attributes": {
            "action": [
              {
                "authenticate_cognito": [],
                "authenticate_oidc": [],
                "fixed_response": [],
                "forward": [],
                "order": 1,
                "redirect": [],
                "target_group_arn": "arn:aws:elasticloadbalancing:ap-northeast-2:637423403127:targetgroup/94102178-alb-tg/a0715b17923f194a",
                "type": "forward"
              }
            ],
            "arn": "arn:aws:elasticloadbalancing:ap-northeast-2:637423403127:listener-rule/app/94102178-ALB/192837c553d0e24e/a1b83b5f81ad4426/82e86376e84c05d6",
            "condition": [
              {
                "host_header": [],
                "http_header": [],
                "http_request_method": [],
                "path_pattern": [
                  {
                    "values": [
                      "*"
                    ]
                  }
                ],
                "query_string": [],
                "source_ip": []
              }
            ],
            "id": "arn:aws:elasticloadbalancing:ap-northeast-2:637423403127:listener-rule/app/94102178-ALB/192837c553d0e24e/a1b83b5f81ad4426/82e86376e84c05d6",
            "listener_arn": "arn:aws:elasticloadbalancing:ap-northeast-2:637423403127:listener/app/94102178-ALB/192837c553d0e24e/a1b83b5f81ad4426",
            "priority": 100,
            "tags": {},
            "tags_all": {
              "Owner": "94102178"
            }
          },
          "sensitive_attributes": [],
          "private": "bnVsbA==",
          "dependencies": [
            "aws_lb.alb",
            "aws_lb_listener.alb_listener",
            "aws_lb_target_group.alb_tg",
            "aws_security_group.alb_sg",
            "aws_subnet.public_a",
            "aws_subnet.public_c",
            "aws_vpc.vpc"
          ]
        }
      ]
    },
    {
      "mode": "managed",
      "type": "aws_lb_target_group",
      "name": "alb_tg",
      "provider": "provider[\"registry.terraform.io/hashicorp/aws\"]",
      "instances": [
        {
          "schema_version": 0,
          "attributes": {
            "arn": "arn:aws:elasticloadbalancing:ap-northeast-2:637423403127:targetgroup/94102178-alb-tg/a0715b17923f194a",
            "arn_suffix": "targetgroup/94102178-alb-tg/a0715b17923f194a",
            "connection_termination": null,
            "deregistration_delay": "0",
            "health_check": [
              {
                "enabled": true,
                "healthy_threshold": 3,
                "interval": 30,
                "matcher": "200",
                "path": "/",
                "port": "traffic-port",
                "protocol": "HTTP",
                "timeout": 5,
                "unhealthy_threshold": 2
              }
            ],
            "id": "arn:aws:elasticloadbalancing:ap-northeast-2:637423403127:targetgroup/94102178-alb-tg/a0715b17923f194a",
            "ip_address_type": "ipv4",
            "lambda_multi_value_headers_enabled": false,
            "load_balancer_arns": [
              "arn:aws:elasticloadbalancing:ap-northeast-2:637423403127:loadbalancer/app/94102178-ALB/192837c553d0e24e"
            ],
            "load_balancing_algorithm_type": "round_robin",
            "load_balancing_anomaly_mitigation": "off",
            "load_balancing_cross_zone_enabled": "use_load_balancer_configuration",
            "name": "94102178-alb-tg",
            "name_prefix": "",
            "port": 80,
            "preserve_client_ip": null,
            "protocol": "HTTP",
            "protocol_version": "HTTP1",
            "proxy_protocol_v2": false,
            "slow_start": 0,
            "stickiness": [
              {
                "cookie_duration": 86400,
                "cookie_name": "",
                "enabled": false,
                "type": "lb_cookie"
              }
            ],
            "tags": {},
            "tags_all": {
              "Owner": "94102178"
            },
            "target_failover": [
              {
                "on_deregistration": null,
                "on_unhealthy": null
              }
            ],
            "target_group_health": [
              {
                "dns_failover": [
                  {
                    "minimum_healthy_targets_count": "1",
                    "minimum_healthy_targets_percentage": "off"
                  }
                ],
                "unhealthy_state_routing": [
                  {
                    "minimum_healthy_targets_count": 1,
                    "minimum_healthy_targets_percentage": "off"
                  }
                ]
              }
            ],
            "target_health_state": [
              {
                "enable_unhealthy_connection_termination": null
              }
            ],
            "target_type": "instance",
            "vpc_id": "vpc-0981d92a8a02d6682"
          },
          "sensitive_attributes": [],
          "private": "bnVsbA==",
          "dependencies": [
            "aws_vpc.vpc"
          ]
        }
      ]
    },
    {
      "mode": "managed",
      "type": "aws_lb_target_group",
      "name": "nlb_tg",
      "provider": "provider[\"registry.terraform.io/hashicorp/aws\"]",
      "instances": [
        {
          "schema_version": 0,
          "attributes": {
            "arn": "arn:aws:elasticloadbalancing:ap-northeast-2:637423403127:targetgroup/94102178-nlb-tg/9704fc756d27585c",
            "arn_suffix": "targetgroup/94102178-nlb-tg/9704fc756d27585c",
            "connection_termination": false,
            "deregistration_delay": "300",
            "health_check": [
              {
                "enabled": true,
                "healthy_threshold": 5,
                "interval": 30,
                "matcher": "",
                "path": "",
                "port": "traffic-port",
                "protocol": "TCP",
                "timeout": 10,
                "unhealthy_threshold": 2
              }
            ],
            "id": "arn:aws:elasticloadbalancing:ap-northeast-2:637423403127:targetgroup/94102178-nlb-tg/9704fc756d27585c",
            "ip_address_type": "ipv4",
            "lambda_multi_value_headers_enabled": false,
            "load_balancer_arns": [
              "arn:aws:elasticloadbalancing:ap-northeast-2:637423403127:loadbalancer/net/94102178-NLB/7ac5e8617ec287d1"
            ],
            "load_balancing_algorithm_type": null,
            "load_balancing_anomaly_mitigation": null,
            "load_balancing_cross_zone_enabled": "use_load_balancer_configuration",
            "name": "94102178-nlb-tg",
            "name_prefix": "",
            "port": 8080,
            "preserve_client_ip": "true",
            "protocol": "TCP",
            "protocol_version": null,
            "proxy_protocol_v2": false,
            "slow_start": 0,
            "stickiness": [
              {
                "cookie_duration": 0,
                "cookie_name": "",
                "enabled": false,
                "type": "source_ip"
              }
            ],
            "tags": {},
            "tags_all": {
              "Owner": "94102178"
            },
            "target_failover": [
              {
                "on_deregistration": null,
                "on_unhealthy": null
              }
            ],
            "target_group_health": [
              {
                "dns_failover": [
                  {
                    "minimum_healthy_targets_count": "1",
                    "minimum_healthy_targets_percentage": "off"
                  }
                ],
                "unhealthy_state_routing": [
                  {
                    "minimum_healthy_targets_count": 1,
                    "minimum_healthy_targets_percentage": "off"
                  }
                ]
              }
            ],
            "target_health_state": [
              {
                "enable_unhealthy_connection_termination": true
              }
            ],
            "target_type": "instance",
            "vpc_id": "vpc-0981d92a8a02d6682"
          },
          "sensitive_attributes": [],
          "private": "bnVsbA==",
          "dependencies": [
            "aws_vpc.vpc"
          ]
        }
      ]
    },
    {
      "mode": "managed",
      "type": "aws_lb_target_group_attachment",
      "name": "alb_target1",
      "provider": "provider[\"registry.terraform.io/hashicorp/aws\"]",
      "instances": [
        {
          "schema_version": 0,
          "attributes": {
            "availability_zone": null,
            "id": "arn:aws:elasticloadbalancing:ap-northeast-2:637423403127:targetgroup/94102178-alb-tg/a0715b17923f194a-2024090408335912400000000a",
            "port": 80,
            "target_group_arn": "arn:aws:elasticloadbalancing:ap-northeast-2:637423403127:targetgroup/94102178-alb-tg/a0715b17923f194a",
            "target_id": "i-07c7da63e153acec4"
          },
          "sensitive_attributes": [],
          "private": "bnVsbA==",
          "dependencies": [
            "aws_instance.web_a",
            "aws_key_pair.key",
            "aws_lb_target_group.alb_tg",
            "aws_security_group.alb_sg",
            "aws_security_group.bastion_sg",
            "aws_security_group.web_sg",
            "aws_subnet.web_private_a",
            "aws_vpc.vpc",
            "tls_private_key.pk"
          ]
        }
      ]
    },
    {
      "mode": "managed",
      "type": "aws_lb_target_group_attachment",
      "name": "alb_target2",
      "provider": "provider[\"registry.terraform.io/hashicorp/aws\"]",
      "instances": [
        {
          "schema_version": 0,
          "attributes": {
            "availability_zone": null,
            "id": "arn:aws:elasticloadbalancing:ap-northeast-2:637423403127:targetgroup/94102178-alb-tg/a0715b17923f194a-20240904083348838700000008",
            "port": 80,
            "target_group_arn": "arn:aws:elasticloadbalancing:ap-northeast-2:637423403127:targetgroup/94102178-alb-tg/a0715b17923f194a",
            "target_id": "i-0bb563dd0d18676ba"
          },
          "sensitive_attributes": [],
          "private": "bnVsbA==",
          "dependencies": [
            "aws_instance.web_c",
            "aws_key_pair.key",
            "aws_lb_target_group.alb_tg",
            "aws_security_group.alb_sg",
            "aws_security_group.bastion_sg",
            "aws_security_group.web_sg",
            "aws_subnet.web_private_c",
            "aws_vpc.vpc",
            "tls_private_key.pk"
          ]
        }
      ]
    },
    {
      "mode": "managed",
      "type": "aws_lb_target_group_attachment",
      "name": "nlb_target1",
      "provider": "provider[\"registry.terraform.io/hashicorp/aws\"]",
      "instances": [
        {
          "schema_version": 0,
          "attributes": {
            "availability_zone": null,
            "id": "arn:aws:elasticloadbalancing:ap-northeast-2:637423403127:targetgroup/94102178-nlb-tg/9704fc756d27585c-2024090408340387120000000b",
            "port": 8080,
            "target_group_arn": "arn:aws:elasticloadbalancing:ap-northeast-2:637423403127:targetgroup/94102178-nlb-tg/9704fc756d27585c",
            "target_id": "i-0be5574c812c19d75"
          },
          "sensitive_attributes": [],
          "private": "bnVsbA==",
          "dependencies": [
            "aws_instance.was_a",
            "aws_key_pair.key",
            "aws_lb_target_group.nlb_tg",
            "aws_security_group.alb_sg",
            "aws_security_group.bastion_sg",
            "aws_security_group.nlb_sg",
            "aws_security_group.was_sg",
            "aws_security_group.web_sg",
            "aws_subnet.was_private_a",
            "aws_vpc.vpc",
            "tls_private_key.pk"
          ]
        }
      ]
    },
    {
      "mode": "managed",
      "type": "aws_lb_target_group_attachment",
      "name": "nlb_target2",
      "provider": "provider[\"registry.terraform.io/hashicorp/aws\"]",
      "instances": [
        {
          "schema_version": 0,
          "attributes": {
            "availability_zone": null,
            "id": "arn:aws:elasticloadbalancing:ap-northeast-2:637423403127:targetgroup/94102178-nlb-tg/9704fc756d27585c-20240904083353860700000009",
            "port": 8080,
            "target_group_arn": "arn:aws:elasticloadbalancing:ap-northeast-2:637423403127:targetgroup/94102178-nlb-tg/9704fc756d27585c",
            "target_id": "i-0e8a7d02f1a2b7229"
          },
          "sensitive_attributes": [],
          "private": "bnVsbA==",
          "dependencies": [
            "aws_instance.was_c",
            "aws_key_pair.key",
            "aws_lb_target_group.nlb_tg",
            "aws_security_group.alb_sg",
            "aws_security_group.bastion_sg",
            "aws_security_group.nlb_sg",
            "aws_security_group.was_sg",
            "aws_security_group.web_sg",
            "aws_subnet.was_private_c",
            "aws_vpc.vpc",
            "tls_private_key.pk"
          ]
        }
      ]
    },
    {
      "mode": "managed",
      "type": "aws_nat_gateway",
      "name": "nat_gw",
      "provider": "provider[\"registry.terraform.io/hashicorp/aws\"]",
      "instances": [
        {
          "schema_version": 0,
          "attributes": {
            "allocation_id": "eipalloc-0b5b8899c3f94b53b",
            "association_id": "eipassoc-0274bff30063e5008",
            "connectivity_type": "public",
            "id": "nat-02c13fa109eb2ff54",
            "network_interface_id": "eni-0597c57b53e8ad0bf",
            "private_ip": "10.0.0.119",
            "public_ip": "3.34.64.183",
            "secondary_allocation_ids": [],
            "secondary_private_ip_address_count": 0,
            "secondary_private_ip_addresses": [],
            "subnet_id": "subnet-078690ab33ea1ed46",
            "tags": {
              "Name": "94102178-IaC-TFT-ngw"
            },
            "tags_all": {
              "Name": "94102178-IaC-TFT-ngw",
              "Owner": "94102178"
            },
            "timeouts": null
          },
          "sensitive_attributes": [],
          "private": "eyJlMmJmYjczMC1lY2FhLTExZTYtOGY4OC0zNDM2M2JjN2M0YzAiOnsiY3JlYXRlIjo2MDAwMDAwMDAwMDAsImRlbGV0ZSI6MTgwMDAwMDAwMDAwMCwidXBkYXRlIjo2MDAwMDAwMDAwMDB9fQ==",
          "dependencies": [
            "aws_subnet.public_a",
            "aws_vpc.vpc"
          ]
        }
      ]
    },
    {
      "mode": "managed",
      "type": "aws_route_table",
      "name": "public_rt",
      "provider": "provider[\"registry.terraform.io/hashicorp/aws\"]",
      "instances": [
        {
          "schema_version": 0,
          "attributes": {
            "arn": "arn:aws:ec2:ap-northeast-2:637423403127:route-table/rtb-092b6560f134f368a",
            "id": "rtb-092b6560f134f368a",
            "owner_id": "637423403127",
            "propagating_vgws": [],
            "route": [
              {
                "carrier_gateway_id": "",
                "cidr_block": "0.0.0.0/0",
                "core_network_arn": "",
                "destination_prefix_list_id": "",
                "egress_only_gateway_id": "",
                "gateway_id": "igw-06c5441086a3db9b9",
                "ipv6_cidr_block": "",
                "local_gateway_id": "",
                "nat_gateway_id": "",
                "network_interface_id": "",
                "transit_gateway_id": "",
                "vpc_endpoint_id": "",
                "vpc_peering_connection_id": ""
              }
            ],
            "tags": {
              "Name": "94102178-IaC-TFT-rt-public"
            },
            "tags_all": {
              "Name": "94102178-IaC-TFT-rt-public",
              "Owner": "94102178"
            },
            "timeouts": null,
            "vpc_id": "vpc-0981d92a8a02d6682"
          },
          "sensitive_attributes": [],
          "private": "eyJlMmJmYjczMC1lY2FhLTExZTYtOGY4OC0zNDM2M2JjN2M0YzAiOnsiY3JlYXRlIjozMDAwMDAwMDAwMDAsImRlbGV0ZSI6MzAwMDAwMDAwMDAwLCJ1cGRhdGUiOjEyMDAwMDAwMDAwMH19",
          "dependencies": [
            "aws_internet_gateway.igw",
            "aws_vpc.vpc"
          ]
        }
      ]
    },
    {
      "mode": "managed",
      "type": "aws_route_table",
      "name": "was_private_rt",
      "provider": "provider[\"registry.terraform.io/hashicorp/aws\"]",
      "instances": [
        {
          "schema_version": 0,
          "attributes": {
            "arn": "arn:aws:ec2:ap-northeast-2:637423403127:route-table/rtb-0decab9bc2d9fb6f9",
            "id": "rtb-0decab9bc2d9fb6f9",
            "owner_id": "637423403127",
            "propagating_vgws": [],
            "route": [
              {
                "carrier_gateway_id": "",
                "cidr_block": "0.0.0.0/0",
                "core_network_arn": "",
                "destination_prefix_list_id": "",
                "egress_only_gateway_id": "",
                "gateway_id": "nat-02c13fa109eb2ff54",
                "ipv6_cidr_block": "",
                "local_gateway_id": "",
                "nat_gateway_id": "",
                "network_interface_id": "",
                "transit_gateway_id": "",
                "vpc_endpoint_id": "",
                "vpc_peering_connection_id": ""
              }
            ],
            "tags": {
              "Name": "94102178-IaC-TFT-was-rt-private"
            },
            "tags_all": {
              "Name": "94102178-IaC-TFT-was-rt-private",
              "Owner": "94102178"
            },
            "timeouts": null,
            "vpc_id": "vpc-0981d92a8a02d6682"
          },
          "sensitive_attributes": [],
          "private": "eyJlMmJmYjczMC1lY2FhLTExZTYtOGY4OC0zNDM2M2JjN2M0YzAiOnsiY3JlYXRlIjozMDAwMDAwMDAwMDAsImRlbGV0ZSI6MzAwMDAwMDAwMDAwLCJ1cGRhdGUiOjEyMDAwMDAwMDAwMH19",
          "dependencies": [
            "aws_nat_gateway.nat_gw",
            "aws_subnet.public_a",
            "aws_vpc.vpc"
          ]
        }
      ]
    },
    {
      "mode": "managed",
      "type": "aws_route_table",
      "name": "web_private_rt",
      "provider": "provider[\"registry.terraform.io/hashicorp/aws\"]",
      "instances": [
        {
          "schema_version": 0,
          "attributes": {
            "arn": "arn:aws:ec2:ap-northeast-2:637423403127:route-table/rtb-08e9873d34c6874e9",
            "id": "rtb-08e9873d34c6874e9",
            "owner_id": "637423403127",
            "propagating_vgws": [],
            "route": [
              {
                "carrier_gateway_id": "",
                "cidr_block": "0.0.0.0/0",
                "core_network_arn": "",
                "destination_prefix_list_id": "",
                "egress_only_gateway_id": "",
                "gateway_id": "nat-02c13fa109eb2ff54",
                "ipv6_cidr_block": "",
                "local_gateway_id": "",
                "nat_gateway_id": "",
                "network_interface_id": "",
                "transit_gateway_id": "",
                "vpc_endpoint_id": "",
                "vpc_peering_connection_id": ""
              }
            ],
            "tags": {
              "Name": "94102178-IaC-TFT-web-rt-private"
            },
            "tags_all": {
              "Name": "94102178-IaC-TFT-web-rt-private",
              "Owner": "94102178"
            },
            "timeouts": null,
            "vpc_id": "vpc-0981d92a8a02d6682"
          },
          "sensitive_attributes": [],
          "private": "eyJlMmJmYjczMC1lY2FhLTExZTYtOGY4OC0zNDM2M2JjN2M0YzAiOnsiY3JlYXRlIjozMDAwMDAwMDAwMDAsImRlbGV0ZSI6MzAwMDAwMDAwMDAwLCJ1cGRhdGUiOjEyMDAwMDAwMDAwMH19",
          "dependencies": [
            "aws_nat_gateway.nat_gw",
            "aws_subnet.public_a",
            "aws_vpc.vpc"
          ]
        }
      ]
    },
    {
      "mode": "managed",
      "type": "aws_route_table_association",
      "name": "public_a",
      "provider": "provider[\"registry.terraform.io/hashicorp/aws\"]",
      "instances": [
        {
          "schema_version": 0,
          "attributes": {
            "gateway_id": "",
            "id": "rtbassoc-07006de72c3b934cf",
            "route_table_id": "rtb-092b6560f134f368a",
            "subnet_id": "subnet-078690ab33ea1ed46",
            "timeouts": null
          },
          "sensitive_attributes": [],
          "private": "eyJlMmJmYjczMC1lY2FhLTExZTYtOGY4OC0zNDM2M2JjN2M0YzAiOnsiY3JlYXRlIjozMDAwMDAwMDAwMDAsImRlbGV0ZSI6MzAwMDAwMDAwMDAwLCJ1cGRhdGUiOjEyMDAwMDAwMDAwMH19",
          "dependencies": [
            "aws_internet_gateway.igw",
            "aws_route_table.public_rt",
            "aws_subnet.public_a",
            "aws_vpc.vpc"
          ]
        }
      ]
    },
    {
      "mode": "managed",
      "type": "aws_route_table_association",
      "name": "public_c",
      "provider": "provider[\"registry.terraform.io/hashicorp/aws\"]",
      "instances": [
        {
          "schema_version": 0,
          "attributes": {
            "gateway_id": "",
            "id": "rtbassoc-03067d3d3b9c1f86e",
            "route_table_id": "rtb-092b6560f134f368a",
            "subnet_id": "subnet-0e58db4930ebc6a48",
            "timeouts": null
          },
          "sensitive_attributes": [],
          "private": "eyJlMmJmYjczMC1lY2FhLTExZTYtOGY4OC0zNDM2M2JjN2M0YzAiOnsiY3JlYXRlIjozMDAwMDAwMDAwMDAsImRlbGV0ZSI6MzAwMDAwMDAwMDAwLCJ1cGRhdGUiOjEyMDAwMDAwMDAwMH19",
          "dependencies": [
            "aws_internet_gateway.igw",
            "aws_route_table.public_rt",
            "aws_subnet.public_c",
            "aws_vpc.vpc"
          ]
        }
      ]
    },
    {
      "mode": "managed",
      "type": "aws_route_table_association",
      "name": "was_private_a",
      "provider": "provider[\"registry.terraform.io/hashicorp/aws\"]",
      "instances": [
        {
          "schema_version": 0,
          "attributes": {
            "gateway_id": "",
            "id": "rtbassoc-0e05e88171c896c95",
            "route_table_id": "rtb-0decab9bc2d9fb6f9",
            "subnet_id": "subnet-0c03bd517d409e26f",
            "timeouts": null
          },
          "sensitive_attributes": [],
          "private": "eyJlMmJmYjczMC1lY2FhLTExZTYtOGY4OC0zNDM2M2JjN2M0YzAiOnsiY3JlYXRlIjozMDAwMDAwMDAwMDAsImRlbGV0ZSI6MzAwMDAwMDAwMDAwLCJ1cGRhdGUiOjEyMDAwMDAwMDAwMH19",
          "dependencies": [
            "aws_nat_gateway.nat_gw",
            "aws_route_table.was_private_rt",
            "aws_subnet.public_a",
            "aws_subnet.was_private_a",
            "aws_vpc.vpc"
          ]
        }
      ]
    },
    {
      "mode": "managed",
      "type": "aws_route_table_association",
      "name": "was_private_c",
      "provider": "provider[\"registry.terraform.io/hashicorp/aws\"]",
      "instances": [
        {
          "schema_version": 0,
          "attributes": {
            "gateway_id": "",
            "id": "rtbassoc-09fac397d7a80a8b6",
            "route_table_id": "rtb-0decab9bc2d9fb6f9",
            "subnet_id": "subnet-06280cd5df6925c48",
            "timeouts": null
          },
          "sensitive_attributes": [],
          "private": "eyJlMmJmYjczMC1lY2FhLTExZTYtOGY4OC0zNDM2M2JjN2M0YzAiOnsiY3JlYXRlIjozMDAwMDAwMDAwMDAsImRlbGV0ZSI6MzAwMDAwMDAwMDAwLCJ1cGRhdGUiOjEyMDAwMDAwMDAwMH19",
          "dependencies": [
            "aws_nat_gateway.nat_gw",
            "aws_route_table.was_private_rt",
            "aws_subnet.public_a",
            "aws_subnet.was_private_c",
            "aws_vpc.vpc"
          ]
        }
      ]
    },
    {
      "mode": "managed",
      "type": "aws_route_table_association",
      "name": "web_private_a",
      "provider": "provider[\"registry.terraform.io/hashicorp/aws\"]",
      "instances": [
        {
          "schema_version": 0,
          "attributes": {
            "gateway_id": "",
            "id": "rtbassoc-065d2a454cea4afc5",
            "route_table_id": "rtb-08e9873d34c6874e9",
            "subnet_id": "subnet-0563e0657655f68e8",
            "timeouts": null
          },
          "sensitive_attributes": [],
          "private": "eyJlMmJmYjczMC1lY2FhLTExZTYtOGY4OC0zNDM2M2JjN2M0YzAiOnsiY3JlYXRlIjozMDAwMDAwMDAwMDAsImRlbGV0ZSI6MzAwMDAwMDAwMDAwLCJ1cGRhdGUiOjEyMDAwMDAwMDAwMH19",
          "dependencies": [
            "aws_nat_gateway.nat_gw",
            "aws_route_table.web_private_rt",
            "aws_subnet.public_a",
            "aws_subnet.web_private_a",
            "aws_vpc.vpc"
          ]
        }
      ]
    },
    {
      "mode": "managed",
      "type": "aws_route_table_association",
      "name": "web_private_c",
      "provider": "provider[\"registry.terraform.io/hashicorp/aws\"]",
      "instances": [
        {
          "schema_version": 0,
          "attributes": {
            "gateway_id": "",
            "id": "rtbassoc-0b7ddb35278f76077",
            "route_table_id": "rtb-08e9873d34c6874e9",
            "subnet_id": "subnet-0817592b7b12c70a3",
            "timeouts": null
          },
          "sensitive_attributes": [],
          "private": "eyJlMmJmYjczMC1lY2FhLTExZTYtOGY4OC0zNDM2M2JjN2M0YzAiOnsiY3JlYXRlIjozMDAwMDAwMDAwMDAsImRlbGV0ZSI6MzAwMDAwMDAwMDAwLCJ1cGRhdGUiOjEyMDAwMDAwMDAwMH19",
          "dependencies": [
            "aws_nat_gateway.nat_gw",
            "aws_route_table.web_private_rt",
            "aws_subnet.public_a",
            "aws_subnet.web_private_c",
            "aws_vpc.vpc"
          ]
        }
      ]
    },
    {
      "mode": "managed",
      "type": "aws_security_group",
      "name": "alb_sg",
      "provider": "provider[\"registry.terraform.io/hashicorp/aws\"]",
      "instances": [
        {
          "schema_version": 1,
          "attributes": {
            "arn": "arn:aws:ec2:ap-northeast-2:637423403127:security-group/sg-04750c2c93f8ccd01",
            "description": "Security Group for ALB",
            "egress": [
              {
                "cidr_blocks": [
                  "0.0.0.0/0"
                ],
                "description": "",
                "from_port": 0,
                "ipv6_cidr_blocks": [],
                "prefix_list_ids": [],
                "protocol": "-1",
                "security_groups": [],
                "self": false,
                "to_port": 0
              }
            ],
            "id": "sg-04750c2c93f8ccd01",
            "ingress": [
              {
                "cidr_blocks": [
                  "0.0.0.0/0"
                ],
                "description": "HTTP from AnyWhere",
                "from_port": 80,
                "ipv6_cidr_blocks": [],
                "prefix_list_ids": [],
                "protocol": "tcp",
                "security_groups": [],
                "self": false,
                "to_port": 80
              }
            ],
            "name": "94102178-laC-TFT-alb",
            "name_prefix": "",
            "owner_id": "637423403127",
            "revoke_rules_on_delete": false,
            "tags": {},
            "tags_all": {
              "Owner": "94102178"
            },
            "timeouts": null,
            "vpc_id": "vpc-0981d92a8a02d6682"
          },
          "sensitive_attributes": [],
          "private": "eyJlMmJmYjczMC1lY2FhLTExZTYtOGY4OC0zNDM2M2JjN2M0YzAiOnsiY3JlYXRlIjo2MDAwMDAwMDAwMDAsImRlbGV0ZSI6OTAwMDAwMDAwMDAwfSwic2NoZW1hX3ZlcnNpb24iOiIxIn0=",
          "dependencies": [
            "aws_vpc.vpc"
          ],
          "create_before_destroy": true
        }
      ]
    },
    {
      "mode": "managed",
      "type": "aws_security_group",
      "name": "bastion_sg",
      "provider": "provider[\"registry.terraform.io/hashicorp/aws\"]",
      "instances": [
        {
          "schema_version": 1,
          "attributes": {
            "arn": "arn:aws:ec2:ap-northeast-2:637423403127:security-group/sg-0291e2704c136b1a5",
            "description": "Security Group for Bastion",
            "egress": [
              {
                "cidr_blocks": [
                  "0.0.0.0/0"
                ],
                "description": "",
                "from_port": 0,
                "ipv6_cidr_blocks": [],
                "prefix_list_ids": [],
                "protocol": "-1",
                "security_groups": [],
                "self": false,
                "to_port": 0
              }
            ],
            "id": "sg-0291e2704c136b1a5",
            "ingress": [
              {
                "cidr_blocks": [
                  "0.0.0.0/0"
                ],
                "description": "ssh from AnyWhere",
                "from_port": 22,
                "ipv6_cidr_blocks": [],
                "prefix_list_ids": [],
                "protocol": "tcp",
                "security_groups": [],
                "self": false,
                "to_port": 22
              }
            ],
            "name": "94102178-laC-TFT-Bastion",
            "name_prefix": "",
            "owner_id": "637423403127",
            "revoke_rules_on_delete": false,
            "tags": {},
            "tags_all": {
              "Owner": "94102178"
            },
            "timeouts": null,
            "vpc_id": "vpc-0981d92a8a02d6682"
          },
          "sensitive_attributes": [],
          "private": "eyJlMmJmYjczMC1lY2FhLTExZTYtOGY4OC0zNDM2M2JjN2M0YzAiOnsiY3JlYXRlIjo2MDAwMDAwMDAwMDAsImRlbGV0ZSI6OTAwMDAwMDAwMDAwfSwic2NoZW1hX3ZlcnNpb24iOiIxIn0=",
          "dependencies": [
            "aws_vpc.vpc"
          ],
          "create_before_destroy": true
        }
      ]
    },
    {
      "mode": "managed",
      "type": "aws_security_group",
      "name": "db_sg",
      "provider": "provider[\"registry.terraform.io/hashicorp/aws\"]",
      "instances": [
        {
          "schema_version": 1,
          "attributes": {
            "arn": "arn:aws:ec2:ap-northeast-2:637423403127:security-group/sg-0264ff8df91d0b30f",
            "description": "Security Group for DB Instance",
            "egress": [
              {
                "cidr_blocks": [
                  "0.0.0.0/0"
                ],
                "description": "",
                "from_port": 0,
                "ipv6_cidr_blocks": [],
                "prefix_list_ids": [],
                "protocol": "-1",
                "security_groups": [],
                "self": false,
                "to_port": 0
              }
            ],
            "id": "sg-0264ff8df91d0b30f",
            "ingress": [
              {
                "cidr_blocks": [],
                "description": "3306 from WAS",
                "from_port": 3306,
                "ipv6_cidr_blocks": [],
                "prefix_list_ids": [],
                "protocol": "tcp",
                "security_groups": [
                  "sg-01c3f8955eae931b3"
                ],
                "self": false,
                "to_port": 3306
              }
            ],
            "name": "94102178-laC-TFT-db",
            "name_prefix": "",
            "owner_id": "637423403127",
            "revoke_rules_on_delete": false,
            "tags": {},
            "tags_all": {
              "Owner": "94102178"
            },
            "timeouts": null,
            "vpc_id": "vpc-0981d92a8a02d6682"
          },
          "sensitive_attributes": [],
          "private": "eyJlMmJmYjczMC1lY2FhLTExZTYtOGY4OC0zNDM2M2JjN2M0YzAiOnsiY3JlYXRlIjo2MDAwMDAwMDAwMDAsImRlbGV0ZSI6OTAwMDAwMDAwMDAwfSwic2NoZW1hX3ZlcnNpb24iOiIxIn0=",
          "dependencies": [
            "aws_security_group.alb_sg",
            "aws_security_group.bastion_sg",
            "aws_security_group.nlb_sg",
            "aws_security_group.was_sg",
            "aws_security_group.web_sg",
            "aws_vpc.vpc"
          ],
          "create_before_destroy": true
        }
      ]
    },
    {
      "mode": "managed",
      "type": "aws_security_group",
      "name": "nlb_sg",
      "provider": "provider[\"registry.terraform.io/hashicorp/aws\"]",
      "instances": [
        {
          "schema_version": 1,
          "attributes": {
            "arn": "arn:aws:ec2:ap-northeast-2:637423403127:security-group/sg-02b04ae99ba91a237",
            "description": "Security Group for NLB",
            "egress": [
              {
                "cidr_blocks": [
                  "0.0.0.0/0"
                ],
                "description": "",
                "from_port": 0,
                "ipv6_cidr_blocks": [],
                "prefix_list_ids": [],
                "protocol": "-1",
                "security_groups": [],
                "self": false,
                "to_port": 0
              }
            ],
            "id": "sg-02b04ae99ba91a237",
            "ingress": [
              {
                "cidr_blocks": [],
                "description": "8080 from WEB Server",
                "from_port": 8080,
                "ipv6_cidr_blocks": [],
                "prefix_list_ids": [],
                "protocol": "tcp",
                "security_groups": [
                  "sg-08f3526a6d707baff"
                ],
                "self": false,
                "to_port": 8080
              }
            ],
            "name": "94102178-laC-TFT-nlb",
            "name_prefix": "",
            "owner_id": "637423403127",
            "revoke_rules_on_delete": false,
            "tags": {},
            "tags_all": {
              "Owner": "94102178"
            },
            "timeouts": null,
            "vpc_id": "vpc-0981d92a8a02d6682"
          },
          "sensitive_attributes": [],
          "private": "eyJlMmJmYjczMC1lY2FhLTExZTYtOGY4OC0zNDM2M2JjN2M0YzAiOnsiY3JlYXRlIjo2MDAwMDAwMDAwMDAsImRlbGV0ZSI6OTAwMDAwMDAwMDAwfSwic2NoZW1hX3ZlcnNpb24iOiIxIn0=",
          "dependencies": [
            "aws_security_group.alb_sg",
            "aws_security_group.bastion_sg",
            "aws_security_group.web_sg",
            "aws_vpc.vpc"
          ],
          "create_before_destroy": true
        }
      ]
    },
    {
      "mode": "managed",
      "type": "aws_security_group",
      "name": "was_sg",
      "provider": "provider[\"registry.terraform.io/hashicorp/aws\"]",
      "instances": [
        {
          "schema_version": 1,
          "attributes": {
            "arn": "arn:aws:ec2:ap-northeast-2:637423403127:security-group/sg-01c3f8955eae931b3",
            "description": "Security Group for WAS server",
            "egress": [
              {
                "cidr_blocks": [
                  "0.0.0.0/0"
                ],
                "description": "",
                "from_port": 0,
                "ipv6_cidr_blocks": [],
                "prefix_list_ids": [],
                "protocol": "-1",
                "security_groups": [],
                "self": false,
                "to_port": 0
              }
            ],
            "id": "sg-01c3f8955eae931b3",
            "ingress": [
              {
                "cidr_blocks": [],
                "description": "8080 from NLB",
                "from_port": 8080,
                "ipv6_cidr_blocks": [],
                "prefix_list_ids": [],
                "protocol": "tcp",
                "security_groups": [
                  "sg-02b04ae99ba91a237"
                ],
                "self": false,
                "to_port": 8080
              },
              {
                "cidr_blocks": [],
                "description": "ssh from Bastion",
                "from_port": 22,
                "ipv6_cidr_blocks": [],
                "prefix_list_ids": [],
                "protocol": "tcp",
                "security_groups": [
                  "sg-0291e2704c136b1a5"
                ],
                "self": false,
                "to_port": 22
              }
            ],
            "name": "94102178-laC-TFT-was",
            "name_prefix": "",
            "owner_id": "637423403127",
            "revoke_rules_on_delete": false,
            "tags": {},
            "tags_all": {
              "Owner": "94102178"
            },
            "timeouts": null,
            "vpc_id": "vpc-0981d92a8a02d6682"
          },
          "sensitive_attributes": [],
          "private": "eyJlMmJmYjczMC1lY2FhLTExZTYtOGY4OC0zNDM2M2JjN2M0YzAiOnsiY3JlYXRlIjo2MDAwMDAwMDAwMDAsImRlbGV0ZSI6OTAwMDAwMDAwMDAwfSwic2NoZW1hX3ZlcnNpb24iOiIxIn0=",
          "dependencies": [
            "aws_security_group.alb_sg",
            "aws_security_group.bastion_sg",
            "aws_security_group.nlb_sg",
            "aws_security_group.web_sg",
            "aws_vpc.vpc"
          ],
          "create_before_destroy": true
        }
      ]
    },
    {
      "mode": "managed",
      "type": "aws_security_group",
      "name": "web_sg",
      "provider": "provider[\"registry.terraform.io/hashicorp/aws\"]",
      "instances": [
        {
          "schema_version": 1,
          "attributes": {
            "arn": "arn:aws:ec2:ap-northeast-2:637423403127:security-group/sg-08f3526a6d707baff",
            "description": "Security Group for WEB server",
            "egress": [
              {
                "cidr_blocks": [
                  "0.0.0.0/0"
                ],
                "description": "",
                "from_port": 0,
                "ipv6_cidr_blocks": [],
                "prefix_list_ids": [],
                "protocol": "-1",
                "security_groups": [],
                "self": false,
                "to_port": 0
              }
            ],
            "id": "sg-08f3526a6d707baff",
            "ingress": [
              {
                "cidr_blocks": [],
                "description": "HTTP from AnyWhere",
                "from_port": 80,
                "ipv6_cidr_blocks": [],
                "prefix_list_ids": [],
                "protocol": "tcp",
                "security_groups": [
                  "sg-04750c2c93f8ccd01"
                ],
                "self": false,
                "to_port": 80
              },
              {
                "cidr_blocks": [],
                "description": "ssh from Bastion",
                "from_port": 22,
                "ipv6_cidr_blocks": [],
                "prefix_list_ids": [],
                "protocol": "tcp",
                "security_groups": [
                  "sg-0291e2704c136b1a5"
                ],
                "self": false,
                "to_port": 22
              }
            ],
            "name": "94102178-laC-TFT-web",
            "name_prefix": "",
            "owner_id": "637423403127",
            "revoke_rules_on_delete": false,
            "tags": {},
            "tags_all": {
              "Owner": "94102178"
            },
            "timeouts": null,
            "vpc_id": "vpc-0981d92a8a02d6682"
          },
          "sensitive_attributes": [],
          "private": "eyJlMmJmYjczMC1lY2FhLTExZTYtOGY4OC0zNDM2M2JjN2M0YzAiOnsiY3JlYXRlIjo2MDAwMDAwMDAwMDAsImRlbGV0ZSI6OTAwMDAwMDAwMDAwfSwic2NoZW1hX3ZlcnNpb24iOiIxIn0=",
          "dependencies": [
            "aws_security_group.alb_sg",
            "aws_security_group.bastion_sg",
            "aws_vpc.vpc"
          ],
          "create_before_destroy": true
        }
      ]
    },
    {
      "mode": "managed",
      "type": "aws_subnet",
      "name": "db_private_a",
      "provider": "provider[\"registry.terraform.io/hashicorp/aws\"]",
      "instances": [
        {
          "schema_version": 1,
          "attributes": {
            "arn": "arn:aws:ec2:ap-northeast-2:637423403127:subnet/subnet-0d0cfc7442a2284bc",
            "assign_ipv6_address_on_creation": false,
            "availability_zone": "ap-northeast-2a",
            "availability_zone_id": "apne2-az1",
            "cidr_block": "10.0.13.0/24",
            "customer_owned_ipv4_pool": "",
            "enable_dns64": false,
            "enable_lni_at_device_index": 0,
            "enable_resource_name_dns_a_record_on_launch": false,
            "enable_resource_name_dns_aaaa_record_on_launch": false,
            "id": "subnet-0d0cfc7442a2284bc",
            "ipv6_cidr_block": "",
            "ipv6_cidr_block_association_id": "",
            "ipv6_native": false,
            "map_customer_owned_ip_on_launch": false,
            "map_public_ip_on_launch": false,
            "outpost_arn": "",
            "owner_id": "637423403127",
            "private_dns_hostname_type_on_launch": "ip-name",
            "tags": {
              "Name": "94102178-IaC-TFT-db-subnet-privatea"
            },
            "tags_all": {
              "Name": "94102178-IaC-TFT-db-subnet-privatea",
              "Owner": "94102178"
            },
            "timeouts": null,
            "vpc_id": "vpc-0981d92a8a02d6682"
          },
          "sensitive_attributes": [],
          "private": "eyJlMmJmYjczMC1lY2FhLTExZTYtOGY4OC0zNDM2M2JjN2M0YzAiOnsiY3JlYXRlIjo2MDAwMDAwMDAwMDAsImRlbGV0ZSI6MTIwMDAwMDAwMDAwMH0sInNjaGVtYV92ZXJzaW9uIjoiMSJ9",
          "dependencies": [
            "aws_vpc.vpc"
          ]
        }
      ]
    },
    {
      "mode": "managed",
      "type": "aws_subnet",
      "name": "db_private_c",
      "provider": "provider[\"registry.terraform.io/hashicorp/aws\"]",
      "instances": [
        {
          "schema_version": 1,
          "attributes": {
            "arn": "arn:aws:ec2:ap-northeast-2:637423403127:subnet/subnet-0002f5e2d5b0fbfe5",
            "assign_ipv6_address_on_creation": false,
            "availability_zone": "ap-northeast-2c",
            "availability_zone_id": "apne2-az3",
            "cidr_block": "10.0.130.0/24",
            "customer_owned_ipv4_pool": "",
            "enable_dns64": false,
            "enable_lni_at_device_index": 0,
            "enable_resource_name_dns_a_record_on_launch": false,
            "enable_resource_name_dns_aaaa_record_on_launch": false,
            "id": "subnet-0002f5e2d5b0fbfe5",
            "ipv6_cidr_block": "",
            "ipv6_cidr_block_association_id": "",
            "ipv6_native": false,
            "map_customer_owned_ip_on_launch": false,
            "map_public_ip_on_launch": false,
            "outpost_arn": "",
            "owner_id": "637423403127",
            "private_dns_hostname_type_on_launch": "ip-name",
            "tags": {
              "Name": "94102178-IaC-TFT-db-subnet-privatec"
            },
            "tags_all": {
              "Name": "94102178-IaC-TFT-db-subnet-privatec",
              "Owner": "94102178"
            },
            "timeouts": null,
            "vpc_id": "vpc-0981d92a8a02d6682"
          },
          "sensitive_attributes": [],
          "private": "eyJlMmJmYjczMC1lY2FhLTExZTYtOGY4OC0zNDM2M2JjN2M0YzAiOnsiY3JlYXRlIjo2MDAwMDAwMDAwMDAsImRlbGV0ZSI6MTIwMDAwMDAwMDAwMH0sInNjaGVtYV92ZXJzaW9uIjoiMSJ9",
          "dependencies": [
            "aws_vpc.vpc"
          ]
        }
      ]
    },
    {
      "mode": "managed",
      "type": "aws_subnet",
      "name": "public_a",
      "provider": "provider[\"registry.terraform.io/hashicorp/aws\"]",
      "instances": [
        {
          "schema_version": 1,
          "attributes": {
            "arn": "arn:aws:ec2:ap-northeast-2:637423403127:subnet/subnet-078690ab33ea1ed46",
            "assign_ipv6_address_on_creation": false,
            "availability_zone": "ap-northeast-2a",
            "availability_zone_id": "apne2-az1",
            "cidr_block": "10.0.0.0/25",
            "customer_owned_ipv4_pool": "",
            "enable_dns64": false,
            "enable_lni_at_device_index": 0,
            "enable_resource_name_dns_a_record_on_launch": false,
            "enable_resource_name_dns_aaaa_record_on_launch": false,
            "id": "subnet-078690ab33ea1ed46",
            "ipv6_cidr_block": "",
            "ipv6_cidr_block_association_id": "",
            "ipv6_native": false,
            "map_customer_owned_ip_on_launch": false,
            "map_public_ip_on_launch": true,
            "outpost_arn": "",
            "owner_id": "637423403127",
            "private_dns_hostname_type_on_launch": "ip-name",
            "tags": {
              "Name": "94102178-IaC-TFT-subnet-publica"
            },
            "tags_all": {
              "Name": "94102178-IaC-TFT-subnet-publica",
              "Owner": "94102178"
            },
            "timeouts": null,
            "vpc_id": "vpc-0981d92a8a02d6682"
          },
          "sensitive_attributes": [],
          "private": "eyJlMmJmYjczMC1lY2FhLTExZTYtOGY4OC0zNDM2M2JjN2M0YzAiOnsiY3JlYXRlIjo2MDAwMDAwMDAwMDAsImRlbGV0ZSI6MTIwMDAwMDAwMDAwMH0sInNjaGVtYV92ZXJzaW9uIjoiMSJ9",
          "dependencies": [
            "aws_vpc.vpc"
          ]
        }
      ]
    },
    {
      "mode": "managed",
      "type": "aws_subnet",
      "name": "public_c",
      "provider": "provider[\"registry.terraform.io/hashicorp/aws\"]",
      "instances": [
        {
          "schema_version": 1,
          "attributes": {
            "arn": "arn:aws:ec2:ap-northeast-2:637423403127:subnet/subnet-0e58db4930ebc6a48",
            "assign_ipv6_address_on_creation": false,
            "availability_zone": "ap-northeast-2c",
            "availability_zone_id": "apne2-az3",
            "cidr_block": "10.0.0.128/25",
            "customer_owned_ipv4_pool": "",
            "enable_dns64": false,
            "enable_lni_at_device_index": 0,
            "enable_resource_name_dns_a_record_on_launch": false,
            "enable_resource_name_dns_aaaa_record_on_launch": false,
            "id": "subnet-0e58db4930ebc6a48",
            "ipv6_cidr_block": "",
            "ipv6_cidr_block_association_id": "",
            "ipv6_native": false,
            "map_customer_owned_ip_on_launch": false,
            "map_public_ip_on_launch": true,
            "outpost_arn": "",
            "owner_id": "637423403127",
            "private_dns_hostname_type_on_launch": "ip-name",
            "tags": {
              "Name": "94102178-IaC-TFT-subnet-publicc"
            },
            "tags_all": {
              "Name": "94102178-IaC-TFT-subnet-publicc",
              "Owner": "94102178"
            },
            "timeouts": null,
            "vpc_id": "vpc-0981d92a8a02d6682"
          },
          "sensitive_attributes": [],
          "private": "eyJlMmJmYjczMC1lY2FhLTExZTYtOGY4OC0zNDM2M2JjN2M0YzAiOnsiY3JlYXRlIjo2MDAwMDAwMDAwMDAsImRlbGV0ZSI6MTIwMDAwMDAwMDAwMH0sInNjaGVtYV92ZXJzaW9uIjoiMSJ9",
          "dependencies": [
            "aws_vpc.vpc"
          ]
        }
      ]
    },
    {
      "mode": "managed",
      "type": "aws_subnet",
      "name": "was_private_a",
      "provider": "provider[\"registry.terraform.io/hashicorp/aws\"]",
      "instances": [
        {
          "schema_version": 1,
          "attributes": {
            "arn": "arn:aws:ec2:ap-northeast-2:637423403127:subnet/subnet-0c03bd517d409e26f",
            "assign_ipv6_address_on_creation": false,
            "availability_zone": "ap-northeast-2a",
            "availability_zone_id": "apne2-az1",
            "cidr_block": "10.0.12.0/24",
            "customer_owned_ipv4_pool": "",
            "enable_dns64": false,
            "enable_lni_at_device_index": 0,
            "enable_resource_name_dns_a_record_on_launch": false,
            "enable_resource_name_dns_aaaa_record_on_launch": false,
            "id": "subnet-0c03bd517d409e26f",
            "ipv6_cidr_block": "",
            "ipv6_cidr_block_association_id": "",
            "ipv6_native": false,
            "map_customer_owned_ip_on_launch": false,
            "map_public_ip_on_launch": false,
            "outpost_arn": "",
            "owner_id": "637423403127",
            "private_dns_hostname_type_on_launch": "ip-name",
            "tags": {
              "Name": "94102178-IaC-TFT-was-subnet-privatea"
            },
            "tags_all": {
              "Name": "94102178-IaC-TFT-was-subnet-privatea",
              "Owner": "94102178"
            },
            "timeouts": null,
            "vpc_id": "vpc-0981d92a8a02d6682"
          },
          "sensitive_attributes": [],
          "private": "eyJlMmJmYjczMC1lY2FhLTExZTYtOGY4OC0zNDM2M2JjN2M0YzAiOnsiY3JlYXRlIjo2MDAwMDAwMDAwMDAsImRlbGV0ZSI6MTIwMDAwMDAwMDAwMH0sInNjaGVtYV92ZXJzaW9uIjoiMSJ9",
          "dependencies": [
            "aws_vpc.vpc"
          ]
        }
      ]
    },
    {
      "mode": "managed",
      "type": "aws_subnet",
      "name": "was_private_c",
      "provider": "provider[\"registry.terraform.io/hashicorp/aws\"]",
      "instances": [
        {
          "schema_version": 1,
          "attributes": {
            "arn": "arn:aws:ec2:ap-northeast-2:637423403127:subnet/subnet-06280cd5df6925c48",
            "assign_ipv6_address_on_creation": false,
            "availability_zone": "ap-northeast-2c",
            "availability_zone_id": "apne2-az3",
            "cidr_block": "10.0.120.0/24",
            "customer_owned_ipv4_pool": "",
            "enable_dns64": false,
            "enable_lni_at_device_index": 0,
            "enable_resource_name_dns_a_record_on_launch": false,
            "enable_resource_name_dns_aaaa_record_on_launch": false,
            "id": "subnet-06280cd5df6925c48",
            "ipv6_cidr_block": "",
            "ipv6_cidr_block_association_id": "",
            "ipv6_native": false,
            "map_customer_owned_ip_on_launch": false,
            "map_public_ip_on_launch": false,
            "outpost_arn": "",
            "owner_id": "637423403127",
            "private_dns_hostname_type_on_launch": "ip-name",
            "tags": {
              "Name": "94102178-IaC-TFT-was-subnet-privatec"
            },
            "tags_all": {
              "Name": "94102178-IaC-TFT-was-subnet-privatec",
              "Owner": "94102178"
            },
            "timeouts": null,
            "vpc_id": "vpc-0981d92a8a02d6682"
          },
          "sensitive_attributes": [],
          "private": "eyJlMmJmYjczMC1lY2FhLTExZTYtOGY4OC0zNDM2M2JjN2M0YzAiOnsiY3JlYXRlIjo2MDAwMDAwMDAwMDAsImRlbGV0ZSI6MTIwMDAwMDAwMDAwMH0sInNjaGVtYV92ZXJzaW9uIjoiMSJ9",
          "dependencies": [
            "aws_vpc.vpc"
          ]
        }
      ]
    },
    {
      "mode": "managed",
      "type": "aws_subnet",
      "name": "web_private_a",
      "provider": "provider[\"registry.terraform.io/hashicorp/aws\"]",
      "instances": [
        {
          "schema_version": 1,
          "attributes": {
            "arn": "arn:aws:ec2:ap-northeast-2:637423403127:subnet/subnet-0563e0657655f68e8",
            "assign_ipv6_address_on_creation": false,
            "availability_zone": "ap-northeast-2a",
            "availability_zone_id": "apne2-az1",
            "cidr_block": "10.0.11.0/24",
            "customer_owned_ipv4_pool": "",
            "enable_dns64": false,
            "enable_lni_at_device_index": 0,
            "enable_resource_name_dns_a_record_on_launch": false,
            "enable_resource_name_dns_aaaa_record_on_launch": false,
            "id": "subnet-0563e0657655f68e8",
            "ipv6_cidr_block": "",
            "ipv6_cidr_block_association_id": "",
            "ipv6_native": false,
            "map_customer_owned_ip_on_launch": false,
            "map_public_ip_on_launch": false,
            "outpost_arn": "",
            "owner_id": "637423403127",
            "private_dns_hostname_type_on_launch": "ip-name",
            "tags": {
              "Name": "94102178-IaC-TFT-web-subnet-privatea"
            },
            "tags_all": {
              "Name": "94102178-IaC-TFT-web-subnet-privatea",
              "Owner": "94102178"
            },
            "timeouts": null,
            "vpc_id": "vpc-0981d92a8a02d6682"
          },
          "sensitive_attributes": [],
          "private": "eyJlMmJmYjczMC1lY2FhLTExZTYtOGY4OC0zNDM2M2JjN2M0YzAiOnsiY3JlYXRlIjo2MDAwMDAwMDAwMDAsImRlbGV0ZSI6MTIwMDAwMDAwMDAwMH0sInNjaGVtYV92ZXJzaW9uIjoiMSJ9",
          "dependencies": [
            "aws_vpc.vpc"
          ]
        }
      ]
    },
    {
      "mode": "managed",
      "type": "aws_subnet",
      "name": "web_private_c",
      "provider": "provider[\"registry.terraform.io/hashicorp/aws\"]",
      "instances": [
        {
          "schema_version": 1,
          "attributes": {
            "arn": "arn:aws:ec2:ap-northeast-2:637423403127:subnet/subnet-0817592b7b12c70a3",
            "assign_ipv6_address_on_creation": false,
            "availability_zone": "ap-northeast-2c",
            "availability_zone_id": "apne2-az3",
            "cidr_block": "10.0.110.0/24",
            "customer_owned_ipv4_pool": "",
            "enable_dns64": false,
            "enable_lni_at_device_index": 0,
            "enable_resource_name_dns_a_record_on_launch": false,
            "enable_resource_name_dns_aaaa_record_on_launch": false,
            "id": "subnet-0817592b7b12c70a3",
            "ipv6_cidr_block": "",
            "ipv6_cidr_block_association_id": "",
            "ipv6_native": false,
            "map_customer_owned_ip_on_launch": false,
            "map_public_ip_on_launch": false,
            "outpost_arn": "",
            "owner_id": "637423403127",
            "private_dns_hostname_type_on_launch": "ip-name",
            "tags": {
              "Name": "94102178-IaC-TFT-web-subnet-privatec"
            },
            "tags_all": {
              "Name": "94102178-IaC-TFT-web-subnet-privatec",
              "Owner": "94102178"
            },
            "timeouts": null,
            "vpc_id": "vpc-0981d92a8a02d6682"
          },
          "sensitive_attributes": [],
          "private": "eyJlMmJmYjczMC1lY2FhLTExZTYtOGY4OC0zNDM2M2JjN2M0YzAiOnsiY3JlYXRlIjo2MDAwMDAwMDAwMDAsImRlbGV0ZSI6MTIwMDAwMDAwMDAwMH0sInNjaGVtYV92ZXJzaW9uIjoiMSJ9",
          "dependencies": [
            "aws_vpc.vpc"
          ]
        }
      ]
    },
    {
      "mode": "managed",
      "type": "aws_vpc",
      "name": "vpc",
      "provider": "provider[\"registry.terraform.io/hashicorp/aws\"]",
      "instances": [
        {
          "schema_version": 1,
          "attributes": {
            "arn": "arn:aws:ec2:ap-northeast-2:637423403127:vpc/vpc-0981d92a8a02d6682",
            "assign_generated_ipv6_cidr_block": false,
            "cidr_block": "10.0.0.0/16",
            "default_network_acl_id": "acl-0fad25a03bb6a7803",
            "default_route_table_id": "rtb-090f31f9930a3bc53",
            "default_security_group_id": "sg-0d54729ab8ff67c59",
            "dhcp_options_id": "dopt-09bc5c4d3ccca2488",
            "enable_dns_hostnames": true,
            "enable_dns_support": true,
            "enable_network_address_usage_metrics": false,
            "id": "vpc-0981d92a8a02d6682",
            "instance_tenancy": "default",
            "ipv4_ipam_pool_id": null,
            "ipv4_netmask_length": null,
            "ipv6_association_id": "",
            "ipv6_cidr_block": "",
            "ipv6_cidr_block_network_border_group": "",
            "ipv6_ipam_pool_id": "",
            "ipv6_netmask_length": 0,
            "main_route_table_id": "rtb-090f31f9930a3bc53",
            "owner_id": "637423403127",
            "tags": {
              "Name": "94102178-IaC-TFT-VPC"
            },
            "tags_all": {
              "Name": "94102178-IaC-TFT-VPC",
              "Owner": "94102178"
            }
          },
          "sensitive_attributes": [],
          "private": "eyJzY2hlbWFfdmVyc2lvbiI6IjEifQ==",
          "create_before_destroy": true
        }
      ]
    },
    {
      "mode": "managed",
      "type": "local_file",
      "name": "ssh_key",
      "provider": "provider[\"registry.terraform.io/hashicorp/local\"]",
      "instances": [
        {
          "schema_version": 0,
          "attributes": {
            "content": "-----BEGIN RSA PRIVATE KEY-----\nMIIJKAIBAAKCAgEAs3dEbvnlFWxtj89K/TlPYb13YYzeMLmPz2+Lh/QwRh0BcO88\nmV6znoAC24nXejHUit8V7DI5wGZOAlZucSdwgIyVaBAk2gQ0lazZd8qp6ivR6Y+H\n/+L+l1fBcUZNgMLBtFTpHI1TGg4Cpdbo4RygPDeO9JRwLFT3hUebRexLcyU9uYRz\nvuVcusCnx+j+mGhB98GKn0bIs8EutmsusyC098PNzv0BW4+xZLTC+T22LzFHWLen\n25c4uIlt63cXFD/KDKsJLQAbTFeWWTcDVVXGq7iRgT7LrMrdqqwHD9VFdZ2S+ON1\nLVtjGPPDIbrvlr+sOoGN9PzF9IRuLxKayCTFpWmGEBjeamJWv43U/93F7aql86RG\nyGRU9fdscZOBHCWrFljwyu+b8fXKtgrqyxEqHk8WQEV8ImfwxkzzwWFfHgDZp1UG\nljL/7iQ2VR4UUseQipfZE12k+oGGs1Gn2QjtUJ07buivAT/bGu8W+9PQ2iiN4pKe\nvbpUlDwRz3wGqKdktKoJRkiDTWN2BmPHcFRUqzpIvEO1Ffh7VmqC49zCRg9fP4Ji\n9fQ1LiH0oyAfm5qU+L+GewV5uueVT/McHlLQr7tJ6/7rkBIlDEYy/m7isfB+cLqG\nSqeAjfDpgNeeVlo48b9Cwn0VcPQO/5sl0VebezPOpsbzpd5weW/+24xFlN8CAwEA\nAQKCAgBSCWUI7cagYm463OFEm9wDq95Ug1ZWI5zvj+fSf/dJNZ0hCNtEqJunCpFD\n1eDgBMNJr+yPie4IWzuxqdzWcNbmjF0HssmFt4JqIRdPwR6m4t0TzP64JAWJHR5a\nL27iOyTc0Cu3V4rzUBA5yuGtda5xmFwKxYf5W+XB0RfTgM6EljN/CGL4klQvMj4A\nDivDc3UkUh6R7IN2WAqIbLpuO7c9ww3jXpguSKMoi9DMqj8Ll5UrothicuAEyx2q\nE0hDg11TKSQKpA/Wd/tMUO9/JLSqbrZkxFXKaPmnOPgJbs5Pk3ZJu4Am+a11DIjY\ndGFtIbUTEYHYyWub+KV9cx25+8U0sdrGMrR7TsQnjwEMNXR0nfZUwrGO+WiHWblu\ndYq7Rzw8sOHLXIvqQZw/eA3Tiy6FpLAZdidxH3c+3iWDIRsDiFBo78+woeXKuyg+\n15EfKg5/XbcjZf12ti0OMvtk5vp5PPEy4ZTZErJGW6Ge7O65IiSV1aiKCA+EAfyL\nhgrbtC/ZHZnfityRvDHk+CORKcumznkefcIQlclrYfmd07sw2bDroFZfXe4nQ6RP\nc0RnZWRS6Val6h4dDc+dzkEu4NwBo3iTA7ma1FBb/hk96f2KkkZLYENSxLIVyA/j\nrlRQPvNX1l3qDbQ2gQf7+MSK9TG5eDBVPu27h1+mJy/JyEZYMQKCAQEA0ENS15bB\nxGywaKlNl2JBP67xRhsjdiOGHTP/EmE1HKdX/32chahg8C8ooWTW0E4svUQwV5EC\n6CF+M8medGJnEr0EBueQdFM2LSv+nyA89hwOaA8aA3F9cXHQcPmkVaBItoq+J4Mg\npDOtjQAeBxNhK8WcAg32A9g9D3V6z2cJlF0QIr1adg0AQNw5sFgXx4pCQe1AND71\nj2rlwLrX+8YveMR9u+9HTxN7R/Ko8e7rihYWUNIU4TenXQy6IAHlFC0Q4yVHqJGv\ndp0w3ibgtjoFj46+FvN/4bcybmZE+DCTdo8oxzqBJnuopxRCS9xFmG3DjRW4xxaI\n+azFR+S9xRbkpQKCAQEA3JooPx7lwZ8C93/bcSCTQcS4+NrO/8z40HSAhwcdNnIQ\nX+xRPdjHVwF9Ei3jxPgIlI6n2HHn2DL33PfhEgVxQey0h9SssHOhctYXiSgnbbM6\nx3ay+xFIxMhM0mnPb3lCbKAdNG7DrXNtvixycvL7kbqwVhhuSitdXYTru6j0e/Pt\nFTD6BKOe1rjCAH3pvXDMhZPbtX3mXzyx2haHMWvj0lrt7TI+rpY6rBskcvbHdpSE\nwwQvK/c6A0F5fVD44ZLD0NOYHW8iIjHE5OrxcjdS4HV8Z963fodQuXHSHUM3xzX9\nUeEuutoTUVm4brZl8dRLMfGs359cUw6dqIVv3RdoMwKCAQA+blAhLKI9fc+MMGSA\nIwYoTwso1u3UdmW3z2SBX/6J7mhkwITxVD5rAdgOOapjm2ux+QT82w2iBJhOcfw8\nK1t2tI7GexhEpsUw2WVk0kc0B8kRzKUhrx3JqjKwC0YGHRxvDDxgn+BjGNLH1+co\ne9i/RGe1/fVnxaTYQ4FjNyIaBaPWpii+BruytdHdWSsXuAyQssxyXQVDzum80sX4\nRbrpWw3ODrazr8VfFhErJVIafPCHndKAiSx0qmIJQkgnujK7xOssTy/oQMrrbYAj\nYFVWaZX2T1xgj4hgq+u08urhuZyhzJn2rU8rdtlA4HFEdnMOkhpoJAs/vVkOajWx\nJWG5AoIBAQCbsbliAz6JDt8bKwQHrcQAkQUzrcqWw2WAShlEM4MsoAhqivEzw0G9\naHGLWRP+OkhkAOL5YjsNXbuOGuyguXKb4qHvk+xlhNaXo/5scQiS5gJAMMhVZneD\nWxLNFpyuwlhdLgwuq1Yzntn/dIM6Gb/vtGEsAoYklsKIdH2jrrUOnrPfVve+OnSq\ney+BBVzotSnDxP019KuY389uaqPz/3+FQWPXGrUepyy1t1pcQUu5p0ykDtn0H8Kz\n9Yv3JCTjn5/QTOZ5L6xZkeKy5haOU/mMLZ8l+AxtorcYivqOaJh/Yt1s4o8GlU85\nBSekC9ubeAeyMi2ejmysug4PmE3BLvn9AoIBADcraBlINzJsbkGjmUOiyB5pHmkZ\njxnuXWFmS+Tg9KPwTXmOAlvXoauy998sPMGFuoy4GQe6t0R4x7E9Zd3MmGusGXMz\nhziL2LcabBEiGtC+NELRNyDssNEz+CJvCGZe9piOKRFwzXNQ1/OsGOXrdRa24zX6\nSZZb6KFrT272BGND6lkGQqGO2KEGm/FYBivdhbso9HY1wofIZSg++Fo6h+I4luq8\nO1ehdqpVIpdKeZGJyNlRa2KJqhfASalBdNaaqbCZok0mhGxykOJSUXbDbKCXTqIe\n6qNUJfTDFgKzWc8EdStzaWAL7///F3iZWgarhbtHhtWJSgT7vHjBzCpZXS0=\n-----END RSA PRIVATE KEY-----\n",
            "content_base64": null,
            "content_base64sha256": "Ql7cKzkfsVjsbjbVrX0lvToSRwJHlIqKLpSWLYjGv94=",
            "content_base64sha512": "0ZlcEFaJCPpFEZAflFReaPxftRqX2J5XvB3Q8uMMbhRFC59hllgEkOtw4pyDbLrneMqUuFIwMj4ISU8GDqp2RQ==",
            "content_md5": "ca4c9dc0c0f602ae4695dba908664f4d",
            "content_sha1": "e3c92b01c5619c9a6e1b660d02cf9111dd8d06a5",
            "content_sha256": "425edc2b391fb158ec6e36d5ad7d25bd3a12470247948a8a2e94962d88c6bfde",
            "content_sha512": "d1995c10568908fa4511901f94545e68fc5fb51a97d89e57bc1dd0f2e30c6e14450b9f6196580490eb70e29c836cbae778ca94b85230323e08494f060eaa7645",
            "directory_permission": "0777",
            "file_permission": "0777",
            "filename": "94102178.pem",
            "id": "e3c92b01c5619c9a6e1b660d02cf9111dd8d06a5",
            "sensitive_content": null,
            "source": null
          },
          "sensitive_attributes": [
            [
              {
                "type": "get_attr",
                "value": "sensitive_content"
              }
            ],
            [
              {
                "type": "get_attr",
                "value": "content"
              }
            ]
          ],
          "dependencies": [
            "tls_private_key.pk"
          ]
        }
      ]
    },
    {
      "mode": "managed",
      "type": "tls_private_key",
      "name": "pk",
      "provider": "provider[\"registry.terraform.io/hashicorp/tls\"]",
      "instances": [
        {
          "schema_version": 1,
          "attributes": {
            "algorithm": "RSA",
            "ecdsa_curve": "P224",
            "id": "104c218ba91c66d0b5987dbbca97353789c33d28",
            "private_key_openssh": "-----BEGIN OPENSSH PRIVATE KEY-----\nb3BlbnNzaC1rZXktdjEAAAAABG5vbmUAAAAEbm9uZQAAAAAAAAABAAACFwAAAAdz\nc2gtcnNhAAAAAwEAAQAAAgEAs3dEbvnlFWxtj89K/TlPYb13YYzeMLmPz2+Lh/Qw\nRh0BcO88mV6znoAC24nXejHUit8V7DI5wGZOAlZucSdwgIyVaBAk2gQ0lazZd8qp\n6ivR6Y+H/+L+l1fBcUZNgMLBtFTpHI1TGg4Cpdbo4RygPDeO9JRwLFT3hUebRexL\ncyU9uYRzvuVcusCnx+j+mGhB98GKn0bIs8EutmsusyC098PNzv0BW4+xZLTC+T22\nLzFHWLen25c4uIlt63cXFD/KDKsJLQAbTFeWWTcDVVXGq7iRgT7LrMrdqqwHD9VF\ndZ2S+ON1LVtjGPPDIbrvlr+sOoGN9PzF9IRuLxKayCTFpWmGEBjeamJWv43U/93F\n7aql86RGyGRU9fdscZOBHCWrFljwyu+b8fXKtgrqyxEqHk8WQEV8ImfwxkzzwWFf\nHgDZp1UGljL/7iQ2VR4UUseQipfZE12k+oGGs1Gn2QjtUJ07buivAT/bGu8W+9PQ\n2iiN4pKevbpUlDwRz3wGqKdktKoJRkiDTWN2BmPHcFRUqzpIvEO1Ffh7VmqC49zC\nRg9fP4Ji9fQ1LiH0oyAfm5qU+L+GewV5uueVT/McHlLQr7tJ6/7rkBIlDEYy/m7i\nsfB+cLqGSqeAjfDpgNeeVlo48b9Cwn0VcPQO/5sl0VebezPOpsbzpd5weW/+24xF\nlN8AAAc4TGp4QExqeEAAAAAHc3NoLXJzYQAAAgEAs3dEbvnlFWxtj89K/TlPYb13\nYYzeMLmPz2+Lh/QwRh0BcO88mV6znoAC24nXejHUit8V7DI5wGZOAlZucSdwgIyV\naBAk2gQ0lazZd8qp6ivR6Y+H/+L+l1fBcUZNgMLBtFTpHI1TGg4Cpdbo4RygPDeO\n9JRwLFT3hUebRexLcyU9uYRzvuVcusCnx+j+mGhB98GKn0bIs8EutmsusyC098PN\nzv0BW4+xZLTC+T22LzFHWLen25c4uIlt63cXFD/KDKsJLQAbTFeWWTcDVVXGq7iR\ngT7LrMrdqqwHD9VFdZ2S+ON1LVtjGPPDIbrvlr+sOoGN9PzF9IRuLxKayCTFpWmG\nEBjeamJWv43U/93F7aql86RGyGRU9fdscZOBHCWrFljwyu+b8fXKtgrqyxEqHk8W\nQEV8ImfwxkzzwWFfHgDZp1UGljL/7iQ2VR4UUseQipfZE12k+oGGs1Gn2QjtUJ07\nbuivAT/bGu8W+9PQ2iiN4pKevbpUlDwRz3wGqKdktKoJRkiDTWN2BmPHcFRUqzpI\nvEO1Ffh7VmqC49zCRg9fP4Ji9fQ1LiH0oyAfm5qU+L+GewV5uueVT/McHlLQr7tJ\n6/7rkBIlDEYy/m7isfB+cLqGSqeAjfDpgNeeVlo48b9Cwn0VcPQO/5sl0VebezPO\npsbzpd5weW/+24xFlN8AAAADAQABAAACAFIJZQjtxqBibjrc4USb3AOr3lSDVlYj\nnO+P59J/90k1nSEI20Som6cKkUPV4OAEw0mv7I+J7ghbO7Gp3NZw1uaMXQeyyYW3\ngmohF0/BHqbi3RPM/rgkBYkdHlovbuI7JNzQK7dXivNQEDnK4a11rnGYXArFh/lb\n5cHRF9OAzoSWM38IYviSVC8yPgAOK8NzdSRSHpHsg3ZYCohsum47tz3DDeNemC5I\noyiL0MyqPwuXlSui2GJy4ATLHaoTSEODXVMpJAqkD9Z3+0xQ738ktKputmTEVcpo\n+ac4+Aluzk+Tdkm7gCb5rXUMiNh0YW0htRMRgdjJa5v4pX1zHbn7xTSx2sYytHtO\nxCePAQw1dHSd9lTCsY75aIdZuW51irtHPDyw4ctci+pBnD94DdOLLoWksBl2J3Ef\ndz7eJYMhGwOIUGjvz7Ch5cq7KD7XkR8qDn9dtyNl/Xa2LQ4y+2Tm+nk88TLhlNkS\nskZboZ7s7rkiJJXVqIoID4QB/IuGCtu0L9kdmd+K3JG8MeT4I5Epy6bOeR59whCV\nyWth+Z3TuzDZsOugVl9d7idDpE9zRGdlZFLpVqXqHh0Nz53OQS7g3AGjeJMDuZrU\nUFv+GT3p/YqSRktgQ1LEshXID+OuVFA+81fWXeoNtDaBB/v4xIr1Mbl4MFU+7buH\nX6YnL8nIRlgxAAABADcraBlINzJsbkGjmUOiyB5pHmkZjxnuXWFmS+Tg9KPwTXmO\nAlvXoauy998sPMGFuoy4GQe6t0R4x7E9Zd3MmGusGXMzhziL2LcabBEiGtC+NELR\nNyDssNEz+CJvCGZe9piOKRFwzXNQ1/OsGOXrdRa24zX6SZZb6KFrT272BGND6lkG\nQqGO2KEGm/FYBivdhbso9HY1wofIZSg++Fo6h+I4luq8O1ehdqpVIpdKeZGJyNlR\na2KJqhfASalBdNaaqbCZok0mhGxykOJSUXbDbKCXTqIe6qNUJfTDFgKzWc8EdStz\naWAL7///F3iZWgarhbtHhtWJSgT7vHjBzCpZXS0AAAEBANBDUteWwcRssGipTZdi\nQT+u8UYbI3Yjhh0z/xJhNRynV/99nIWoYPAvKKFk1tBOLL1EMFeRAughfjPJnnRi\nZxK9BAbnkHRTNi0r/p8gPPYcDmgPGgNxfXFx0HD5pFWgSLaKvieDIKQzrY0AHgcT\nYSvFnAIN9gPYPQ91es9nCZRdECK9WnYNAEDcObBYF8eKQkHtQDQ+9Y9q5cC61/vG\nL3jEfbvvR08Te0fyqPHu64oWFlDSFOE3p10MuiAB5RQtEOMlR6iRr3adMN4m4LY6\nBY+Ovhbzf+G3Mm5mRPgwk3aPKMc6gSZ7qKcUQkvcRZhtw40VuMcWiPmsxUfkvcUW\n5KUAAAEBANyaKD8e5cGfAvd/23Egk0HEuPjazv/M+NB0gIcHHTZyEF/sUT3Yx1cB\nfRIt48T4CJSOp9hx59gy99z34RIFcUHstIfUrLBzoXLWF4koJ22zOsd2svsRSMTI\nTNJpz295QmygHTRuw61zbb4scnLy+5G6sFYYbkorXV2E67uo9Hvz7RUw+gSjnta4\nwgB96b1wzIWT27V95l88sdoWhzFr49Ja7e0yPq6WOqwbJHL2x3aUhMMELyv3OgNB\neX1Q+OGSw9DTmB1vIiIxxOTq8XI3UuB1fGfet36HULlx0h1DN8c1/VHhLrraE1FZ\nuG62ZfHUSzHxrN+fXFMOnaiFb90XaDMAAAAAAQID\n-----END OPENSSH PRIVATE KEY-----\n",
            "private_key_pem": "-----BEGIN RSA PRIVATE KEY-----\nMIIJKAIBAAKCAgEAs3dEbvnlFWxtj89K/TlPYb13YYzeMLmPz2+Lh/QwRh0BcO88\nmV6znoAC24nXejHUit8V7DI5wGZOAlZucSdwgIyVaBAk2gQ0lazZd8qp6ivR6Y+H\n/+L+l1fBcUZNgMLBtFTpHI1TGg4Cpdbo4RygPDeO9JRwLFT3hUebRexLcyU9uYRz\nvuVcusCnx+j+mGhB98GKn0bIs8EutmsusyC098PNzv0BW4+xZLTC+T22LzFHWLen\n25c4uIlt63cXFD/KDKsJLQAbTFeWWTcDVVXGq7iRgT7LrMrdqqwHD9VFdZ2S+ON1\nLVtjGPPDIbrvlr+sOoGN9PzF9IRuLxKayCTFpWmGEBjeamJWv43U/93F7aql86RG\nyGRU9fdscZOBHCWrFljwyu+b8fXKtgrqyxEqHk8WQEV8ImfwxkzzwWFfHgDZp1UG\nljL/7iQ2VR4UUseQipfZE12k+oGGs1Gn2QjtUJ07buivAT/bGu8W+9PQ2iiN4pKe\nvbpUlDwRz3wGqKdktKoJRkiDTWN2BmPHcFRUqzpIvEO1Ffh7VmqC49zCRg9fP4Ji\n9fQ1LiH0oyAfm5qU+L+GewV5uueVT/McHlLQr7tJ6/7rkBIlDEYy/m7isfB+cLqG\nSqeAjfDpgNeeVlo48b9Cwn0VcPQO/5sl0VebezPOpsbzpd5weW/+24xFlN8CAwEA\nAQKCAgBSCWUI7cagYm463OFEm9wDq95Ug1ZWI5zvj+fSf/dJNZ0hCNtEqJunCpFD\n1eDgBMNJr+yPie4IWzuxqdzWcNbmjF0HssmFt4JqIRdPwR6m4t0TzP64JAWJHR5a\nL27iOyTc0Cu3V4rzUBA5yuGtda5xmFwKxYf5W+XB0RfTgM6EljN/CGL4klQvMj4A\nDivDc3UkUh6R7IN2WAqIbLpuO7c9ww3jXpguSKMoi9DMqj8Ll5UrothicuAEyx2q\nE0hDg11TKSQKpA/Wd/tMUO9/JLSqbrZkxFXKaPmnOPgJbs5Pk3ZJu4Am+a11DIjY\ndGFtIbUTEYHYyWub+KV9cx25+8U0sdrGMrR7TsQnjwEMNXR0nfZUwrGO+WiHWblu\ndYq7Rzw8sOHLXIvqQZw/eA3Tiy6FpLAZdidxH3c+3iWDIRsDiFBo78+woeXKuyg+\n15EfKg5/XbcjZf12ti0OMvtk5vp5PPEy4ZTZErJGW6Ge7O65IiSV1aiKCA+EAfyL\nhgrbtC/ZHZnfityRvDHk+CORKcumznkefcIQlclrYfmd07sw2bDroFZfXe4nQ6RP\nc0RnZWRS6Val6h4dDc+dzkEu4NwBo3iTA7ma1FBb/hk96f2KkkZLYENSxLIVyA/j\nrlRQPvNX1l3qDbQ2gQf7+MSK9TG5eDBVPu27h1+mJy/JyEZYMQKCAQEA0ENS15bB\nxGywaKlNl2JBP67xRhsjdiOGHTP/EmE1HKdX/32chahg8C8ooWTW0E4svUQwV5EC\n6CF+M8medGJnEr0EBueQdFM2LSv+nyA89hwOaA8aA3F9cXHQcPmkVaBItoq+J4Mg\npDOtjQAeBxNhK8WcAg32A9g9D3V6z2cJlF0QIr1adg0AQNw5sFgXx4pCQe1AND71\nj2rlwLrX+8YveMR9u+9HTxN7R/Ko8e7rihYWUNIU4TenXQy6IAHlFC0Q4yVHqJGv\ndp0w3ibgtjoFj46+FvN/4bcybmZE+DCTdo8oxzqBJnuopxRCS9xFmG3DjRW4xxaI\n+azFR+S9xRbkpQKCAQEA3JooPx7lwZ8C93/bcSCTQcS4+NrO/8z40HSAhwcdNnIQ\nX+xRPdjHVwF9Ei3jxPgIlI6n2HHn2DL33PfhEgVxQey0h9SssHOhctYXiSgnbbM6\nx3ay+xFIxMhM0mnPb3lCbKAdNG7DrXNtvixycvL7kbqwVhhuSitdXYTru6j0e/Pt\nFTD6BKOe1rjCAH3pvXDMhZPbtX3mXzyx2haHMWvj0lrt7TI+rpY6rBskcvbHdpSE\nwwQvK/c6A0F5fVD44ZLD0NOYHW8iIjHE5OrxcjdS4HV8Z963fodQuXHSHUM3xzX9\nUeEuutoTUVm4brZl8dRLMfGs359cUw6dqIVv3RdoMwKCAQA+blAhLKI9fc+MMGSA\nIwYoTwso1u3UdmW3z2SBX/6J7mhkwITxVD5rAdgOOapjm2ux+QT82w2iBJhOcfw8\nK1t2tI7GexhEpsUw2WVk0kc0B8kRzKUhrx3JqjKwC0YGHRxvDDxgn+BjGNLH1+co\ne9i/RGe1/fVnxaTYQ4FjNyIaBaPWpii+BruytdHdWSsXuAyQssxyXQVDzum80sX4\nRbrpWw3ODrazr8VfFhErJVIafPCHndKAiSx0qmIJQkgnujK7xOssTy/oQMrrbYAj\nYFVWaZX2T1xgj4hgq+u08urhuZyhzJn2rU8rdtlA4HFEdnMOkhpoJAs/vVkOajWx\nJWG5AoIBAQCbsbliAz6JDt8bKwQHrcQAkQUzrcqWw2WAShlEM4MsoAhqivEzw0G9\naHGLWRP+OkhkAOL5YjsNXbuOGuyguXKb4qHvk+xlhNaXo/5scQiS5gJAMMhVZneD\nWxLNFpyuwlhdLgwuq1Yzntn/dIM6Gb/vtGEsAoYklsKIdH2jrrUOnrPfVve+OnSq\ney+BBVzotSnDxP019KuY389uaqPz/3+FQWPXGrUepyy1t1pcQUu5p0ykDtn0H8Kz\n9Yv3JCTjn5/QTOZ5L6xZkeKy5haOU/mMLZ8l+AxtorcYivqOaJh/Yt1s4o8GlU85\nBSekC9ubeAeyMi2ejmysug4PmE3BLvn9AoIBADcraBlINzJsbkGjmUOiyB5pHmkZ\njxnuXWFmS+Tg9KPwTXmOAlvXoauy998sPMGFuoy4GQe6t0R4x7E9Zd3MmGusGXMz\nhziL2LcabBEiGtC+NELRNyDssNEz+CJvCGZe9piOKRFwzXNQ1/OsGOXrdRa24zX6\nSZZb6KFrT272BGND6lkGQqGO2KEGm/FYBivdhbso9HY1wofIZSg++Fo6h+I4luq8\nO1ehdqpVIpdKeZGJyNlRa2KJqhfASalBdNaaqbCZok0mhGxykOJSUXbDbKCXTqIe\n6qNUJfTDFgKzWc8EdStzaWAL7///F3iZWgarhbtHhtWJSgT7vHjBzCpZXS0=\n-----END RSA PRIVATE KEY-----\n",
            "private_key_pem_pkcs8": "-----BEGIN PRIVATE KEY-----\nMIIJQgIBADANBgkqhkiG9w0BAQEFAASCCSwwggkoAgEAAoICAQCzd0Ru+eUVbG2P\nz0r9OU9hvXdhjN4wuY/Pb4uH9DBGHQFw7zyZXrOegALbidd6MdSK3xXsMjnAZk4C\nVm5xJ3CAjJVoECTaBDSVrNl3yqnqK9Hpj4f/4v6XV8FxRk2AwsG0VOkcjVMaDgKl\n1ujhHKA8N470lHAsVPeFR5tF7EtzJT25hHO+5Vy6wKfH6P6YaEH3wYqfRsizwS62\nay6zILT3w83O/QFbj7FktML5PbYvMUdYt6fblzi4iW3rdxcUP8oMqwktABtMV5ZZ\nNwNVVcaruJGBPsusyt2qrAcP1UV1nZL443UtW2MY88Mhuu+Wv6w6gY30/MX0hG4v\nEprIJMWlaYYQGN5qYla/jdT/3cXtqqXzpEbIZFT192xxk4EcJasWWPDK75vx9cq2\nCurLESoeTxZARXwiZ/DGTPPBYV8eANmnVQaWMv/uJDZVHhRSx5CKl9kTXaT6gYaz\nUafZCO1QnTtu6K8BP9sa7xb709DaKI3ikp69ulSUPBHPfAaop2S0qglGSINNY3YG\nY8dwVFSrOki8Q7UV+HtWaoLj3MJGD18/gmL19DUuIfSjIB+bmpT4v4Z7BXm655VP\n8xweUtCvu0nr/uuQEiUMRjL+buKx8H5wuoZKp4CN8OmA155WWjjxv0LCfRVw9A7/\nmyXRV5t7M86mxvOl3nB5b/7bjEWU3wIDAQABAoICAFIJZQjtxqBibjrc4USb3AOr\n3lSDVlYjnO+P59J/90k1nSEI20Som6cKkUPV4OAEw0mv7I+J7ghbO7Gp3NZw1uaM\nXQeyyYW3gmohF0/BHqbi3RPM/rgkBYkdHlovbuI7JNzQK7dXivNQEDnK4a11rnGY\nXArFh/lb5cHRF9OAzoSWM38IYviSVC8yPgAOK8NzdSRSHpHsg3ZYCohsum47tz3D\nDeNemC5IoyiL0MyqPwuXlSui2GJy4ATLHaoTSEODXVMpJAqkD9Z3+0xQ738ktKpu\ntmTEVcpo+ac4+Aluzk+Tdkm7gCb5rXUMiNh0YW0htRMRgdjJa5v4pX1zHbn7xTSx\n2sYytHtOxCePAQw1dHSd9lTCsY75aIdZuW51irtHPDyw4ctci+pBnD94DdOLLoWk\nsBl2J3Efdz7eJYMhGwOIUGjvz7Ch5cq7KD7XkR8qDn9dtyNl/Xa2LQ4y+2Tm+nk8\n8TLhlNkSskZboZ7s7rkiJJXVqIoID4QB/IuGCtu0L9kdmd+K3JG8MeT4I5Epy6bO\neR59whCVyWth+Z3TuzDZsOugVl9d7idDpE9zRGdlZFLpVqXqHh0Nz53OQS7g3AGj\neJMDuZrUUFv+GT3p/YqSRktgQ1LEshXID+OuVFA+81fWXeoNtDaBB/v4xIr1Mbl4\nMFU+7buHX6YnL8nIRlgxAoIBAQDQQ1LXlsHEbLBoqU2XYkE/rvFGGyN2I4YdM/8S\nYTUcp1f/fZyFqGDwLyihZNbQTiy9RDBXkQLoIX4zyZ50YmcSvQQG55B0UzYtK/6f\nIDz2HA5oDxoDcX1xcdBw+aRVoEi2ir4ngyCkM62NAB4HE2ErxZwCDfYD2D0PdXrP\nZwmUXRAivVp2DQBA3DmwWBfHikJB7UA0PvWPauXAutf7xi94xH2770dPE3tH8qjx\n7uuKFhZQ0hThN6ddDLogAeUULRDjJUeoka92nTDeJuC2OgWPjr4W83/htzJuZkT4\nMJN2jyjHOoEme6inFEJL3EWYbcONFbjHFoj5rMVH5L3FFuSlAoIBAQDcmig/HuXB\nnwL3f9txIJNBxLj42s7/zPjQdICHBx02chBf7FE92MdXAX0SLePE+AiUjqfYcefY\nMvfc9+ESBXFB7LSH1Kywc6Fy1heJKCdtszrHdrL7EUjEyEzSac9veUJsoB00bsOt\nc22+LHJy8vuRurBWGG5KK11dhOu7qPR78+0VMPoEo57WuMIAfem9cMyFk9u1feZf\nPLHaFocxa+PSWu3tMj6uljqsGyRy9sd2lITDBC8r9zoDQXl9UPjhksPQ05gdbyIi\nMcTk6vFyN1LgdXxn3rd+h1C5cdIdQzfHNf1R4S662hNRWbhutmXx1Esx8azfn1xT\nDp2ohW/dF2gzAoIBAD5uUCEsoj19z4wwZIAjBihPCyjW7dR2ZbfPZIFf/onuaGTA\nhPFUPmsB2A45qmOba7H5BPzbDaIEmE5x/DwrW3a0jsZ7GESmxTDZZWTSRzQHyRHM\npSGvHcmqMrALRgYdHG8MPGCf4GMY0sfX5yh72L9EZ7X99WfFpNhDgWM3IhoFo9am\nKL4Gu7K10d1ZKxe4DJCyzHJdBUPO6bzSxfhFuulbDc4OtrOvxV8WESslUhp88Ied\n0oCJLHSqYglCSCe6MrvE6yxPL+hAyuttgCNgVVZplfZPXGCPiGCr67Ty6uG5nKHM\nmfatTyt22UDgcUR2cw6SGmgkCz+9WQ5qNbElYbkCggEBAJuxuWIDPokO3xsrBAet\nxACRBTOtypbDZYBKGUQzgyygCGqK8TPDQb1ocYtZE/46SGQA4vliOw1du44a7KC5\ncpvioe+T7GWE1pej/mxxCJLmAkAwyFVmd4NbEs0WnK7CWF0uDC6rVjOe2f90gzoZ\nv++0YSwChiSWwoh0faOutQ6es99W9746dKp7L4EFXOi1KcPE/TX0q5jfz25qo/P/\nf4VBY9catR6nLLW3WlxBS7mnTKQO2fQfwrP1i/ckJOOfn9BM5nkvrFmR4rLmFo5T\n+YwtnyX4DG2itxiK+o5omH9i3WzijwaVTzkFJ6QL25t4B7IyLZ6ObKy6Dg+YTcEu\n+f0CggEANytoGUg3MmxuQaOZQ6LIHmkeaRmPGe5dYWZL5OD0o/BNeY4CW9ehq7L3\n3yw8wYW6jLgZB7q3RHjHsT1l3cyYa6wZczOHOIvYtxpsESIa0L40QtE3IOyw0TP4\nIm8IZl72mI4pEXDNc1DX86wY5et1FrbjNfpJllvooWtPbvYEY0PqWQZCoY7YoQab\n8VgGK92Fuyj0djXCh8hlKD74WjqH4jiW6rw7V6F2qlUil0p5kYnI2VFrYomqF8BJ\nqUF01pqpsJmiTSaEbHKQ4lJRdsNsoJdOoh7qo1Ql9MMWArNZzwR1K3NpYAvv//8X\neJlaBquFu0eG1YlKBPu8eMHMKlldLQ==\n-----END PRIVATE KEY-----\n",
            "public_key_fingerprint_md5": "17:78:f8:dc:7a:ea:22:e2:08:d5:c7:48:a0:2b:6a:c1",
            "public_key_fingerprint_sha256": "SHA256:UrPtpTx2tsLfTn264F50E/n437CJ5JkJHO2sxE0WFfM",
            "public_key_openssh": "ssh-rsa AAAAB3NzaC1yc2EAAAADAQABAAACAQCzd0Ru+eUVbG2Pz0r9OU9hvXdhjN4wuY/Pb4uH9DBGHQFw7zyZXrOegALbidd6MdSK3xXsMjnAZk4CVm5xJ3CAjJVoECTaBDSVrNl3yqnqK9Hpj4f/4v6XV8FxRk2AwsG0VOkcjVMaDgKl1ujhHKA8N470lHAsVPeFR5tF7EtzJT25hHO+5Vy6wKfH6P6YaEH3wYqfRsizwS62ay6zILT3w83O/QFbj7FktML5PbYvMUdYt6fblzi4iW3rdxcUP8oMqwktABtMV5ZZNwNVVcaruJGBPsusyt2qrAcP1UV1nZL443UtW2MY88Mhuu+Wv6w6gY30/MX0hG4vEprIJMWlaYYQGN5qYla/jdT/3cXtqqXzpEbIZFT192xxk4EcJasWWPDK75vx9cq2CurLESoeTxZARXwiZ/DGTPPBYV8eANmnVQaWMv/uJDZVHhRSx5CKl9kTXaT6gYazUafZCO1QnTtu6K8BP9sa7xb709DaKI3ikp69ulSUPBHPfAaop2S0qglGSINNY3YGY8dwVFSrOki8Q7UV+HtWaoLj3MJGD18/gmL19DUuIfSjIB+bmpT4v4Z7BXm655VP8xweUtCvu0nr/uuQEiUMRjL+buKx8H5wuoZKp4CN8OmA155WWjjxv0LCfRVw9A7/myXRV5t7M86mxvOl3nB5b/7bjEWU3w==\n",
            "public_key_pem": "-----BEGIN PUBLIC KEY-----\nMIICIjANBgkqhkiG9w0BAQEFAAOCAg8AMIICCgKCAgEAs3dEbvnlFWxtj89K/TlP\nYb13YYzeMLmPz2+Lh/QwRh0BcO88mV6znoAC24nXejHUit8V7DI5wGZOAlZucSdw\ngIyVaBAk2gQ0lazZd8qp6ivR6Y+H/+L+l1fBcUZNgMLBtFTpHI1TGg4Cpdbo4Ryg\nPDeO9JRwLFT3hUebRexLcyU9uYRzvuVcusCnx+j+mGhB98GKn0bIs8EutmsusyC0\n98PNzv0BW4+xZLTC+T22LzFHWLen25c4uIlt63cXFD/KDKsJLQAbTFeWWTcDVVXG\nq7iRgT7LrMrdqqwHD9VFdZ2S+ON1LVtjGPPDIbrvlr+sOoGN9PzF9IRuLxKayCTF\npWmGEBjeamJWv43U/93F7aql86RGyGRU9fdscZOBHCWrFljwyu+b8fXKtgrqyxEq\nHk8WQEV8ImfwxkzzwWFfHgDZp1UGljL/7iQ2VR4UUseQipfZE12k+oGGs1Gn2Qjt\nUJ07buivAT/bGu8W+9PQ2iiN4pKevbpUlDwRz3wGqKdktKoJRkiDTWN2BmPHcFRU\nqzpIvEO1Ffh7VmqC49zCRg9fP4Ji9fQ1LiH0oyAfm5qU+L+GewV5uueVT/McHlLQ\nr7tJ6/7rkBIlDEYy/m7isfB+cLqGSqeAjfDpgNeeVlo48b9Cwn0VcPQO/5sl0Veb\nezPOpsbzpd5weW/+24xFlN8CAwEAAQ==\n-----END PUBLIC KEY-----\n",
            "rsa_bits": 4096
          },
          "sensitive_attributes": [
            [
              {
                "type": "get_attr",
                "value": "private_key_pem"
              }
            ],
            [
              {
                "type": "get_attr",
                "value": "private_key_openssh"
              }
            ],
            [
              {
                "type": "get_attr",
                "value": "private_key_pem_pkcs8"
              }
            ]
          ]
        }
      ]
    }
  ],
  "check_results": null
}
