{
  "version": 4,
  "terraform_version": "1.7.5",
  "serial": 8278,
  "lineage": "3d246fc3-cb2a-c253-13db-21179c8e1314",
  "outputs": {
    "bastion_public_ip": {
      "value": "43.203.223.5",
      "type": "string"
    },
    "was_ip": {
      "value": "10.10.5.228",
      "type": "string"
    },
    "web_ip": {
      "value": "10.10.3.46",
      "type": "string"
    }
  },
  "resources": [
    {
      "mode": "data",
      "type": "aws_acm_certificate",
      "name": "acm",
      "provider": "provider[\"registry.terraform.io/hashicorp/aws\"]",
      "instances": [
        {
          "schema_version": 0,
          "attributes": {
            "arn": "arn:aws:acm:ap-northeast-2:637423403127:certificate/8e1b4125-ba4a-4752-8513-c1e21e1415e9",
            "certificate": "-----BEGIN CERTIFICATE-----\nMIIFzDCCBLSgAwIBAgIQDiNLnnt7l31PRCN01NZu+TANBgkqhkiG9w0BAQsFADA8\nMQswCQYDVQQGEwJVUzEPMA0GA1UEChMGQW1hem9uMRwwGgYDVQQDExNBbWF6b24g\nUlNBIDIwNDggTTAzMB4XDTI0MDMyNTAwMDAwMFoXDTI1MDQyMzIzNTk1OVowGjEY\nMBYGA1UEAwwPKi5idGl1Y2xvdWQuY29tMIIBIjANBgkqhkiG9w0BAQEFAAOCAQ8A\nMIIBCgKCAQEA1Y7I0qo8tJzMwenwO4ya85ug9pbQV25hHqx8VPmcIWeggfAhLKat\n8+ku2AyRR94gFnIjJ5WiRWq1TDV3PtOqqS4UzbHfZVqydOyOVqGfgL3+ahnnCp8n\nYnAExk8f2WAodwOILtaHUzDuNLnLkmu2NguW+/Q1CGbDICzBHxOyZxfugH53qLMn\nDn+VDNZCvXhXf+x6TYel7tb7Aqy0hpqFzsQsT+z7onZSqo83OpKbvpeutbSzL//i\n1TriMhuoCphjgd15Kun8dvXxmoseopFfjL6TQKdHCHuFmWdKxr0KBtA4XJ1z3uy2\nqYKBs1PMFmWWUV3U4DYJOoj6U5TugXV3XQIDAQABo4IC6jCCAuYwHwYDVR0jBBgw\nFoAUVdkYX9IczAHhWLS+q9lVQgHXLgIwHQYDVR0OBBYEFOgShCsvB2n6mX7xCNy3\ne5z3zor8MBoGA1UdEQQTMBGCDyouYnRpdWNsb3VkLmNvbTATBgNVHSAEDDAKMAgG\nBmeBDAECATAOBgNVHQ8BAf8EBAMCBaAwHQYDVR0lBBYwFAYIKwYBBQUHAwEGCCsG\nAQUFBwMCMDsGA1UdHwQ0MDIwMKAuoCyGKmh0dHA6Ly9jcmwucjJtMDMuYW1hem9u\ndHJ1c3QuY29tL3IybTAzLmNybDB1BggrBgEFBQcBAQRpMGcwLQYIKwYBBQUHMAGG\nIWh0dHA6Ly9vY3NwLnIybTAzLmFtYXpvbnRydXN0LmNvbTA2BggrBgEFBQcwAoYq\naHR0cDovL2NydC5yMm0wMy5hbWF6b250cnVzdC5jb20vcjJtMDMuY2VyMAwGA1Ud\nEwEB/wQCMAAwggGABgorBgEEAdZ5AgQCBIIBcASCAWwBagB2AE51oydcmhDDOFts\n1N8/Uusd8OCOG41pwLH6ZLFimjnfAAABjnTGHJYAAAQDAEcwRQIgBJRoMFDTb9ue\noIyNhcTbjDXS34PYEGH4DM41nRofTXYCIQDuBPGKPDqKCVJnB9GnNpqhohTM5hAV\nQj/Zk0+rw6wnMwB3AH1ZHhLheCp7HGFnfF79+NCHXBSgTpWeuQMv2Q6MLnm4AAAB\njnTGHHAAAAQDAEgwRgIhAKKIYgG5srl7eejUYMLB0NIaIHG0147WHRTAiobFW+Bf\nAiEAyYlDwIKjjgzYzupla5Crbwua+juQecD44R86WHlKNJMAdwDm0jFjQHeMwRBB\nBtdxuc7B0kD2loSG+7qHMh39HjeOUAAAAY50xhx7AAAEAwBIMEYCIQCoop0qhfSL\nu908zdYLr18kagDWulP2497fNGPdtqcGxgIhAJWr+RC+Qtkw83JIntAu49W62KSA\nSDBUnBmrL7qBfUx7MA0GCSqGSIb3DQEBCwUAA4IBAQBUsvRMHAK+WOoVsZShZUnz\n3qoqRnByy9xW/GuKkU/Jr2j8W29jb2OL1GhuahohHCwhGhClnJFG8/stiX8mj2ah\nXu5LuceszzRvXGXGBdI8pjOMnbDtDFA5O7+ZIWZGUyMbt5HvB/P72wpb/mXkQMZl\nGesbP1hGD4ZXEhmgpRnSJXkMAsDN+gVVab7EpI8rrn3m+YgDkj3wPmMZfNANsnWl\nN1WU/KoaeOf1KDcC9LVD1JlofF9LS/frn0Xv1ILTne8m7E2ib+ja3IDUzS5QCb1d\nrLf0JpHA29sH71DwSGueewtF6AXdoauSDma9S/8PSXWp/UENrQSGOPnXR37hY+xk\n-----END CERTIFICATE-----\n",
            "certificate_chain": "-----BEGIN CERTIFICATE-----\nMIIEXjCCA0agAwIBAgITB3MSTNQG0mfAmRzdKZqfODF5hTANBgkqhkiG9w0BAQsF\nADA5MQswCQYDVQQGEwJVUzEPMA0GA1UEChMGQW1hem9uMRkwFwYDVQQDExBBbWF6\nb24gUm9vdCBDQSAxMB4XDTIyMDgyMzIyMjYwNFoXDTMwMDgyMzIyMjYwNFowPDEL\nMAkGA1UEBhMCVVMxDzANBgNVBAoTBkFtYXpvbjEcMBoGA1UEAxMTQW1hem9uIFJT\nQSAyMDQ4IE0wMzCCASIwDQYJKoZIhvcNAQEBBQADggEPADCCAQoCggEBALd/pVko\n8vuM475Tf45HV3BbCl/B9Jy89G1CRkFjcPY06WA9lS+7dWbUA7GtWUKoksr69hKM\nwcMsNpxlw7b3jeXFgxB09/nmalcAWtnLzF+LaDKEA5DQmvKzuh1nfIfqEiKCQSmX\nXh09Xs+dO7cm5qbaL2hhNJCSAejciwcvOFgFNgEMR42wm6KIFHsQW28jhA+1u/M0\np6fVwReuEgZfLfdx82Px0LJck3lST3EB/JfbdsdOzzzg5YkY1dfuqf8y5fUeZ7Cz\nWXbTjujwX/TovmeWKA36VLCz75azW6tDNuDn66FOpADZZ9omVaF6BqNJiLMVl6P3\n/c0OiUMC6Z5OfKcCAwEAAaOCAVowggFWMBIGA1UdEwEB/wQIMAYBAf8CAQAwDgYD\nVR0PAQH/BAQDAgGGMB0GA1UdJQQWMBQGCCsGAQUFBwMBBggrBgEFBQcDAjAdBgNV\nHQ4EFgQUVdkYX9IczAHhWLS+q9lVQgHXLgIwHwYDVR0jBBgwFoAUhBjMhTTsvAyU\nlC4IWZzHshBOCggwewYIKwYBBQUHAQEEbzBtMC8GCCsGAQUFBzABhiNodHRwOi8v\nb2NzcC5yb290Y2ExLmFtYXpvbnRydXN0LmNvbTA6BggrBgEFBQcwAoYuaHR0cDov\nL2NydC5yb290Y2ExLmFtYXpvbnRydXN0LmNvbS9yb290Y2ExLmNlcjA/BgNVHR8E\nODA2MDSgMqAwhi5odHRwOi8vY3JsLnJvb3RjYTEuYW1hem9udHJ1c3QuY29tL3Jv\nb3RjYTEuY3JsMBMGA1UdIAQMMAowCAYGZ4EMAQIBMA0GCSqGSIb3DQEBCwUAA4IB\nAQAGjeWm2cC+3z2MzSCnte46/7JZvj3iQZDY7EvODNdZF41n71Lrk9kbfNwerK0d\nVNzW36Wefr7j7ZSwBVg50W5ay65jNSN74TTQV1yt4WnSbVvN6KlMs1hiyOZdoHKs\nKDV2UGNxbdoBYCQNa2GYF8FQIWLugNp35aSOpMy6cFlymFQomIrnOQHwK1nvVY4q\nxDSJMU/gNJz17D8ArPN3ngnyZ2TwepJ0uBINz3G5te2rdFUF4i4Y3Bb7FUlHDYm4\nu8aIRGpk2ZpfXmxaoxnbIBZRvGLPSUuPwnwoUOMsJ8jirI5vs2dvchPb7MtI1rle\ni02f2ivH2vxkjDLltSpe2fiC\n-----END CERTIFICATE-----\n-----BEGIN CERTIFICATE-----\nMIIEkjCCA3qgAwIBAgITBn+USionzfP6wq4rAfkI7rnExjANBgkqhkiG9w0BAQsF\nADCBmDELMAkGA1UEBhMCVVMxEDAOBgNVBAgTB0FyaXpvbmExEzARBgNVBAcTClNj\nb3R0c2RhbGUxJTAjBgNVBAoTHFN0YXJmaWVsZCBUZWNobm9sb2dpZXMsIEluYy4x\nOzA5BgNVBAMTMlN0YXJmaWVsZCBTZXJ2aWNlcyBSb290IENlcnRpZmljYXRlIEF1\ndGhvcml0eSAtIEcyMB4XDTE1MDUyNTEyMDAwMFoXDTM3MTIzMTAxMDAwMFowOTEL\nMAkGA1UEBhMCVVMxDzANBgNVBAoTBkFtYXpvbjEZMBcGA1UEAxMQQW1hem9uIFJv\nb3QgQ0EgMTCCASIwDQYJKoZIhvcNAQEBBQADggEPADCCAQoCggEBALJ4gHHKeNXj\nca9HgFB0fW7Y14h29Jlo91ghYPl0hAEvrAIthtOgQ3pOsqTQNroBvo3bSMgHFzZM\n9O6II8c+6zf1tRn4SWiw3te5djgdYZ6k/oI2peVKVuRF4fn9tBb6dNqcmzU5L/qw\nIFAGbHrQgLKm+a/sRxmPUDgH3KKHOVj4utWp+UhnMJbulHheb4mjUcAwhmahRWa6\nVOujw5H5SNz/0egwLX0tdHA114gk957EWW67c4cX8jJGKLhD+rcdqsq08p8kDi1L\n93FcXmn/6pUCyziKrlA4b9v7LWIbxcceVOF34GfID5yHI9Y/QCB/IIDEgEw+OyQm\njgSubJrIqg0CAwEAAaOCATEwggEtMA8GA1UdEwEB/wQFMAMBAf8wDgYDVR0PAQH/\nBAQDAgGGMB0GA1UdDgQWBBSEGMyFNOy8DJSULghZnMeyEE4KCDAfBgNVHSMEGDAW\ngBScXwDfqgHXMCs4iKK4bUqc8hGRgzB4BggrBgEFBQcBAQRsMGowLgYIKwYBBQUH\nMAGGImh0dHA6Ly9vY3NwLnJvb3RnMi5hbWF6b250cnVzdC5jb20wOAYIKwYBBQUH\nMAKGLGh0dHA6Ly9jcnQucm9vdGcyLmFtYXpvbnRydXN0LmNvbS9yb290ZzIuY2Vy\nMD0GA1UdHwQ2MDQwMqAwoC6GLGh0dHA6Ly9jcmwucm9vdGcyLmFtYXpvbnRydXN0\nLmNvbS9yb290ZzIuY3JsMBEGA1UdIAQKMAgwBgYEVR0gADANBgkqhkiG9w0BAQsF\nAAOCAQEAYjdCXLwQtT6LLOkMm2xF4gcAevnFWAu5CIw+7bMlPLVvUOTNNWqnkzSW\nMiGpSESrnO09tKpzbeR/FoCJbM8oAxiDR3mjEH4wW6w7sGDgd9QIpuEdfF7Au/ma\neyKdpwAJfqxGF4PcnCZXmTA5YpaP7dreqsXMGz7KQ2hsVxa81Q4gLv7/wmpdLqBK\nbRRYh5TmOTFffHPLkIhqhBGWJ6bt2YFGpn6jcgAKUj6DiAdjd4lpFw85hdKrCEVN\n0FE6/V1dN2RMfjCyVSRCnTawXZwXgWHxyvkQAiSr6w10kY17RSlQOYiypok1JR4U\nakcjMS9cmvqtmg5iUaQqqcT5NJ0hGA==\n-----END CERTIFICATE-----\n-----BEGIN CERTIFICATE-----\nMIIEdTCCA12gAwIBAgIJAKcOSkw0grd/MA0GCSqGSIb3DQEBCwUAMGgxCzAJBgNV\nBAYTAlVTMSUwIwYDVQQKExxTdGFyZmllbGQgVGVjaG5vbG9naWVzLCBJbmMuMTIw\nMAYDVQQLEylTdGFyZmllbGQgQ2xhc3MgMiBDZXJ0aWZpY2F0aW9uIEF1dGhvcml0\neTAeFw0wOTA5MDIwMDAwMDBaFw0zNDA2MjgxNzM5MTZaMIGYMQswCQYDVQQGEwJV\nUzEQMA4GA1UECBMHQXJpem9uYTETMBEGA1UEBxMKU2NvdHRzZGFsZTElMCMGA1UE\nChMcU3RhcmZpZWxkIFRlY2hub2xvZ2llcywgSW5jLjE7MDkGA1UEAxMyU3RhcmZp\nZWxkIFNlcnZpY2VzIFJvb3QgQ2VydGlmaWNhdGUgQXV0aG9yaXR5IC0gRzIwggEi\nMA0GCSqGSIb3DQEBAQUAA4IBDwAwggEKAoIBAQDVDDrEKvlO4vW+GZdfjohTsR8/\ny8+fIBNtKTrID30892t2OGPZNmCom15cAICyL1l/9of5JUOG52kbUpqQ4XHj2C0N\nTm/2yEnZtvMaVq4rtnQU68/7JuMauh2WLmo7WJSJR1b/JaCTcFOD2oR0FMNnngRo\nOt+OQFodSk7PQ5E751bWAHDLUu57fa4657wx+UX2wmDPE1kCK4DMNEffud6QZW0C\nzyyRpqbn3oUYSXxmTqM6bam17jQuug0DuDPfR+uxa40l2ZvOgdFFRjKWcIfeAg5J\nQ4W2bHO7ZOphQazJ1FTfhy/HIrImzJ9ZVGif/L4qL8RVHHVAYBeFAlU5i38FAgMB\nAAGjgfAwge0wDwYDVR0TAQH/BAUwAwEB/zAOBgNVHQ8BAf8EBAMCAYYwHQYDVR0O\nBBYEFJxfAN+qAdcwKziIorhtSpzyEZGDMB8GA1UdIwQYMBaAFL9ft9HO3R+G9FtV\nrNzXEMIOqYjnME8GCCsGAQUFBwEBBEMwQTAcBggrBgEFBQcwAYYQaHR0cDovL28u\nc3MyLnVzLzAhBggrBgEFBQcwAoYVaHR0cDovL3guc3MyLnVzL3guY2VyMCYGA1Ud\nHwQfMB0wG6AZoBeGFWh0dHA6Ly9zLnNzMi51cy9yLmNybDARBgNVHSAECjAIMAYG\nBFUdIAAwDQYJKoZIhvcNAQELBQADggEBACMd44pXyn3pF3lM8R5V/cxTbj5HD9/G\nVfKyBDbtgB9TxF00KGu+x1X8Z+rLP3+QsjPNG1gQggL4+C/1E2DUBc7xgQjB3ad1\nl08YuW3e95ORCLp+QCztweq7dp4zBncdDQh/U90bZKuCJ/Fp1U1ervShw3WnWEQt\n8jxwmKy6abaVd38PMV4s/KCHOkdp8Hlf9BRUpJVeEXgSYCfOn8J3/yNTd126/+pZ\n59vPr5KW7ySaNRB6nJHGDn2Z9j8Z3/VyVOEVqQdZe4O/Ui5GjLIAZHYcSNPYeehu\nVsyuLAOQ1xk4meTKCRlb/weWsKh/NEnfVqn3sF/tM+2MR7cwA130A4w=\n-----END CERTIFICATE-----\n",
            "domain": "*.btiucloud.com",
            "id": "arn:aws:acm:ap-northeast-2:637423403127:certificate/8e1b4125-ba4a-4752-8513-c1e21e1415e9",
            "key_types": null,
            "most_recent": true,
            "status": "ISSUED",
            "statuses": null,
            "tags": {},
            "types": null
          },
          "sensitive_attributes": []
        }
      ]
    },
    {
      "module": "module.acm",
      "mode": "data",
      "type": "aws_route53_zone",
      "name": "r53",
      "provider": "provider[\"registry.terraform.io/hashicorp/aws\"]",
      "instances": [
        {
          "schema_version": 0,
          "attributes": {
            "arn": "arn:aws:route53:::hostedzone/Z0668592GCRH4LPCX73B",
            "caller_reference": "RISWorkflow-RD:5dfb7ee2-83c6-472f-8acc-48d609316a20",
            "comment": "HostedZone created by Route53 Registrar",
            "id": "Z0668592GCRH4LPCX73B",
            "linked_service_description": null,
            "linked_service_principal": null,
            "name": "btiucloud.com",
            "name_servers": [
              "ns-703.awsdns-23.net",
              "ns-497.awsdns-62.com",
              "ns-1387.awsdns-45.org",
              "ns-2034.awsdns-62.co.uk"
            ],
            "primary_name_server": "ns-703.awsdns-23.net",
            "private_zone": false,
            "resource_record_set_count": 21,
            "tags": {},
            "vpc_id": null,
            "zone_id": "Z0668592GCRH4LPCX73B"
          },
          "sensitive_attributes": []
        }
      ]
    },
    {
      "module": "module.acm",
      "mode": "managed",
      "type": "aws_acm_certificate",
      "name": "virginia",
      "provider": "provider[\"registry.terraform.io/hashicorp/aws\"].virginia",
      "instances": [
        {
          "schema_version": 0,
          "attributes": {
            "arn": "arn:aws:acm:us-east-1:637423403127:certificate/1c2da246-4165-44aa-83ca-a065364287d3",
            "certificate_authority_arn": "",
            "certificate_body": null,
            "certificate_chain": null,
            "domain_name": "94102108.btiucloud.com",
            "domain_validation_options": [
              {
                "domain_name": "94102108.btiucloud.com",
                "resource_record_name": "_e682a11c611a19d37e53b0ec2165e3fd.94102108.btiucloud.com.",
                "resource_record_type": "CNAME",
                "resource_record_value": "_a7febd9873dbbd85f3af100b1453b1e6.djqtsrsxkq.acm-validations.aws."
              }
            ],
            "early_renewal_duration": "",
            "id": "arn:aws:acm:us-east-1:637423403127:certificate/1c2da246-4165-44aa-83ca-a065364287d3",
            "key_algorithm": "RSA_2048",
            "not_after": "2025-11-14T23:59:59Z",
            "not_before": "2024-10-15T00:00:00Z",
            "options": [
              {
                "certificate_transparency_logging_preference": "ENABLED"
              }
            ],
            "pending_renewal": false,
            "private_key": null,
            "renewal_eligibility": "ELIGIBLE",
            "renewal_summary": [],
            "status": "ISSUED",
            "subject_alternative_names": [
              "94102108.btiucloud.com"
            ],
            "tags": {
              "Manageby": "Terraform"
            },
            "tags_all": {
              "Manageby": "Terraform"
            },
            "type": "AMAZON_ISSUED",
            "validation_emails": [],
            "validation_method": "DNS",
            "validation_option": []
          },
          "sensitive_attributes": [],
          "private": "bnVsbA==",
          "create_before_destroy": true
        }
      ]
    },
    {
      "module": "module.acm",
      "mode": "managed",
      "type": "aws_acm_certificate_validation",
      "name": "acm",
      "provider": "provider[\"registry.terraform.io/hashicorp/aws\"].virginia",
      "instances": [
        {
          "schema_version": 0,
          "attributes": {
            "certificate_arn": "arn:aws:acm:us-east-1:637423403127:certificate/1c2da246-4165-44aa-83ca-a065364287d3",
            "id": "2024-10-15 01:39:45.84 +0000 UTC",
            "timeouts": null,
            "validation_record_fqdns": [
              "_e682a11c611a19d37e53b0ec2165e3fd.94102108.btiucloud.com"
            ]
          },
          "sensitive_attributes": [],
          "private": "eyJlMmJmYjczMC1lY2FhLTExZTYtOGY4OC0zNDM2M2JjN2M0YzAiOnsiY3JlYXRlIjo0NTAwMDAwMDAwMDAwfX0=",
          "dependencies": [
            "module.acm.aws_acm_certificate.virginia",
            "module.acm.aws_route53_record.acm",
            "module.acm.data.aws_route53_zone.r53"
          ]
        }
      ]
    },
    {
      "module": "module.acm",
      "mode": "managed",
      "type": "aws_route53_record",
      "name": "acm",
      "provider": "provider[\"registry.terraform.io/hashicorp/aws\"].virginia",
      "instances": [
        {
          "index_key": "94102108.btiucloud.com",
          "schema_version": 2,
          "attributes": {
            "alias": [],
            "allow_overwrite": null,
            "cidr_routing_policy": [],
            "failover_routing_policy": [],
            "fqdn": "_e682a11c611a19d37e53b0ec2165e3fd.94102108.btiucloud.com",
            "geolocation_routing_policy": [],
            "geoproximity_routing_policy": [],
            "health_check_id": "",
            "id": "Z0668592GCRH4LPCX73B__e682a11c611a19d37e53b0ec2165e3fd.94102108.btiucloud.com._CNAME",
            "latency_routing_policy": [],
            "multivalue_answer_routing_policy": false,
            "name": "_e682a11c611a19d37e53b0ec2165e3fd.94102108.btiucloud.com",
            "records": [
              "_a7febd9873dbbd85f3af100b1453b1e6.djqtsrsxkq.acm-validations.aws."
            ],
            "set_identifier": "",
            "ttl": 60,
            "type": "CNAME",
            "weighted_routing_policy": [],
            "zone_id": "Z0668592GCRH4LPCX73B"
          },
          "sensitive_attributes": [],
          "private": "eyJzY2hlbWFfdmVyc2lvbiI6IjIifQ==",
          "dependencies": [
            "module.acm.aws_acm_certificate.virginia",
            "module.acm.data.aws_route53_zone.r53"
          ]
        }
      ]
    },
    {
      "module": "module.alb",
      "mode": "data",
      "type": "aws_acm_certificate",
      "name": "acm",
      "provider": "provider[\"registry.terraform.io/hashicorp/aws\"]",
      "instances": [
        {
          "schema_version": 0,
          "attributes": {
            "arn": "arn:aws:acm:ap-northeast-2:637423403127:certificate/8e1b4125-ba4a-4752-8513-c1e21e1415e9",
            "certificate": "-----BEGIN CERTIFICATE-----\nMIIFzDCCBLSgAwIBAgIQDiNLnnt7l31PRCN01NZu+TANBgkqhkiG9w0BAQsFADA8\nMQswCQYDVQQGEwJVUzEPMA0GA1UEChMGQW1hem9uMRwwGgYDVQQDExNBbWF6b24g\nUlNBIDIwNDggTTAzMB4XDTI0MDMyNTAwMDAwMFoXDTI1MDQyMzIzNTk1OVowGjEY\nMBYGA1UEAwwPKi5idGl1Y2xvdWQuY29tMIIBIjANBgkqhkiG9w0BAQEFAAOCAQ8A\nMIIBCgKCAQEA1Y7I0qo8tJzMwenwO4ya85ug9pbQV25hHqx8VPmcIWeggfAhLKat\n8+ku2AyRR94gFnIjJ5WiRWq1TDV3PtOqqS4UzbHfZVqydOyOVqGfgL3+ahnnCp8n\nYnAExk8f2WAodwOILtaHUzDuNLnLkmu2NguW+/Q1CGbDICzBHxOyZxfugH53qLMn\nDn+VDNZCvXhXf+x6TYel7tb7Aqy0hpqFzsQsT+z7onZSqo83OpKbvpeutbSzL//i\n1TriMhuoCphjgd15Kun8dvXxmoseopFfjL6TQKdHCHuFmWdKxr0KBtA4XJ1z3uy2\nqYKBs1PMFmWWUV3U4DYJOoj6U5TugXV3XQIDAQABo4IC6jCCAuYwHwYDVR0jBBgw\nFoAUVdkYX9IczAHhWLS+q9lVQgHXLgIwHQYDVR0OBBYEFOgShCsvB2n6mX7xCNy3\ne5z3zor8MBoGA1UdEQQTMBGCDyouYnRpdWNsb3VkLmNvbTATBgNVHSAEDDAKMAgG\nBmeBDAECATAOBgNVHQ8BAf8EBAMCBaAwHQYDVR0lBBYwFAYIKwYBBQUHAwEGCCsG\nAQUFBwMCMDsGA1UdHwQ0MDIwMKAuoCyGKmh0dHA6Ly9jcmwucjJtMDMuYW1hem9u\ndHJ1c3QuY29tL3IybTAzLmNybDB1BggrBgEFBQcBAQRpMGcwLQYIKwYBBQUHMAGG\nIWh0dHA6Ly9vY3NwLnIybTAzLmFtYXpvbnRydXN0LmNvbTA2BggrBgEFBQcwAoYq\naHR0cDovL2NydC5yMm0wMy5hbWF6b250cnVzdC5jb20vcjJtMDMuY2VyMAwGA1Ud\nEwEB/wQCMAAwggGABgorBgEEAdZ5AgQCBIIBcASCAWwBagB2AE51oydcmhDDOFts\n1N8/Uusd8OCOG41pwLH6ZLFimjnfAAABjnTGHJYAAAQDAEcwRQIgBJRoMFDTb9ue\noIyNhcTbjDXS34PYEGH4DM41nRofTXYCIQDuBPGKPDqKCVJnB9GnNpqhohTM5hAV\nQj/Zk0+rw6wnMwB3AH1ZHhLheCp7HGFnfF79+NCHXBSgTpWeuQMv2Q6MLnm4AAAB\njnTGHHAAAAQDAEgwRgIhAKKIYgG5srl7eejUYMLB0NIaIHG0147WHRTAiobFW+Bf\nAiEAyYlDwIKjjgzYzupla5Crbwua+juQecD44R86WHlKNJMAdwDm0jFjQHeMwRBB\nBtdxuc7B0kD2loSG+7qHMh39HjeOUAAAAY50xhx7AAAEAwBIMEYCIQCoop0qhfSL\nu908zdYLr18kagDWulP2497fNGPdtqcGxgIhAJWr+RC+Qtkw83JIntAu49W62KSA\nSDBUnBmrL7qBfUx7MA0GCSqGSIb3DQEBCwUAA4IBAQBUsvRMHAK+WOoVsZShZUnz\n3qoqRnByy9xW/GuKkU/Jr2j8W29jb2OL1GhuahohHCwhGhClnJFG8/stiX8mj2ah\nXu5LuceszzRvXGXGBdI8pjOMnbDtDFA5O7+ZIWZGUyMbt5HvB/P72wpb/mXkQMZl\nGesbP1hGD4ZXEhmgpRnSJXkMAsDN+gVVab7EpI8rrn3m+YgDkj3wPmMZfNANsnWl\nN1WU/KoaeOf1KDcC9LVD1JlofF9LS/frn0Xv1ILTne8m7E2ib+ja3IDUzS5QCb1d\nrLf0JpHA29sH71DwSGueewtF6AXdoauSDma9S/8PSXWp/UENrQSGOPnXR37hY+xk\n-----END CERTIFICATE-----\n",
            "certificate_chain": "-----BEGIN CERTIFICATE-----\nMIIEXjCCA0agAwIBAgITB3MSTNQG0mfAmRzdKZqfODF5hTANBgkqhkiG9w0BAQsF\nADA5MQswCQYDVQQGEwJVUzEPMA0GA1UEChMGQW1hem9uMRkwFwYDVQQDExBBbWF6\nb24gUm9vdCBDQSAxMB4XDTIyMDgyMzIyMjYwNFoXDTMwMDgyMzIyMjYwNFowPDEL\nMAkGA1UEBhMCVVMxDzANBgNVBAoTBkFtYXpvbjEcMBoGA1UEAxMTQW1hem9uIFJT\nQSAyMDQ4IE0wMzCCASIwDQYJKoZIhvcNAQEBBQADggEPADCCAQoCggEBALd/pVko\n8vuM475Tf45HV3BbCl/B9Jy89G1CRkFjcPY06WA9lS+7dWbUA7GtWUKoksr69hKM\nwcMsNpxlw7b3jeXFgxB09/nmalcAWtnLzF+LaDKEA5DQmvKzuh1nfIfqEiKCQSmX\nXh09Xs+dO7cm5qbaL2hhNJCSAejciwcvOFgFNgEMR42wm6KIFHsQW28jhA+1u/M0\np6fVwReuEgZfLfdx82Px0LJck3lST3EB/JfbdsdOzzzg5YkY1dfuqf8y5fUeZ7Cz\nWXbTjujwX/TovmeWKA36VLCz75azW6tDNuDn66FOpADZZ9omVaF6BqNJiLMVl6P3\n/c0OiUMC6Z5OfKcCAwEAAaOCAVowggFWMBIGA1UdEwEB/wQIMAYBAf8CAQAwDgYD\nVR0PAQH/BAQDAgGGMB0GA1UdJQQWMBQGCCsGAQUFBwMBBggrBgEFBQcDAjAdBgNV\nHQ4EFgQUVdkYX9IczAHhWLS+q9lVQgHXLgIwHwYDVR0jBBgwFoAUhBjMhTTsvAyU\nlC4IWZzHshBOCggwewYIKwYBBQUHAQEEbzBtMC8GCCsGAQUFBzABhiNodHRwOi8v\nb2NzcC5yb290Y2ExLmFtYXpvbnRydXN0LmNvbTA6BggrBgEFBQcwAoYuaHR0cDov\nL2NydC5yb290Y2ExLmFtYXpvbnRydXN0LmNvbS9yb290Y2ExLmNlcjA/BgNVHR8E\nODA2MDSgMqAwhi5odHRwOi8vY3JsLnJvb3RjYTEuYW1hem9udHJ1c3QuY29tL3Jv\nb3RjYTEuY3JsMBMGA1UdIAQMMAowCAYGZ4EMAQIBMA0GCSqGSIb3DQEBCwUAA4IB\nAQAGjeWm2cC+3z2MzSCnte46/7JZvj3iQZDY7EvODNdZF41n71Lrk9kbfNwerK0d\nVNzW36Wefr7j7ZSwBVg50W5ay65jNSN74TTQV1yt4WnSbVvN6KlMs1hiyOZdoHKs\nKDV2UGNxbdoBYCQNa2GYF8FQIWLugNp35aSOpMy6cFlymFQomIrnOQHwK1nvVY4q\nxDSJMU/gNJz17D8ArPN3ngnyZ2TwepJ0uBINz3G5te2rdFUF4i4Y3Bb7FUlHDYm4\nu8aIRGpk2ZpfXmxaoxnbIBZRvGLPSUuPwnwoUOMsJ8jirI5vs2dvchPb7MtI1rle\ni02f2ivH2vxkjDLltSpe2fiC\n-----END CERTIFICATE-----\n-----BEGIN CERTIFICATE-----\nMIIEkjCCA3qgAwIBAgITBn+USionzfP6wq4rAfkI7rnExjANBgkqhkiG9w0BAQsF\nADCBmDELMAkGA1UEBhMCVVMxEDAOBgNVBAgTB0FyaXpvbmExEzARBgNVBAcTClNj\nb3R0c2RhbGUxJTAjBgNVBAoTHFN0YXJmaWVsZCBUZWNobm9sb2dpZXMsIEluYy4x\nOzA5BgNVBAMTMlN0YXJmaWVsZCBTZXJ2aWNlcyBSb290IENlcnRpZmljYXRlIEF1\ndGhvcml0eSAtIEcyMB4XDTE1MDUyNTEyMDAwMFoXDTM3MTIzMTAxMDAwMFowOTEL\nMAkGA1UEBhMCVVMxDzANBgNVBAoTBkFtYXpvbjEZMBcGA1UEAxMQQW1hem9uIFJv\nb3QgQ0EgMTCCASIwDQYJKoZIhvcNAQEBBQADggEPADCCAQoCggEBALJ4gHHKeNXj\nca9HgFB0fW7Y14h29Jlo91ghYPl0hAEvrAIthtOgQ3pOsqTQNroBvo3bSMgHFzZM\n9O6II8c+6zf1tRn4SWiw3te5djgdYZ6k/oI2peVKVuRF4fn9tBb6dNqcmzU5L/qw\nIFAGbHrQgLKm+a/sRxmPUDgH3KKHOVj4utWp+UhnMJbulHheb4mjUcAwhmahRWa6\nVOujw5H5SNz/0egwLX0tdHA114gk957EWW67c4cX8jJGKLhD+rcdqsq08p8kDi1L\n93FcXmn/6pUCyziKrlA4b9v7LWIbxcceVOF34GfID5yHI9Y/QCB/IIDEgEw+OyQm\njgSubJrIqg0CAwEAAaOCATEwggEtMA8GA1UdEwEB/wQFMAMBAf8wDgYDVR0PAQH/\nBAQDAgGGMB0GA1UdDgQWBBSEGMyFNOy8DJSULghZnMeyEE4KCDAfBgNVHSMEGDAW\ngBScXwDfqgHXMCs4iKK4bUqc8hGRgzB4BggrBgEFBQcBAQRsMGowLgYIKwYBBQUH\nMAGGImh0dHA6Ly9vY3NwLnJvb3RnMi5hbWF6b250cnVzdC5jb20wOAYIKwYBBQUH\nMAKGLGh0dHA6Ly9jcnQucm9vdGcyLmFtYXpvbnRydXN0LmNvbS9yb290ZzIuY2Vy\nMD0GA1UdHwQ2MDQwMqAwoC6GLGh0dHA6Ly9jcmwucm9vdGcyLmFtYXpvbnRydXN0\nLmNvbS9yb290ZzIuY3JsMBEGA1UdIAQKMAgwBgYEVR0gADANBgkqhkiG9w0BAQsF\nAAOCAQEAYjdCXLwQtT6LLOkMm2xF4gcAevnFWAu5CIw+7bMlPLVvUOTNNWqnkzSW\nMiGpSESrnO09tKpzbeR/FoCJbM8oAxiDR3mjEH4wW6w7sGDgd9QIpuEdfF7Au/ma\neyKdpwAJfqxGF4PcnCZXmTA5YpaP7dreqsXMGz7KQ2hsVxa81Q4gLv7/wmpdLqBK\nbRRYh5TmOTFffHPLkIhqhBGWJ6bt2YFGpn6jcgAKUj6DiAdjd4lpFw85hdKrCEVN\n0FE6/V1dN2RMfjCyVSRCnTawXZwXgWHxyvkQAiSr6w10kY17RSlQOYiypok1JR4U\nakcjMS9cmvqtmg5iUaQqqcT5NJ0hGA==\n-----END CERTIFICATE-----\n-----BEGIN CERTIFICATE-----\nMIIEdTCCA12gAwIBAgIJAKcOSkw0grd/MA0GCSqGSIb3DQEBCwUAMGgxCzAJBgNV\nBAYTAlVTMSUwIwYDVQQKExxTdGFyZmllbGQgVGVjaG5vbG9naWVzLCBJbmMuMTIw\nMAYDVQQLEylTdGFyZmllbGQgQ2xhc3MgMiBDZXJ0aWZpY2F0aW9uIEF1dGhvcml0\neTAeFw0wOTA5MDIwMDAwMDBaFw0zNDA2MjgxNzM5MTZaMIGYMQswCQYDVQQGEwJV\nUzEQMA4GA1UECBMHQXJpem9uYTETMBEGA1UEBxMKU2NvdHRzZGFsZTElMCMGA1UE\nChMcU3RhcmZpZWxkIFRlY2hub2xvZ2llcywgSW5jLjE7MDkGA1UEAxMyU3RhcmZp\nZWxkIFNlcnZpY2VzIFJvb3QgQ2VydGlmaWNhdGUgQXV0aG9yaXR5IC0gRzIwggEi\nMA0GCSqGSIb3DQEBAQUAA4IBDwAwggEKAoIBAQDVDDrEKvlO4vW+GZdfjohTsR8/\ny8+fIBNtKTrID30892t2OGPZNmCom15cAICyL1l/9of5JUOG52kbUpqQ4XHj2C0N\nTm/2yEnZtvMaVq4rtnQU68/7JuMauh2WLmo7WJSJR1b/JaCTcFOD2oR0FMNnngRo\nOt+OQFodSk7PQ5E751bWAHDLUu57fa4657wx+UX2wmDPE1kCK4DMNEffud6QZW0C\nzyyRpqbn3oUYSXxmTqM6bam17jQuug0DuDPfR+uxa40l2ZvOgdFFRjKWcIfeAg5J\nQ4W2bHO7ZOphQazJ1FTfhy/HIrImzJ9ZVGif/L4qL8RVHHVAYBeFAlU5i38FAgMB\nAAGjgfAwge0wDwYDVR0TAQH/BAUwAwEB/zAOBgNVHQ8BAf8EBAMCAYYwHQYDVR0O\nBBYEFJxfAN+qAdcwKziIorhtSpzyEZGDMB8GA1UdIwQYMBaAFL9ft9HO3R+G9FtV\nrNzXEMIOqYjnME8GCCsGAQUFBwEBBEMwQTAcBggrBgEFBQcwAYYQaHR0cDovL28u\nc3MyLnVzLzAhBggrBgEFBQcwAoYVaHR0cDovL3guc3MyLnVzL3guY2VyMCYGA1Ud\nHwQfMB0wG6AZoBeGFWh0dHA6Ly9zLnNzMi51cy9yLmNybDARBgNVHSAECjAIMAYG\nBFUdIAAwDQYJKoZIhvcNAQELBQADggEBACMd44pXyn3pF3lM8R5V/cxTbj5HD9/G\nVfKyBDbtgB9TxF00KGu+x1X8Z+rLP3+QsjPNG1gQggL4+C/1E2DUBc7xgQjB3ad1\nl08YuW3e95ORCLp+QCztweq7dp4zBncdDQh/U90bZKuCJ/Fp1U1ervShw3WnWEQt\n8jxwmKy6abaVd38PMV4s/KCHOkdp8Hlf9BRUpJVeEXgSYCfOn8J3/yNTd126/+pZ\n59vPr5KW7ySaNRB6nJHGDn2Z9j8Z3/VyVOEVqQdZe4O/Ui5GjLIAZHYcSNPYeehu\nVsyuLAOQ1xk4meTKCRlb/weWsKh/NEnfVqn3sF/tM+2MR7cwA130A4w=\n-----END CERTIFICATE-----\n",
            "domain": "*.btiucloud.com",
            "id": "arn:aws:acm:ap-northeast-2:637423403127:certificate/8e1b4125-ba4a-4752-8513-c1e21e1415e9",
            "key_types": null,
            "most_recent": true,
            "status": "ISSUED",
            "statuses": null,
            "tags": {},
            "types": null
          },
          "sensitive_attributes": []
        }
      ]
    },
    {
      "module": "module.alb",
      "mode": "managed",
      "type": "aws_lb",
      "name": "alb",
      "provider": "provider[\"registry.terraform.io/hashicorp/aws\"]",
      "instances": [
        {
          "schema_version": 0,
          "attributes": {
            "access_logs": [
              {
                "bucket": "",
                "enabled": false,
                "prefix": ""
              }
            ],
            "arn": "arn:aws:elasticloadbalancing:ap-northeast-2:637423403127:loadbalancer/app/94102108-TFT-ALB/0256985bbe7cf796",
            "arn_suffix": "app/94102108-TFT-ALB/0256985bbe7cf796",
            "client_keep_alive": 3600,
            "connection_logs": [
              {
                "bucket": "",
                "enabled": false,
                "prefix": ""
              }
            ],
            "customer_owned_ipv4_pool": "",
            "desync_mitigation_mode": "defensive",
            "dns_name": "94102108-TFT-ALB-414491906.ap-northeast-2.elb.amazonaws.com",
            "dns_record_client_routing_policy": null,
            "drop_invalid_header_fields": false,
            "enable_cross_zone_load_balancing": true,
            "enable_deletion_protection": false,
            "enable_http2": true,
            "enable_tls_version_and_cipher_suite_headers": false,
            "enable_waf_fail_open": false,
            "enable_xff_client_port": false,
            "enforce_security_group_inbound_rules_on_private_link_traffic": "",
            "id": "arn:aws:elasticloadbalancing:ap-northeast-2:637423403127:loadbalancer/app/94102108-TFT-ALB/0256985bbe7cf796",
            "idle_timeout": 60,
            "internal": false,
            "ip_address_type": "ipv4",
            "load_balancer_type": "application",
            "name": "94102108-TFT-ALB",
            "name_prefix": "",
            "preserve_host_header": false,
            "security_groups": [
              "sg-006052150afc3994e"
            ],
            "subnet_mapping": [
              {
                "allocation_id": "",
                "ipv6_address": "",
                "outpost_id": "",
                "private_ipv4_address": "",
                "subnet_id": "subnet-035d10b2e79af0179"
              },
              {
                "allocation_id": "",
                "ipv6_address": "",
                "outpost_id": "",
                "private_ipv4_address": "",
                "subnet_id": "subnet-036e5041edcc6ee75"
              }
            ],
            "subnets": [
              "subnet-035d10b2e79af0179",
              "subnet-036e5041edcc6ee75"
            ],
            "tags": {
              "Manageby": "Terraform"
            },
            "tags_all": {
              "Manageby": "Terraform"
            },
            "timeouts": null,
            "vpc_id": "vpc-09a0ec0b1d5860f93",
            "xff_header_processing_mode": "append",
            "zone_id": "ZWKZPGTI48KDX"
          },
          "sensitive_attributes": [],
          "private": "eyJlMmJmYjczMC1lY2FhLTExZTYtOGY4OC0zNDM2M2JjN2M0YzAiOnsiY3JlYXRlIjo2MDAwMDAwMDAwMDAsImRlbGV0ZSI6NjAwMDAwMDAwMDAwLCJ1cGRhdGUiOjYwMDAwMDAwMDAwMH19",
          "dependencies": [
            "module.security_groups.aws_security_group.ALB",
            "module.vpc.module.vpc.aws_subnet.public",
            "module.vpc.module.vpc.aws_vpc.this",
            "module.vpc.module.vpc.aws_vpc_ipv4_cidr_block_association.this"
          ]
        }
      ]
    },
    {
      "module": "module.alb",
      "mode": "managed",
      "type": "aws_lb_listener",
      "name": "alb",
      "provider": "provider[\"registry.terraform.io/hashicorp/aws\"]",
      "instances": [
        {
          "schema_version": 0,
          "attributes": {
            "alpn_policy": null,
            "arn": "arn:aws:elasticloadbalancing:ap-northeast-2:637423403127:listener/app/94102108-TFT-ALB/0256985bbe7cf796/61461bc5296e4ef9",
            "certificate_arn": null,
            "default_action": [
              {
                "authenticate_cognito": [],
                "authenticate_oidc": [],
                "fixed_response": [
                  {
                    "content_type": "text/plain",
                    "message_body": "404: page not found/n",
                    "status_code": "404"
                  }
                ],
                "forward": [],
                "order": 1,
                "redirect": [],
                "target_group_arn": "",
                "type": "fixed-response"
              }
            ],
            "id": "arn:aws:elasticloadbalancing:ap-northeast-2:637423403127:listener/app/94102108-TFT-ALB/0256985bbe7cf796/61461bc5296e4ef9",
            "load_balancer_arn": "arn:aws:elasticloadbalancing:ap-northeast-2:637423403127:loadbalancer/app/94102108-TFT-ALB/0256985bbe7cf796",
            "mutual_authentication": [],
            "port": 80,
            "protocol": "HTTP",
            "ssl_policy": "",
            "tags": {},
            "tags_all": {},
            "timeouts": null
          },
          "sensitive_attributes": [],
          "private": "eyJlMmJmYjczMC1lY2FhLTExZTYtOGY4OC0zNDM2M2JjN2M0YzAiOnsiY3JlYXRlIjozMDAwMDAwMDAwMDAsInVwZGF0ZSI6MzAwMDAwMDAwMDAwfX0=",
          "dependencies": [
            "module.alb.aws_lb.alb",
            "module.security_groups.aws_security_group.ALB",
            "module.vpc.module.vpc.aws_subnet.public",
            "module.vpc.module.vpc.aws_vpc.this",
            "module.vpc.module.vpc.aws_vpc_ipv4_cidr_block_association.this"
          ]
        }
      ]
    },
    {
      "module": "module.alb",
      "mode": "managed",
      "type": "aws_lb_listener",
      "name": "http",
      "provider": "provider[\"registry.terraform.io/hashicorp/aws\"]",
      "instances": [
        {
          "schema_version": 0,
          "attributes": {
            "alpn_policy": null,
            "arn": "arn:aws:elasticloadbalancing:ap-northeast-2:637423403127:listener/app/94102108-TFT-ALB/0256985bbe7cf796/dea8cc38b2b3c21d",
            "certificate_arn": "arn:aws:acm:ap-northeast-2:637423403127:certificate/8e1b4125-ba4a-4752-8513-c1e21e1415e9",
            "default_action": [
              {
                "authenticate_cognito": [],
                "authenticate_oidc": [],
                "fixed_response": [],
                "forward": [],
                "order": 1,
                "redirect": [],
                "target_group_arn": "arn:aws:elasticloadbalancing:ap-northeast-2:637423403127:targetgroup/94102108-TFT-ALB/42cb78cc3bc8c5a8",
                "type": "forward"
              }
            ],
            "id": "arn:aws:elasticloadbalancing:ap-northeast-2:637423403127:listener/app/94102108-TFT-ALB/0256985bbe7cf796/dea8cc38b2b3c21d",
            "load_balancer_arn": "arn:aws:elasticloadbalancing:ap-northeast-2:637423403127:loadbalancer/app/94102108-TFT-ALB/0256985bbe7cf796",
            "mutual_authentication": [
              {
                "ignore_client_certificate_expiry": false,
                "mode": "off",
                "trust_store_arn": ""
              }
            ],
            "port": 443,
            "protocol": "HTTPS",
            "ssl_policy": "ELBSecurityPolicy-2016-08",
            "tags": {},
            "tags_all": {},
            "timeouts": null
          },
          "sensitive_attributes": [],
          "private": "eyJlMmJmYjczMC1lY2FhLTExZTYtOGY4OC0zNDM2M2JjN2M0YzAiOnsiY3JlYXRlIjozMDAwMDAwMDAwMDAsInVwZGF0ZSI6MzAwMDAwMDAwMDAwfX0=",
          "dependencies": [
            "module.alb.aws_lb.alb",
            "module.alb.aws_lb_target_group.atg",
            "module.alb.data.aws_acm_certificate.acm",
            "module.security_groups.aws_security_group.ALB",
            "module.vpc.module.vpc.aws_subnet.public",
            "module.vpc.module.vpc.aws_vpc.this",
            "module.vpc.module.vpc.aws_vpc_ipv4_cidr_block_association.this"
          ]
        }
      ]
    },
    {
      "module": "module.alb",
      "mode": "managed",
      "type": "aws_lb_listener_rule",
      "name": "asg",
      "provider": "provider[\"registry.terraform.io/hashicorp/aws\"]",
      "instances": [
        {
          "schema_version": 0,
          "attributes": {
            "action": [
              {
                "authenticate_cognito": [],
                "authenticate_oidc": [],
                "fixed_response": [],
                "forward": [],
                "order": 1,
                "redirect": [],
                "target_group_arn": "arn:aws:elasticloadbalancing:ap-northeast-2:637423403127:targetgroup/94102108-TFT-ALB/42cb78cc3bc8c5a8",
                "type": "forward"
              }
            ],
            "arn": "arn:aws:elasticloadbalancing:ap-northeast-2:637423403127:listener-rule/app/94102108-TFT-ALB/0256985bbe7cf796/61461bc5296e4ef9/dff9172c37c06b5c",
            "condition": [
              {
                "host_header": [],
                "http_header": [],
                "http_request_method": [],
                "path_pattern": [
                  {
                    "values": [
                      "*"
                    ]
                  }
                ],
                "query_string": [],
                "source_ip": []
              }
            ],
            "id": "arn:aws:elasticloadbalancing:ap-northeast-2:637423403127:listener-rule/app/94102108-TFT-ALB/0256985bbe7cf796/61461bc5296e4ef9/dff9172c37c06b5c",
            "listener_arn": "arn:aws:elasticloadbalancing:ap-northeast-2:637423403127:listener/app/94102108-TFT-ALB/0256985bbe7cf796/61461bc5296e4ef9",
            "priority": 100,
            "tags": {},
            "tags_all": {}
          },
          "sensitive_attributes": [],
          "private": "bnVsbA==",
          "dependencies": [
            "module.alb.aws_lb.alb",
            "module.alb.aws_lb_listener.alb",
            "module.alb.aws_lb_target_group.atg",
            "module.security_groups.aws_security_group.ALB",
            "module.vpc.module.vpc.aws_subnet.public",
            "module.vpc.module.vpc.aws_vpc.this",
            "module.vpc.module.vpc.aws_vpc_ipv4_cidr_block_association.this"
          ]
        }
      ]
    },
    {
      "module": "module.alb",
      "mode": "managed",
      "type": "aws_lb_target_group",
      "name": "atg",
      "provider": "provider[\"registry.terraform.io/hashicorp/aws\"]",
      "instances": [
        {
          "schema_version": 0,
          "attributes": {
            "arn": "arn:aws:elasticloadbalancing:ap-northeast-2:637423403127:targetgroup/94102108-TFT-ALB/42cb78cc3bc8c5a8",
            "arn_suffix": "targetgroup/94102108-TFT-ALB/42cb78cc3bc8c5a8",
            "connection_termination": null,
            "deregistration_delay": "0",
            "health_check": [
              {
                "enabled": true,
                "healthy_threshold": 3,
                "interval": 30,
                "matcher": "200",
                "path": "/",
                "port": "traffic-port",
                "protocol": "HTTP",
                "timeout": 5,
                "unhealthy_threshold": 2
              }
            ],
            "id": "arn:aws:elasticloadbalancing:ap-northeast-2:637423403127:targetgroup/94102108-TFT-ALB/42cb78cc3bc8c5a8",
            "ip_address_type": "ipv4",
            "lambda_multi_value_headers_enabled": false,
            "load_balancer_arns": [
              "arn:aws:elasticloadbalancing:ap-northeast-2:637423403127:loadbalancer/app/94102108-TFT-ALB/0256985bbe7cf796"
            ],
            "load_balancing_algorithm_type": "round_robin",
            "load_balancing_anomaly_mitigation": "off",
            "load_balancing_cross_zone_enabled": "use_load_balancer_configuration",
            "name": "94102108-TFT-ALB",
            "name_prefix": "",
            "port": 80,
            "preserve_client_ip": null,
            "protocol": "HTTP",
            "protocol_version": "HTTP1",
            "proxy_protocol_v2": false,
            "slow_start": 0,
            "stickiness": [
              {
                "cookie_duration": 86400,
                "cookie_name": "",
                "enabled": false,
                "type": "lb_cookie"
              }
            ],
            "tags": {},
            "tags_all": {},
            "target_failover": [
              {
                "on_deregistration": null,
                "on_unhealthy": null
              }
            ],
            "target_group_health": [
              {
                "dns_failover": [
                  {
                    "minimum_healthy_targets_count": "1",
                    "minimum_healthy_targets_percentage": "off"
                  }
                ],
                "unhealthy_state_routing": [
                  {
                    "minimum_healthy_targets_count": 1,
                    "minimum_healthy_targets_percentage": "off"
                  }
                ]
              }
            ],
            "target_health_state": [
              {
                "enable_unhealthy_connection_termination": null,
                "unhealthy_draining_interval": null
              }
            ],
            "target_type": "instance",
            "vpc_id": "vpc-09a0ec0b1d5860f93"
          },
          "sensitive_attributes": [],
          "private": "bnVsbA==",
          "dependencies": [
            "module.vpc.module.vpc.aws_vpc.this"
          ]
        }
      ]
    },
    {
      "module": "module.alb",
      "mode": "managed",
      "type": "aws_lb_target_group_attachment",
      "name": "tft1",
      "provider": "provider[\"registry.terraform.io/hashicorp/aws\"]",
      "instances": [
        {
          "schema_version": 0,
          "attributes": {
            "availability_zone": null,
            "id": "arn:aws:elasticloadbalancing:ap-northeast-2:637423403127:targetgroup/94102108-TFT-ALB/42cb78cc3bc8c5a8-2024101501430618870000000a",
            "port": 80,
            "target_group_arn": "arn:aws:elasticloadbalancing:ap-northeast-2:637423403127:targetgroup/94102108-TFT-ALB/42cb78cc3bc8c5a8",
            "target_id": "i-0bcb3501d1595a36f"
          },
          "sensitive_attributes": [],
          "private": "bnVsbA==",
          "dependencies": [
            "module.alb.aws_lb_target_group.atg",
            "module.ec2.module.ec2_instance1.aws_iam_instance_profile.this",
            "module.ec2.module.ec2_instance1.aws_iam_role.this",
            "module.ec2.module.ec2_instance1.aws_instance.ignore_ami",
            "module.ec2.module.ec2_instance1.aws_instance.this",
            "module.ec2.module.ec2_instance1.aws_spot_instance_request.this",
            "module.ec2.module.ec2_instance1.data.aws_iam_policy_document.assume_role_policy",
            "module.ec2.module.ec2_instance1.data.aws_partition.current",
            "module.ec2.module.ec2_instance1.data.aws_ssm_parameter.this",
            "module.ec2.module.ec2_instance2.aws_iam_instance_profile.this",
            "module.ec2.module.ec2_instance2.aws_iam_role.this",
            "module.ec2.module.ec2_instance2.aws_instance.ignore_ami",
            "module.ec2.module.ec2_instance2.aws_instance.this",
            "module.ec2.module.ec2_instance2.aws_spot_instance_request.this",
            "module.ec2.module.ec2_instance2.data.aws_iam_policy_document.assume_role_policy",
            "module.ec2.module.ec2_instance2.data.aws_partition.current",
            "module.ec2.module.ec2_instance2.data.aws_ssm_parameter.this",
            "module.nlb.aws_lb.nlb",
            "module.security_groups.aws_security_group.ALB",
            "module.security_groups.aws_security_group.Bastion",
            "module.security_groups.aws_security_group.WEB",
            "module.vpc.module.vpc.aws_subnet.private",
            "module.vpc.module.vpc.aws_vpc.this",
            "module.vpc.module.vpc.aws_vpc_ipv4_cidr_block_association.this"
          ]
        }
      ]
    },
    {
      "module": "module.alb",
      "mode": "managed",
      "type": "aws_lb_target_group_attachment",
      "name": "tft2",
      "provider": "provider[\"registry.terraform.io/hashicorp/aws\"]",
      "instances": [
        {
          "schema_version": 0,
          "attributes": {
            "availability_zone": null,
            "id": "arn:aws:elasticloadbalancing:ap-northeast-2:637423403127:targetgroup/94102108-TFT-ALB/42cb78cc3bc8c5a8-2024101501430623950000000b",
            "port": 80,
            "target_group_arn": "arn:aws:elasticloadbalancing:ap-northeast-2:637423403127:targetgroup/94102108-TFT-ALB/42cb78cc3bc8c5a8",
            "target_id": "i-0dc2b8b8ee646623a"
          },
          "sensitive_attributes": [],
          "private": "bnVsbA==",
          "dependencies": [
            "module.alb.aws_lb_target_group.atg",
            "module.ec2.module.ec2_instance1.aws_iam_instance_profile.this",
            "module.ec2.module.ec2_instance1.aws_iam_role.this",
            "module.ec2.module.ec2_instance1.aws_instance.ignore_ami",
            "module.ec2.module.ec2_instance1.aws_instance.this",
            "module.ec2.module.ec2_instance1.aws_spot_instance_request.this",
            "module.ec2.module.ec2_instance1.data.aws_iam_policy_document.assume_role_policy",
            "module.ec2.module.ec2_instance1.data.aws_partition.current",
            "module.ec2.module.ec2_instance1.data.aws_ssm_parameter.this",
            "module.ec2.module.ec2_instance2.aws_iam_instance_profile.this",
            "module.ec2.module.ec2_instance2.aws_iam_role.this",
            "module.ec2.module.ec2_instance2.aws_instance.ignore_ami",
            "module.ec2.module.ec2_instance2.aws_instance.this",
            "module.ec2.module.ec2_instance2.aws_spot_instance_request.this",
            "module.ec2.module.ec2_instance2.data.aws_iam_policy_document.assume_role_policy",
            "module.ec2.module.ec2_instance2.data.aws_partition.current",
            "module.ec2.module.ec2_instance2.data.aws_ssm_parameter.this",
            "module.nlb.aws_lb.nlb",
            "module.security_groups.aws_security_group.ALB",
            "module.security_groups.aws_security_group.Bastion",
            "module.security_groups.aws_security_group.WEB",
            "module.vpc.module.vpc.aws_subnet.private",
            "module.vpc.module.vpc.aws_vpc.this",
            "module.vpc.module.vpc.aws_vpc_ipv4_cidr_block_association.this"
          ]
        }
      ]
    },
    {
      "module": "module.cdn",
      "mode": "managed",
      "type": "aws_cloudfront_origin_access_control",
      "name": "oac",
      "provider": "provider[\"registry.terraform.io/hashicorp/aws\"]",
      "instances": [
        {
          "schema_version": 0,
          "attributes": {
            "description": "OAC for Cloudfront TFT",
            "etag": "E3UN6WX5RRO2AG",
            "id": "E37JSN1Z8HBIBK",
            "name": "TFT",
            "origin_access_control_origin_type": "s3",
            "signing_behavior": "always",
            "signing_protocol": "sigv4"
          },
          "sensitive_attributes": [],
          "private": "bnVsbA=="
        }
      ]
    },
    {
      "module": "module.cdn.module.cdn",
      "mode": "managed",
      "type": "aws_cloudfront_distribution",
      "name": "this",
      "provider": "provider[\"registry.terraform.io/hashicorp/aws\"]",
      "instances": [
        {
          "index_key": 0,
          "schema_version": 1,
          "attributes": {
            "aliases": [
              "94102108.btiucloud.com"
            ],
            "arn": "arn:aws:cloudfront::637423403127:distribution/E2XCHYNQ1WKFDS",
            "caller_reference": "terraform-20241015014256300000000009",
            "comment": "CloudFront_TFT",
            "continuous_deployment_policy_id": "",
            "custom_error_response": [],
            "default_cache_behavior": [
              {
                "allowed_methods": [
                  "DELETE",
                  "GET",
                  "HEAD",
                  "OPTIONS",
                  "PATCH",
                  "POST",
                  "PUT"
                ],
                "cache_policy_id": "",
                "cached_methods": [
                  "GET",
                  "HEAD"
                ],
                "compress": true,
                "default_ttl": 0,
                "field_level_encryption_id": "",
                "forwarded_values": [
                  {
                    "cookies": [
                      {
                        "forward": "none",
                        "whitelisted_names": []
                      }
                    ],
                    "headers": [],
                    "query_string": true,
                    "query_string_cache_keys": []
                  }
                ],
                "function_association": [],
                "lambda_function_association": [],
                "max_ttl": 0,
                "min_ttl": 0,
                "origin_request_policy_id": "",
                "realtime_log_config_arn": "",
                "response_headers_policy_id": "",
                "smooth_streaming": false,
                "target_origin_id": "94102108-tft-s3",
                "trusted_key_groups": [],
                "trusted_signers": [],
                "viewer_protocol_policy": "redirect-to-https"
              }
            ],
            "default_root_object": "index.html",
            "domain_name": "d21fqhxm581a5h.cloudfront.net",
            "enabled": true,
            "etag": "E3NPH9NNYU891L",
            "hosted_zone_id": "Z2FDTNDATAQYW2",
            "http_version": "http2",
            "id": "E2XCHYNQ1WKFDS",
            "in_progress_validation_batches": 0,
            "is_ipv6_enabled": true,
            "last_modified_time": "2024-10-15 03:54:49.824 +0000 UTC",
            "logging_config": [],
            "ordered_cache_behavior": [
              {
                "allowed_methods": [
                  "GET",
                  "HEAD"
                ],
                "cache_policy_id": "",
                "cached_methods": [
                  "GET",
                  "HEAD"
                ],
                "compress": true,
                "default_ttl": 0,
                "field_level_encryption_id": "",
                "forwarded_values": [
                  {
                    "cookies": [
                      {
                        "forward": "none",
                        "whitelisted_names": []
                      }
                    ],
                    "headers": [],
                    "query_string": true,
                    "query_string_cache_keys": []
                  }
                ],
                "function_association": [],
                "lambda_function_association": [],
                "max_ttl": 0,
                "min_ttl": 0,
                "origin_request_policy_id": "",
                "path_pattern": "/",
                "realtime_log_config_arn": "",
                "response_headers_policy_id": "",
                "smooth_streaming": false,
                "target_origin_id": "94102108-TFT-ALB",
                "trusted_key_groups": [],
                "trusted_signers": [],
                "viewer_protocol_policy": "redirect-to-https"
              }
            ],
            "origin": [
              {
                "connection_attempts": 3,
                "connection_timeout": 10,
                "custom_header": [],
                "custom_origin_config": [
                  {
                    "http_port": 80,
                    "https_port": 443,
                    "origin_keepalive_timeout": 5,
                    "origin_protocol_policy": "http-only",
                    "origin_read_timeout": 30,
                    "origin_ssl_protocols": [
                      "TLSv1.2"
                    ]
                  }
                ],
                "domain_name": "94102108-TFT-ALB-414491906.ap-northeast-2.elb.amazonaws.com",
                "origin_access_control_id": null,
                "origin_id": "94102108-TFT-ALB",
                "origin_path": "",
                "origin_shield": [],
                "s3_origin_config": []
              },
              {
                "connection_attempts": 3,
                "connection_timeout": 10,
                "custom_header": [],
                "custom_origin_config": [],
                "domain_name": "94102108-tft-s3.s3.ap-northeast-2.amazonaws.com",
                "origin_access_control_id": "E37JSN1Z8HBIBK",
                "origin_id": "94102108-tft-s3",
                "origin_path": "/test",
                "origin_shield": [],
                "s3_origin_config": []
              }
            ],
            "origin_group": [],
            "price_class": "PriceClass_200",
            "restrictions": [
              {
                "geo_restriction": [
                  {
                    "locations": [],
                    "restriction_type": "none"
                  }
                ]
              }
            ],
            "retain_on_delete": false,
            "staging": false,
            "status": "InProgress",
            "tags": {
              "Manageby": "Terraform"
            },
            "tags_all": {
              "Manageby": "Terraform"
            },
            "trusted_key_groups": [
              {
                "enabled": false,
                "items": []
              }
            ],
            "trusted_signers": [
              {
                "enabled": false,
                "items": []
              }
            ],
            "viewer_certificate": [
              {
                "acm_certificate_arn": "arn:aws:acm:us-east-1:637423403127:certificate/1c2da246-4165-44aa-83ca-a065364287d3",
                "cloudfront_default_certificate": false,
                "iam_certificate_id": "",
                "minimum_protocol_version": "TLSv1.2_2021",
                "ssl_support_method": "sni-only"
              }
            ],
            "wait_for_deployment": false,
            "web_acl_id": "arn:aws:wafv2:us-east-1:637423403127:global/webacl/94102108-laC-TFT-WAF/ee44b1bd-b69c-4450-9531-032661dbafa1"
          },
          "sensitive_attributes": [],
          "private": "eyJzY2hlbWFfdmVyc2lvbiI6IjEifQ==",
          "dependencies": [
            "module.acm.aws_acm_certificate.virginia",
            "module.alb.aws_lb.alb",
            "module.cdn.aws_cloudfront_origin_access_control.oac",
            "module.cdn.module.cdn.aws_cloudfront_origin_access_control.this",
            "module.cdn.module.cdn.aws_cloudfront_origin_access_identity.this",
            "module.cdn.module.cdn.data.aws_cloudfront_cache_policy.this",
            "module.cdn.module.cdn.data.aws_cloudfront_origin_request_policy.this",
            "module.cdn.module.cdn.data.aws_cloudfront_response_headers_policy.this",
            "module.s3.module.s3_bucket_for_logs.aws_s3_bucket.this",
            "module.security_groups.aws_security_group.ALB",
            "module.vpc.module.vpc.aws_subnet.public",
            "module.vpc.module.vpc.aws_vpc.this",
            "module.vpc.module.vpc.aws_vpc_ipv4_cidr_block_association.this",
            "module.waf.aws_wafv2_ip_set.ipset",
            "module.waf.aws_wafv2_web_acl.waf"
          ]
        }
      ]
    },
    {
      "module": "module.dev.module.dev_policy",
      "mode": "managed",
      "type": "aws_iam_policy",
      "name": "policy",
      "provider": "provider[\"registry.terraform.io/hashicorp/aws\"]",
      "instances": [
        {
          "index_key": 0,
          "schema_version": 0,
          "attributes": {
            "arn": "arn:aws:iam::637423403127:policy/dev_vpc_restrict_policy",
            "attachment_count": 0,
            "description": "VPC 생성을 금지하는 dev 정책",
            "id": "arn:aws:iam::637423403127:policy/dev_vpc_restrict_policy",
            "name": "dev_vpc_restrict_policy",
            "name_prefix": "",
            "path": "/",
            "policy": "{\"Statement\":[{\"Action\":[\"ec2:CreateVpc\"],\"Effect\":\"Deny\",\"Resource\":\"*\"}],\"Version\":\"2012-10-17\"}",
            "policy_id": "ANPAZI2LFIB37WMGPF7LW",
            "tags": {},
            "tags_all": {}
          },
          "sensitive_attributes": [],
          "private": "bnVsbA=="
        }
      ]
    },
    {
      "module": "module.ec2.module.ec2_instance",
      "mode": "data",
      "type": "aws_partition",
      "name": "current",
      "provider": "provider[\"registry.terraform.io/hashicorp/aws\"]",
      "instances": [
        {
          "schema_version": 0,
          "attributes": {
            "dns_suffix": "amazonaws.com",
            "id": "aws",
            "partition": "aws",
            "reverse_dns_prefix": "com.amazonaws"
          },
          "sensitive_attributes": []
        }
      ]
    },
    {
      "module": "module.ec2.module.ec2_instance",
      "mode": "managed",
      "type": "aws_instance",
      "name": "this",
      "provider": "provider[\"registry.terraform.io/hashicorp/aws\"]",
      "instances": [
        {
          "index_key": 0,
          "schema_version": 1,
          "attributes": {
            "ami": "ami-00ff737803101edd1",
            "arn": "arn:aws:ec2:ap-northeast-2:637423403127:instance/i-0b022bab952af29f9",
            "associate_public_ip_address": true,
            "availability_zone": "ap-northeast-2a",
            "capacity_reservation_specification": [
              {
                "capacity_reservation_preference": "open",
                "capacity_reservation_target": []
              }
            ],
            "cpu_core_count": 1,
            "cpu_options": [
              {
                "amd_sev_snp": "",
                "core_count": 1,
                "threads_per_core": 1
              }
            ],
            "cpu_threads_per_core": 1,
            "credit_specification": [
              {
                "cpu_credits": "standard"
              }
            ],
            "disable_api_stop": false,
            "disable_api_termination": false,
            "ebs_block_device": [],
            "ebs_optimized": false,
            "enclave_options": [
              {
                "enabled": false
              }
            ],
            "ephemeral_block_device": [],
            "get_password_data": false,
            "hibernation": false,
            "host_id": "",
            "host_resource_group_arn": null,
            "iam_instance_profile": "",
            "id": "i-0b022bab952af29f9",
            "instance_initiated_shutdown_behavior": "stop",
            "instance_lifecycle": "",
            "instance_market_options": [],
            "instance_state": "running",
            "instance_type": "t2.micro",
            "ipv6_address_count": 0,
            "ipv6_addresses": [],
            "key_name": "tt",
            "launch_template": [],
            "maintenance_options": [
              {
                "auto_recovery": "default"
              }
            ],
            "metadata_options": [
              {
                "http_endpoint": "enabled",
                "http_protocol_ipv6": "disabled",
                "http_put_response_hop_limit": 1,
                "http_tokens": "optional",
                "instance_metadata_tags": "disabled"
              }
            ],
            "monitoring": false,
            "network_interface": [],
            "outpost_arn": "",
            "password_data": "",
            "placement_group": "",
            "placement_partition_number": 0,
            "primary_network_interface_id": "eni-01ef28e47d5735dbc",
            "private_dns": "ip-10-10-1-85.ap-northeast-2.compute.internal",
            "private_dns_name_options": [
              {
                "enable_resource_name_dns_a_record": false,
                "enable_resource_name_dns_aaaa_record": false,
                "hostname_type": "ip-name"
              }
            ],
            "private_ip": "10.10.1.85",
            "public_dns": "ec2-43-203-223-5.ap-northeast-2.compute.amazonaws.com",
            "public_ip": "43.203.223.5",
            "root_block_device": [
              {
                "delete_on_termination": true,
                "device_name": "/dev/xvda",
                "encrypted": false,
                "iops": 3000,
                "kms_key_id": "",
                "tags": {},
                "tags_all": {},
                "throughput": 125,
                "volume_id": "vol-01e075a89750750bf",
                "volume_size": 8,
                "volume_type": "gp3"
              }
            ],
            "secondary_private_ips": [],
            "security_groups": [],
            "source_dest_check": true,
            "spot_instance_request_id": "",
            "subnet_id": "subnet-036e5041edcc6ee75",
            "tags": {
              "Manageby": "Terraform",
              "Name": "Bastion"
            },
            "tags_all": {
              "Manageby": "Terraform",
              "Name": "Bastion"
            },
            "tenancy": "default",
            "timeouts": {
              "create": null,
              "delete": null,
              "read": null,
              "update": null
            },
            "user_data": null,
            "user_data_base64": null,
            "user_data_replace_on_change": false,
            "volume_tags": {
              "Name": "Bastion"
            },
            "vpc_security_group_ids": [
              "sg-030f6bf64fdc0c085"
            ]
          },
          "sensitive_attributes": [],
          "private": "eyJlMmJmYjczMC1lY2FhLTExZTYtOGY4OC0zNDM2M2JjN2M0YzAiOnsiY3JlYXRlIjo2MDAwMDAwMDAwMDAsImRlbGV0ZSI6MTIwMDAwMDAwMDAwMCwicmVhZCI6OTAwMDAwMDAwMDAwLCJ1cGRhdGUiOjYwMDAwMDAwMDAwMH0sInNjaGVtYV92ZXJzaW9uIjoiMSJ9",
          "dependencies": [
            "module.ec2.module.ec2_instance.aws_iam_instance_profile.this",
            "module.ec2.module.ec2_instance.aws_iam_role.this",
            "module.ec2.module.ec2_instance.data.aws_iam_policy_document.assume_role_policy",
            "module.ec2.module.ec2_instance.data.aws_partition.current",
            "module.ec2.module.ec2_instance.data.aws_ssm_parameter.this",
            "module.security_groups.aws_security_group.Bastion",
            "module.vpc.module.vpc.aws_subnet.public",
            "module.vpc.module.vpc.aws_vpc.this",
            "module.vpc.module.vpc.aws_vpc_ipv4_cidr_block_association.this"
          ]
        }
      ]
    },
    {
      "module": "module.ec2.module.ec2_instance1",
      "mode": "data",
      "type": "aws_partition",
      "name": "current",
      "provider": "provider[\"registry.terraform.io/hashicorp/aws\"]",
      "instances": [
        {
          "schema_version": 0,
          "attributes": {
            "dns_suffix": "amazonaws.com",
            "id": "aws",
            "partition": "aws",
            "reverse_dns_prefix": "com.amazonaws"
          },
          "sensitive_attributes": []
        }
      ]
    },
    {
      "module": "module.ec2.module.ec2_instance1",
      "mode": "managed",
      "type": "aws_instance",
      "name": "this",
      "provider": "provider[\"registry.terraform.io/hashicorp/aws\"]",
      "instances": [
        {
          "index_key": 0,
          "schema_version": 1,
          "attributes": {
            "ami": "ami-00ff737803101edd1",
            "arn": "arn:aws:ec2:ap-northeast-2:637423403127:instance/i-0bcb3501d1595a36f",
            "associate_public_ip_address": false,
            "availability_zone": "ap-northeast-2a",
            "capacity_reservation_specification": [
              {
                "capacity_reservation_preference": "open",
                "capacity_reservation_target": []
              }
            ],
            "cpu_core_count": 1,
            "cpu_options": [
              {
                "amd_sev_snp": "",
                "core_count": 1,
                "threads_per_core": 1
              }
            ],
            "cpu_threads_per_core": 1,
            "credit_specification": [
              {
                "cpu_credits": "standard"
              }
            ],
            "disable_api_stop": false,
            "disable_api_termination": false,
            "ebs_block_device": [],
            "ebs_optimized": false,
            "enclave_options": [
              {
                "enabled": false
              }
            ],
            "ephemeral_block_device": [],
            "get_password_data": false,
            "hibernation": false,
            "host_id": "",
            "host_resource_group_arn": null,
            "iam_instance_profile": "",
            "id": "i-0bcb3501d1595a36f",
            "instance_initiated_shutdown_behavior": "stop",
            "instance_lifecycle": "",
            "instance_market_options": [],
            "instance_state": "running",
            "instance_type": "t2.micro",
            "ipv6_address_count": 0,
            "ipv6_addresses": [],
            "key_name": "tt",
            "launch_template": [],
            "maintenance_options": [
              {
                "auto_recovery": "default"
              }
            ],
            "metadata_options": [
              {
                "http_endpoint": "enabled",
                "http_protocol_ipv6": "disabled",
                "http_put_response_hop_limit": 1,
                "http_tokens": "optional",
                "instance_metadata_tags": "disabled"
              }
            ],
            "monitoring": false,
            "network_interface": [],
            "outpost_arn": "",
            "password_data": "",
            "placement_group": "",
            "placement_partition_number": 0,
            "primary_network_interface_id": "eni-0d0eedc501196a149",
            "private_dns": "ip-10-10-3-46.ap-northeast-2.compute.internal",
            "private_dns_name_options": [
              {
                "enable_resource_name_dns_a_record": false,
                "enable_resource_name_dns_aaaa_record": false,
                "hostname_type": "ip-name"
              }
            ],
            "private_ip": "10.10.3.46",
            "public_dns": "",
            "public_ip": "",
            "root_block_device": [
              {
                "delete_on_termination": true,
                "device_name": "/dev/xvda",
                "encrypted": false,
                "iops": 3000,
                "kms_key_id": "",
                "tags": {},
                "tags_all": {},
                "throughput": 125,
                "volume_id": "vol-016188eb4ac8b46d4",
                "volume_size": 8,
                "volume_type": "gp3"
              }
            ],
            "secondary_private_ips": [],
            "security_groups": [],
            "source_dest_check": true,
            "spot_instance_request_id": "",
            "subnet_id": "subnet-07ed07bf25517bfeb",
            "tags": {
              "Manageby": "Terraform",
              "Name": "WEB1"
            },
            "tags_all": {
              "Manageby": "Terraform",
              "Name": "WEB1"
            },
            "tenancy": "default",
            "timeouts": {
              "create": null,
              "delete": null,
              "read": null,
              "update": null
            },
            "user_data": "fdde60db02ddd57855795fa64e8a77599bd42a72",
            "user_data_base64": null,
            "user_data_replace_on_change": false,
            "volume_tags": {
              "Name": "WEB1"
            },
            "vpc_security_group_ids": [
              "sg-01eb761c44009c011"
            ]
          },
          "sensitive_attributes": [],
          "private": "eyJlMmJmYjczMC1lY2FhLTExZTYtOGY4OC0zNDM2M2JjN2M0YzAiOnsiY3JlYXRlIjo2MDAwMDAwMDAwMDAsImRlbGV0ZSI6MTIwMDAwMDAwMDAwMCwicmVhZCI6OTAwMDAwMDAwMDAwLCJ1cGRhdGUiOjYwMDAwMDAwMDAwMH0sInNjaGVtYV92ZXJzaW9uIjoiMSJ9",
          "dependencies": [
            "module.ec2.module.ec2_instance1.aws_iam_instance_profile.this",
            "module.ec2.module.ec2_instance1.aws_iam_role.this",
            "module.ec2.module.ec2_instance1.data.aws_iam_policy_document.assume_role_policy",
            "module.ec2.module.ec2_instance1.data.aws_partition.current",
            "module.ec2.module.ec2_instance1.data.aws_ssm_parameter.this",
            "module.nlb.aws_lb.nlb",
            "module.security_groups.aws_security_group.ALB",
            "module.security_groups.aws_security_group.Bastion",
            "module.security_groups.aws_security_group.WEB",
            "module.vpc.module.vpc.aws_subnet.private",
            "module.vpc.module.vpc.aws_vpc.this",
            "module.vpc.module.vpc.aws_vpc_ipv4_cidr_block_association.this"
          ],
          "create_before_destroy": true
        }
      ]
    },
    {
      "module": "module.ec2.module.ec2_instance2",
      "mode": "data",
      "type": "aws_partition",
      "name": "current",
      "provider": "provider[\"registry.terraform.io/hashicorp/aws\"]",
      "instances": [
        {
          "schema_version": 0,
          "attributes": {
            "dns_suffix": "amazonaws.com",
            "id": "aws",
            "partition": "aws",
            "reverse_dns_prefix": "com.amazonaws"
          },
          "sensitive_attributes": []
        }
      ]
    },
    {
      "module": "module.ec2.module.ec2_instance2",
      "mode": "managed",
      "type": "aws_instance",
      "name": "this",
      "provider": "provider[\"registry.terraform.io/hashicorp/aws\"]",
      "instances": [
        {
          "index_key": 0,
          "schema_version": 1,
          "attributes": {
            "ami": "ami-00ff737803101edd1",
            "arn": "arn:aws:ec2:ap-northeast-2:637423403127:instance/i-0dc2b8b8ee646623a",
            "associate_public_ip_address": false,
            "availability_zone": "ap-northeast-2c",
            "capacity_reservation_specification": [
              {
                "capacity_reservation_preference": "open",
                "capacity_reservation_target": []
              }
            ],
            "cpu_core_count": 1,
            "cpu_options": [
              {
                "amd_sev_snp": "",
                "core_count": 1,
                "threads_per_core": 1
              }
            ],
            "cpu_threads_per_core": 1,
            "credit_specification": [
              {
                "cpu_credits": "standard"
              }
            ],
            "disable_api_stop": false,
            "disable_api_termination": false,
            "ebs_block_device": [],
            "ebs_optimized": false,
            "enclave_options": [
              {
                "enabled": false
              }
            ],
            "ephemeral_block_device": [],
            "get_password_data": false,
            "hibernation": false,
            "host_id": "",
            "host_resource_group_arn": null,
            "iam_instance_profile": "",
            "id": "i-0dc2b8b8ee646623a",
            "instance_initiated_shutdown_behavior": "stop",
            "instance_lifecycle": "",
            "instance_market_options": [],
            "instance_state": "running",
            "instance_type": "t2.micro",
            "ipv6_address_count": 0,
            "ipv6_addresses": [],
            "key_name": "tt",
            "launch_template": [],
            "maintenance_options": [
              {
                "auto_recovery": "default"
              }
            ],
            "metadata_options": [
              {
                "http_endpoint": "enabled",
                "http_protocol_ipv6": "disabled",
                "http_put_response_hop_limit": 1,
                "http_tokens": "optional",
                "instance_metadata_tags": "disabled"
              }
            ],
            "monitoring": false,
            "network_interface": [],
            "outpost_arn": "",
            "password_data": "",
            "placement_group": "",
            "placement_partition_number": 0,
            "primary_network_interface_id": "eni-002777703dfa0ad4d",
            "private_dns": "ip-10-10-4-176.ap-northeast-2.compute.internal",
            "private_dns_name_options": [
              {
                "enable_resource_name_dns_a_record": false,
                "enable_resource_name_dns_aaaa_record": false,
                "hostname_type": "ip-name"
              }
            ],
            "private_ip": "10.10.4.176",
            "public_dns": "",
            "public_ip": "",
            "root_block_device": [
              {
                "delete_on_termination": true,
                "device_name": "/dev/xvda",
                "encrypted": false,
                "iops": 3000,
                "kms_key_id": "",
                "tags": {},
                "tags_all": {},
                "throughput": 125,
                "volume_id": "vol-0d6599df4c103f212",
                "volume_size": 8,
                "volume_type": "gp3"
              }
            ],
            "secondary_private_ips": [],
            "security_groups": [],
            "source_dest_check": true,
            "spot_instance_request_id": "",
            "subnet_id": "subnet-0f323302034529621",
            "tags": {
              "Manageby": "Terraform",
              "Name": "WEB2"
            },
            "tags_all": {
              "Manageby": "Terraform",
              "Name": "WEB2"
            },
            "tenancy": "default",
            "timeouts": {
              "create": null,
              "delete": null,
              "read": null,
              "update": null
            },
            "user_data": "b5dab3ef41701dd13c4560a026f359c8c1eab86b",
            "user_data_base64": null,
            "user_data_replace_on_change": false,
            "volume_tags": {
              "Name": "WEB2"
            },
            "vpc_security_group_ids": [
              "sg-01eb761c44009c011"
            ]
          },
          "sensitive_attributes": [],
          "private": "eyJlMmJmYjczMC1lY2FhLTExZTYtOGY4OC0zNDM2M2JjN2M0YzAiOnsiY3JlYXRlIjo2MDAwMDAwMDAwMDAsImRlbGV0ZSI6MTIwMDAwMDAwMDAwMCwicmVhZCI6OTAwMDAwMDAwMDAwLCJ1cGRhdGUiOjYwMDAwMDAwMDAwMH0sInNjaGVtYV92ZXJzaW9uIjoiMSJ9",
          "dependencies": [
            "module.ec2.module.ec2_instance2.aws_iam_instance_profile.this",
            "module.ec2.module.ec2_instance2.aws_iam_role.this",
            "module.ec2.module.ec2_instance2.data.aws_iam_policy_document.assume_role_policy",
            "module.ec2.module.ec2_instance2.data.aws_partition.current",
            "module.ec2.module.ec2_instance2.data.aws_ssm_parameter.this",
            "module.nlb.aws_lb.nlb",
            "module.security_groups.aws_security_group.ALB",
            "module.security_groups.aws_security_group.Bastion",
            "module.security_groups.aws_security_group.WEB",
            "module.vpc.module.vpc.aws_subnet.private",
            "module.vpc.module.vpc.aws_vpc.this",
            "module.vpc.module.vpc.aws_vpc_ipv4_cidr_block_association.this"
          ],
          "create_before_destroy": true
        }
      ]
    },
    {
      "module": "module.ec2.module.ec2_instance3",
      "mode": "data",
      "type": "aws_partition",
      "name": "current",
      "provider": "provider[\"registry.terraform.io/hashicorp/aws\"]",
      "instances": [
        {
          "schema_version": 0,
          "attributes": {
            "dns_suffix": "amazonaws.com",
            "id": "aws",
            "partition": "aws",
            "reverse_dns_prefix": "com.amazonaws"
          },
          "sensitive_attributes": []
        }
      ]
    },
    {
      "module": "module.ec2.module.ec2_instance3",
      "mode": "managed",
      "type": "aws_instance",
      "name": "this",
      "provider": "provider[\"registry.terraform.io/hashicorp/aws\"]",
      "instances": [
        {
          "index_key": 0,
          "schema_version": 1,
          "attributes": {
            "ami": "ami-00ff737803101edd1",
            "arn": "arn:aws:ec2:ap-northeast-2:637423403127:instance/i-05b2026bd5a54baea",
            "associate_public_ip_address": false,
            "availability_zone": "ap-northeast-2a",
            "capacity_reservation_specification": [
              {
                "capacity_reservation_preference": "open",
                "capacity_reservation_target": []
              }
            ],
            "cpu_core_count": 1,
            "cpu_options": [
              {
                "amd_sev_snp": "",
                "core_count": 1,
                "threads_per_core": 2
              }
            ],
            "cpu_threads_per_core": 2,
            "credit_specification": [
              {
                "cpu_credits": "unlimited"
              }
            ],
            "disable_api_stop": false,
            "disable_api_termination": false,
            "ebs_block_device": [],
            "ebs_optimized": false,
            "enclave_options": [
              {
                "enabled": false
              }
            ],
            "ephemeral_block_device": [],
            "get_password_data": false,
            "hibernation": false,
            "host_id": "",
            "host_resource_group_arn": null,
            "iam_instance_profile": "",
            "id": "i-05b2026bd5a54baea",
            "instance_initiated_shutdown_behavior": "stop",
            "instance_lifecycle": "",
            "instance_market_options": [],
            "instance_state": "running",
            "instance_type": "t3.medium",
            "ipv6_address_count": 0,
            "ipv6_addresses": [],
            "key_name": "tt",
            "launch_template": [],
            "maintenance_options": [
              {
                "auto_recovery": "default"
              }
            ],
            "metadata_options": [
              {
                "http_endpoint": "enabled",
                "http_protocol_ipv6": "disabled",
                "http_put_response_hop_limit": 1,
                "http_tokens": "optional",
                "instance_metadata_tags": "disabled"
              }
            ],
            "monitoring": false,
            "network_interface": [],
            "outpost_arn": "",
            "password_data": "",
            "placement_group": "",
            "placement_partition_number": 0,
            "primary_network_interface_id": "eni-0bc1eaee28ee0661c",
            "private_dns": "ip-10-10-5-228.ap-northeast-2.compute.internal",
            "private_dns_name_options": [
              {
                "enable_resource_name_dns_a_record": false,
                "enable_resource_name_dns_aaaa_record": false,
                "hostname_type": "ip-name"
              }
            ],
            "private_ip": "10.10.5.228",
            "public_dns": "",
            "public_ip": "",
            "root_block_device": [
              {
                "delete_on_termination": true,
                "device_name": "/dev/xvda",
                "encrypted": false,
                "iops": 3000,
                "kms_key_id": "",
                "tags": {},
                "tags_all": {},
                "throughput": 125,
                "volume_id": "vol-0a4b4c9297a279f78",
                "volume_size": 8,
                "volume_type": "gp3"
              }
            ],
            "secondary_private_ips": [],
            "security_groups": [],
            "source_dest_check": true,
            "spot_instance_request_id": "",
            "subnet_id": "subnet-0a9cf2a8cae6c1403",
            "tags": {
              "Manageby": "Terraform",
              "Name": "WAS1"
            },
            "tags_all": {
              "Manageby": "Terraform",
              "Name": "WAS1"
            },
            "tenancy": "default",
            "timeouts": {
              "create": null,
              "delete": null,
              "read": null,
              "update": null
            },
            "user_data": "181d99922e4747cf447ce0439733ab32111bbc9d",
            "user_data_base64": null,
            "user_data_replace_on_change": false,
            "volume_tags": {
              "Name": "WAS1"
            },
            "vpc_security_group_ids": [
              "sg-0e583dbbe3f37bc87"
            ]
          },
          "sensitive_attributes": [],
          "private": "eyJlMmJmYjczMC1lY2FhLTExZTYtOGY4OC0zNDM2M2JjN2M0YzAiOnsiY3JlYXRlIjo2MDAwMDAwMDAwMDAsImRlbGV0ZSI6MTIwMDAwMDAwMDAwMCwicmVhZCI6OTAwMDAwMDAwMDAwLCJ1cGRhdGUiOjYwMDAwMDAwMDAwMH0sInNjaGVtYV92ZXJzaW9uIjoiMSJ9",
          "dependencies": [
            "module.ec2.module.ec2_instance1.aws_iam_instance_profile.this",
            "module.ec2.module.ec2_instance1.aws_iam_role.this",
            "module.ec2.module.ec2_instance1.aws_instance.ignore_ami",
            "module.ec2.module.ec2_instance1.aws_instance.this",
            "module.ec2.module.ec2_instance1.aws_spot_instance_request.this",
            "module.ec2.module.ec2_instance1.data.aws_iam_policy_document.assume_role_policy",
            "module.ec2.module.ec2_instance1.data.aws_partition.current",
            "module.ec2.module.ec2_instance1.data.aws_ssm_parameter.this",
            "module.ec2.module.ec2_instance2.aws_iam_instance_profile.this",
            "module.ec2.module.ec2_instance2.aws_iam_role.this",
            "module.ec2.module.ec2_instance2.aws_instance.ignore_ami",
            "module.ec2.module.ec2_instance2.aws_instance.this",
            "module.ec2.module.ec2_instance2.aws_spot_instance_request.this",
            "module.ec2.module.ec2_instance2.data.aws_iam_policy_document.assume_role_policy",
            "module.ec2.module.ec2_instance2.data.aws_partition.current",
            "module.ec2.module.ec2_instance2.data.aws_ssm_parameter.this",
            "module.ec2.module.ec2_instance3.aws_iam_instance_profile.this",
            "module.ec2.module.ec2_instance3.aws_iam_role.this",
            "module.ec2.module.ec2_instance3.data.aws_iam_policy_document.assume_role_policy",
            "module.ec2.module.ec2_instance3.data.aws_partition.current",
            "module.ec2.module.ec2_instance3.data.aws_ssm_parameter.this",
            "module.nlb.aws_lb.nlb",
            "module.security_groups.aws_security_group.ALB",
            "module.security_groups.aws_security_group.Bastion",
            "module.security_groups.aws_security_group.WAS",
            "module.security_groups.aws_security_group.WEB",
            "module.vpc.module.vpc.aws_subnet.private",
            "module.vpc.module.vpc.aws_vpc.this",
            "module.vpc.module.vpc.aws_vpc_ipv4_cidr_block_association.this"
          ]
        }
      ]
    },
    {
      "module": "module.ec2.module.ec2_instance4",
      "mode": "data",
      "type": "aws_partition",
      "name": "current",
      "provider": "provider[\"registry.terraform.io/hashicorp/aws\"]",
      "instances": [
        {
          "schema_version": 0,
          "attributes": {
            "dns_suffix": "amazonaws.com",
            "id": "aws",
            "partition": "aws",
            "reverse_dns_prefix": "com.amazonaws"
          },
          "sensitive_attributes": []
        }
      ]
    },
    {
      "module": "module.ec2.module.ec2_instance4",
      "mode": "managed",
      "type": "aws_instance",
      "name": "this",
      "provider": "provider[\"registry.terraform.io/hashicorp/aws\"]",
      "instances": [
        {
          "index_key": 0,
          "schema_version": 1,
          "attributes": {
            "ami": "ami-00ff737803101edd1",
            "arn": "arn:aws:ec2:ap-northeast-2:637423403127:instance/i-0c3686cd252b002f9",
            "associate_public_ip_address": false,
            "availability_zone": "ap-northeast-2c",
            "capacity_reservation_specification": [
              {
                "capacity_reservation_preference": "open",
                "capacity_reservation_target": []
              }
            ],
            "cpu_core_count": 1,
            "cpu_options": [
              {
                "amd_sev_snp": "",
                "core_count": 1,
                "threads_per_core": 2
              }
            ],
            "cpu_threads_per_core": 2,
            "credit_specification": [
              {
                "cpu_credits": "unlimited"
              }
            ],
            "disable_api_stop": false,
            "disable_api_termination": false,
            "ebs_block_device": [],
            "ebs_optimized": false,
            "enclave_options": [
              {
                "enabled": false
              }
            ],
            "ephemeral_block_device": [],
            "get_password_data": false,
            "hibernation": false,
            "host_id": "",
            "host_resource_group_arn": null,
            "iam_instance_profile": "",
            "id": "i-0c3686cd252b002f9",
            "instance_initiated_shutdown_behavior": "stop",
            "instance_lifecycle": "",
            "instance_market_options": [],
            "instance_state": "running",
            "instance_type": "t3.medium",
            "ipv6_address_count": 0,
            "ipv6_addresses": [],
            "key_name": "tt",
            "launch_template": [],
            "maintenance_options": [
              {
                "auto_recovery": "default"
              }
            ],
            "metadata_options": [
              {
                "http_endpoint": "enabled",
                "http_protocol_ipv6": "disabled",
                "http_put_response_hop_limit": 1,
                "http_tokens": "optional",
                "instance_metadata_tags": "disabled"
              }
            ],
            "monitoring": false,
            "network_interface": [],
            "outpost_arn": "",
            "password_data": "",
            "placement_group": "",
            "placement_partition_number": 0,
            "primary_network_interface_id": "eni-0ab227ff7ed162f86",
            "private_dns": "ip-10-10-6-81.ap-northeast-2.compute.internal",
            "private_dns_name_options": [
              {
                "enable_resource_name_dns_a_record": false,
                "enable_resource_name_dns_aaaa_record": false,
                "hostname_type": "ip-name"
              }
            ],
            "private_ip": "10.10.6.81",
            "public_dns": "",
            "public_ip": "",
            "root_block_device": [
              {
                "delete_on_termination": true,
                "device_name": "/dev/xvda",
                "encrypted": false,
                "iops": 3000,
                "kms_key_id": "",
                "tags": {},
                "tags_all": {},
                "throughput": 125,
                "volume_id": "vol-0d7878a12d74ec0b3",
                "volume_size": 8,
                "volume_type": "gp3"
              }
            ],
            "secondary_private_ips": [],
            "security_groups": [],
            "source_dest_check": true,
            "spot_instance_request_id": "",
            "subnet_id": "subnet-0a7a7f2dcc17ce212",
            "tags": {
              "Manageby": "Terraform",
              "Name": "WAS2"
            },
            "tags_all": {
              "Manageby": "Terraform",
              "Name": "WAS2"
            },
            "tenancy": "default",
            "timeouts": {
              "create": null,
              "delete": null,
              "read": null,
              "update": null
            },
            "user_data": "5c0a794a89929e2321d8c41b1a14729ce84772a6",
            "user_data_base64": null,
            "user_data_replace_on_change": false,
            "volume_tags": {
              "Name": "WAS2"
            },
            "vpc_security_group_ids": [
              "sg-0e583dbbe3f37bc87"
            ]
          },
          "sensitive_attributes": [],
          "private": "eyJlMmJmYjczMC1lY2FhLTExZTYtOGY4OC0zNDM2M2JjN2M0YzAiOnsiY3JlYXRlIjo2MDAwMDAwMDAwMDAsImRlbGV0ZSI6MTIwMDAwMDAwMDAwMCwicmVhZCI6OTAwMDAwMDAwMDAwLCJ1cGRhdGUiOjYwMDAwMDAwMDAwMH0sInNjaGVtYV92ZXJzaW9uIjoiMSJ9",
          "dependencies": [
            "module.ec2.module.ec2_instance1.aws_iam_instance_profile.this",
            "module.ec2.module.ec2_instance1.aws_iam_role.this",
            "module.ec2.module.ec2_instance1.aws_instance.ignore_ami",
            "module.ec2.module.ec2_instance1.aws_instance.this",
            "module.ec2.module.ec2_instance1.aws_spot_instance_request.this",
            "module.ec2.module.ec2_instance1.data.aws_iam_policy_document.assume_role_policy",
            "module.ec2.module.ec2_instance1.data.aws_partition.current",
            "module.ec2.module.ec2_instance1.data.aws_ssm_parameter.this",
            "module.ec2.module.ec2_instance2.aws_iam_instance_profile.this",
            "module.ec2.module.ec2_instance2.aws_iam_role.this",
            "module.ec2.module.ec2_instance2.aws_instance.ignore_ami",
            "module.ec2.module.ec2_instance2.aws_instance.this",
            "module.ec2.module.ec2_instance2.aws_spot_instance_request.this",
            "module.ec2.module.ec2_instance2.data.aws_iam_policy_document.assume_role_policy",
            "module.ec2.module.ec2_instance2.data.aws_partition.current",
            "module.ec2.module.ec2_instance2.data.aws_ssm_parameter.this",
            "module.ec2.module.ec2_instance4.aws_iam_instance_profile.this",
            "module.ec2.module.ec2_instance4.aws_iam_role.this",
            "module.ec2.module.ec2_instance4.data.aws_iam_policy_document.assume_role_policy",
            "module.ec2.module.ec2_instance4.data.aws_partition.current",
            "module.ec2.module.ec2_instance4.data.aws_ssm_parameter.this",
            "module.nlb.aws_lb.nlb",
            "module.security_groups.aws_security_group.ALB",
            "module.security_groups.aws_security_group.Bastion",
            "module.security_groups.aws_security_group.WAS",
            "module.security_groups.aws_security_group.WEB",
            "module.vpc.module.vpc.aws_subnet.private",
            "module.vpc.module.vpc.aws_vpc.this",
            "module.vpc.module.vpc.aws_vpc_ipv4_cidr_block_association.this"
          ]
        }
      ]
    },
    {
      "module": "module.nlb",
      "mode": "managed",
      "type": "aws_lb",
      "name": "nlb",
      "provider": "provider[\"registry.terraform.io/hashicorp/aws\"]",
      "instances": [
        {
          "schema_version": 0,
          "attributes": {
            "access_logs": [
              {
                "bucket": "",
                "enabled": false,
                "prefix": ""
              }
            ],
            "arn": "arn:aws:elasticloadbalancing:ap-northeast-2:637423403127:loadbalancer/net/94102108-TFT-NLB/4d198a4efeaf5b98",
            "arn_suffix": "net/94102108-TFT-NLB/4d198a4efeaf5b98",
            "client_keep_alive": null,
            "connection_logs": [],
            "customer_owned_ipv4_pool": "",
            "desync_mitigation_mode": null,
            "dns_name": "94102108-TFT-NLB-4d198a4efeaf5b98.elb.ap-northeast-2.amazonaws.com",
            "dns_record_client_routing_policy": "any_availability_zone",
            "drop_invalid_header_fields": null,
            "enable_cross_zone_load_balancing": false,
            "enable_deletion_protection": false,
            "enable_http2": null,
            "enable_tls_version_and_cipher_suite_headers": null,
            "enable_waf_fail_open": null,
            "enable_xff_client_port": null,
            "enforce_security_group_inbound_rules_on_private_link_traffic": "",
            "id": "arn:aws:elasticloadbalancing:ap-northeast-2:637423403127:loadbalancer/net/94102108-TFT-NLB/4d198a4efeaf5b98",
            "idle_timeout": null,
            "internal": true,
            "ip_address_type": "ipv4",
            "load_balancer_type": "network",
            "name": "94102108-TFT-NLB",
            "name_prefix": "",
            "preserve_host_header": null,
            "security_groups": [],
            "subnet_mapping": [
              {
                "allocation_id": "",
                "ipv6_address": "",
                "outpost_id": "",
                "private_ipv4_address": "",
                "subnet_id": "subnet-07ed07bf25517bfeb"
              },
              {
                "allocation_id": "",
                "ipv6_address": "",
                "outpost_id": "",
                "private_ipv4_address": "",
                "subnet_id": "subnet-0f323302034529621"
              }
            ],
            "subnets": [
              "subnet-07ed07bf25517bfeb",
              "subnet-0f323302034529621"
            ],
            "tags": {
              "Name": "94102108-TFT-NLB"
            },
            "tags_all": {
              "Name": "94102108-TFT-NLB"
            },
            "timeouts": null,
            "vpc_id": "vpc-09a0ec0b1d5860f93",
            "xff_header_processing_mode": null,
            "zone_id": "ZIBE1TIR4HY56"
          },
          "sensitive_attributes": [],
          "private": "eyJlMmJmYjczMC1lY2FhLTExZTYtOGY4OC0zNDM2M2JjN2M0YzAiOnsiY3JlYXRlIjo2MDAwMDAwMDAwMDAsImRlbGV0ZSI6NjAwMDAwMDAwMDAwLCJ1cGRhdGUiOjYwMDAwMDAwMDAwMH19",
          "dependencies": [
            "module.vpc.module.vpc.aws_subnet.private",
            "module.vpc.module.vpc.aws_vpc.this",
            "module.vpc.module.vpc.aws_vpc_ipv4_cidr_block_association.this"
          ],
          "create_before_destroy": true
        }
      ]
    },
    {
      "module": "module.nlb",
      "mode": "managed",
      "type": "aws_lb_listener",
      "name": "nlb",
      "provider": "provider[\"registry.terraform.io/hashicorp/aws\"]",
      "instances": [
        {
          "schema_version": 0,
          "attributes": {
            "alpn_policy": null,
            "arn": "arn:aws:elasticloadbalancing:ap-northeast-2:637423403127:listener/net/94102108-TFT-NLB/4d198a4efeaf5b98/3b9306d8cbdd8d79",
            "certificate_arn": null,
            "default_action": [
              {
                "authenticate_cognito": [],
                "authenticate_oidc": [],
                "fixed_response": [],
                "forward": [],
                "order": 1,
                "redirect": [],
                "target_group_arn": "arn:aws:elasticloadbalancing:ap-northeast-2:637423403127:targetgroup/94102108-TFT-NLB/4c3ef04d65f46508",
                "type": "forward"
              }
            ],
            "id": "arn:aws:elasticloadbalancing:ap-northeast-2:637423403127:listener/net/94102108-TFT-NLB/4d198a4efeaf5b98/3b9306d8cbdd8d79",
            "load_balancer_arn": "arn:aws:elasticloadbalancing:ap-northeast-2:637423403127:loadbalancer/net/94102108-TFT-NLB/4d198a4efeaf5b98",
            "mutual_authentication": [],
            "port": 8080,
            "protocol": "TCP",
            "ssl_policy": "",
            "tags": {},
            "tags_all": {},
            "timeouts": null
          },
          "sensitive_attributes": [],
          "private": "eyJlMmJmYjczMC1lY2FhLTExZTYtOGY4OC0zNDM2M2JjN2M0YzAiOnsiY3JlYXRlIjozMDAwMDAwMDAwMDAsInVwZGF0ZSI6MzAwMDAwMDAwMDAwfX0=",
          "dependencies": [
            "module.nlb.aws_lb.nlb",
            "module.nlb.aws_lb_target_group.ntg",
            "module.vpc.module.vpc.aws_subnet.private",
            "module.vpc.module.vpc.aws_vpc.this",
            "module.vpc.module.vpc.aws_vpc_ipv4_cidr_block_association.this"
          ]
        }
      ]
    },
    {
      "module": "module.nlb",
      "mode": "managed",
      "type": "aws_lb_target_group",
      "name": "ntg",
      "provider": "provider[\"registry.terraform.io/hashicorp/aws\"]",
      "instances": [
        {
          "schema_version": 0,
          "attributes": {
            "arn": "arn:aws:elasticloadbalancing:ap-northeast-2:637423403127:targetgroup/94102108-TFT-NLB/4c3ef04d65f46508",
            "arn_suffix": "targetgroup/94102108-TFT-NLB/4c3ef04d65f46508",
            "connection_termination": false,
            "deregistration_delay": "300",
            "health_check": [
              {
                "enabled": true,
                "healthy_threshold": 3,
                "interval": 30,
                "matcher": "",
                "path": "",
                "port": "traffic-port",
                "protocol": "TCP",
                "timeout": 10,
                "unhealthy_threshold": 3
              }
            ],
            "id": "arn:aws:elasticloadbalancing:ap-northeast-2:637423403127:targetgroup/94102108-TFT-NLB/4c3ef04d65f46508",
            "ip_address_type": "ipv4",
            "lambda_multi_value_headers_enabled": false,
            "load_balancer_arns": [
              "arn:aws:elasticloadbalancing:ap-northeast-2:637423403127:loadbalancer/net/94102108-TFT-NLB/4d198a4efeaf5b98"
            ],
            "load_balancing_algorithm_type": null,
            "load_balancing_anomaly_mitigation": null,
            "load_balancing_cross_zone_enabled": "use_load_balancer_configuration",
            "name": "94102108-TFT-NLB",
            "name_prefix": "",
            "port": 8080,
            "preserve_client_ip": "true",
            "protocol": "TCP",
            "protocol_version": null,
            "proxy_protocol_v2": false,
            "slow_start": 0,
            "stickiness": [
              {
                "cookie_duration": 0,
                "cookie_name": "",
                "enabled": false,
                "type": "source_ip"
              }
            ],
            "tags": {},
            "tags_all": {},
            "target_failover": [
              {
                "on_deregistration": null,
                "on_unhealthy": null
              }
            ],
            "target_group_health": [
              {
                "dns_failover": [
                  {
                    "minimum_healthy_targets_count": "1",
                    "minimum_healthy_targets_percentage": "off"
                  }
                ],
                "unhealthy_state_routing": [
                  {
                    "minimum_healthy_targets_count": 1,
                    "minimum_healthy_targets_percentage": "off"
                  }
                ]
              }
            ],
            "target_health_state": [
              {
                "enable_unhealthy_connection_termination": true,
                "unhealthy_draining_interval": 0
              }
            ],
            "target_type": "instance",
            "vpc_id": "vpc-09a0ec0b1d5860f93"
          },
          "sensitive_attributes": [],
          "private": "bnVsbA==",
          "dependencies": [
            "module.vpc.module.vpc.aws_vpc.this"
          ]
        }
      ]
    },
    {
      "module": "module.nlb",
      "mode": "managed",
      "type": "aws_lb_target_group_attachment",
      "name": "tft3",
      "provider": "provider[\"registry.terraform.io/hashicorp/aws\"]",
      "instances": [
        {
          "schema_version": 0,
          "attributes": {
            "availability_zone": null,
            "id": "arn:aws:elasticloadbalancing:ap-northeast-2:637423403127:targetgroup/94102108-TFT-NLB/4c3ef04d65f46508-2024101501432151520000000e",
            "port": 8080,
            "target_group_arn": "arn:aws:elasticloadbalancing:ap-northeast-2:637423403127:targetgroup/94102108-TFT-NLB/4c3ef04d65f46508",
            "target_id": "i-05b2026bd5a54baea"
          },
          "sensitive_attributes": [],
          "private": "bnVsbA==",
          "dependencies": [
            "module.ec2.module.ec2_instance1.aws_iam_instance_profile.this",
            "module.ec2.module.ec2_instance1.aws_iam_role.this",
            "module.ec2.module.ec2_instance1.aws_instance.ignore_ami",
            "module.ec2.module.ec2_instance1.aws_instance.this",
            "module.ec2.module.ec2_instance1.aws_spot_instance_request.this",
            "module.ec2.module.ec2_instance1.data.aws_iam_policy_document.assume_role_policy",
            "module.ec2.module.ec2_instance1.data.aws_partition.current",
            "module.ec2.module.ec2_instance1.data.aws_ssm_parameter.this",
            "module.ec2.module.ec2_instance2.aws_iam_instance_profile.this",
            "module.ec2.module.ec2_instance2.aws_iam_role.this",
            "module.ec2.module.ec2_instance2.aws_instance.ignore_ami",
            "module.ec2.module.ec2_instance2.aws_instance.this",
            "module.ec2.module.ec2_instance2.aws_spot_instance_request.this",
            "module.ec2.module.ec2_instance2.data.aws_iam_policy_document.assume_role_policy",
            "module.ec2.module.ec2_instance2.data.aws_partition.current",
            "module.ec2.module.ec2_instance2.data.aws_ssm_parameter.this",
            "module.ec2.module.ec2_instance3.aws_iam_instance_profile.this",
            "module.ec2.module.ec2_instance3.aws_iam_role.this",
            "module.ec2.module.ec2_instance3.aws_instance.ignore_ami",
            "module.ec2.module.ec2_instance3.aws_instance.this",
            "module.ec2.module.ec2_instance3.aws_spot_instance_request.this",
            "module.ec2.module.ec2_instance3.data.aws_iam_policy_document.assume_role_policy",
            "module.ec2.module.ec2_instance3.data.aws_partition.current",
            "module.ec2.module.ec2_instance3.data.aws_ssm_parameter.this",
            "module.ec2.module.ec2_instance4.aws_iam_instance_profile.this",
            "module.ec2.module.ec2_instance4.aws_iam_role.this",
            "module.ec2.module.ec2_instance4.aws_instance.ignore_ami",
            "module.ec2.module.ec2_instance4.aws_instance.this",
            "module.ec2.module.ec2_instance4.aws_spot_instance_request.this",
            "module.ec2.module.ec2_instance4.data.aws_iam_policy_document.assume_role_policy",
            "module.ec2.module.ec2_instance4.data.aws_partition.current",
            "module.ec2.module.ec2_instance4.data.aws_ssm_parameter.this",
            "module.nlb.aws_lb.nlb",
            "module.nlb.aws_lb_target_group.ntg",
            "module.security_groups.aws_security_group.ALB",
            "module.security_groups.aws_security_group.Bastion",
            "module.security_groups.aws_security_group.WAS",
            "module.security_groups.aws_security_group.WEB",
            "module.vpc.module.vpc.aws_subnet.private",
            "module.vpc.module.vpc.aws_vpc.this",
            "module.vpc.module.vpc.aws_vpc_ipv4_cidr_block_association.this"
          ]
        }
      ]
    },
    {
      "module": "module.nlb",
      "mode": "managed",
      "type": "aws_lb_target_group_attachment",
      "name": "tft4",
      "provider": "provider[\"registry.terraform.io/hashicorp/aws\"]",
      "instances": [
        {
          "schema_version": 0,
          "attributes": {
            "availability_zone": null,
            "id": "arn:aws:elasticloadbalancing:ap-northeast-2:637423403127:targetgroup/94102108-TFT-NLB/4c3ef04d65f46508-2024101501432157080000000f",
            "port": 8080,
            "target_group_arn": "arn:aws:elasticloadbalancing:ap-northeast-2:637423403127:targetgroup/94102108-TFT-NLB/4c3ef04d65f46508",
            "target_id": "i-0c3686cd252b002f9"
          },
          "sensitive_attributes": [],
          "private": "bnVsbA==",
          "dependencies": [
            "module.ec2.module.ec2_instance1.aws_iam_instance_profile.this",
            "module.ec2.module.ec2_instance1.aws_iam_role.this",
            "module.ec2.module.ec2_instance1.aws_instance.ignore_ami",
            "module.ec2.module.ec2_instance1.aws_instance.this",
            "module.ec2.module.ec2_instance1.aws_spot_instance_request.this",
            "module.ec2.module.ec2_instance1.data.aws_iam_policy_document.assume_role_policy",
            "module.ec2.module.ec2_instance1.data.aws_partition.current",
            "module.ec2.module.ec2_instance1.data.aws_ssm_parameter.this",
            "module.ec2.module.ec2_instance2.aws_iam_instance_profile.this",
            "module.ec2.module.ec2_instance2.aws_iam_role.this",
            "module.ec2.module.ec2_instance2.aws_instance.ignore_ami",
            "module.ec2.module.ec2_instance2.aws_instance.this",
            "module.ec2.module.ec2_instance2.aws_spot_instance_request.this",
            "module.ec2.module.ec2_instance2.data.aws_iam_policy_document.assume_role_policy",
            "module.ec2.module.ec2_instance2.data.aws_partition.current",
            "module.ec2.module.ec2_instance2.data.aws_ssm_parameter.this",
            "module.ec2.module.ec2_instance3.aws_iam_instance_profile.this",
            "module.ec2.module.ec2_instance3.aws_iam_role.this",
            "module.ec2.module.ec2_instance3.aws_instance.ignore_ami",
            "module.ec2.module.ec2_instance3.aws_instance.this",
            "module.ec2.module.ec2_instance3.aws_spot_instance_request.this",
            "module.ec2.module.ec2_instance3.data.aws_iam_policy_document.assume_role_policy",
            "module.ec2.module.ec2_instance3.data.aws_partition.current",
            "module.ec2.module.ec2_instance3.data.aws_ssm_parameter.this",
            "module.ec2.module.ec2_instance4.aws_iam_instance_profile.this",
            "module.ec2.module.ec2_instance4.aws_iam_role.this",
            "module.ec2.module.ec2_instance4.aws_instance.ignore_ami",
            "module.ec2.module.ec2_instance4.aws_instance.this",
            "module.ec2.module.ec2_instance4.aws_spot_instance_request.this",
            "module.ec2.module.ec2_instance4.data.aws_iam_policy_document.assume_role_policy",
            "module.ec2.module.ec2_instance4.data.aws_partition.current",
            "module.ec2.module.ec2_instance4.data.aws_ssm_parameter.this",
            "module.nlb.aws_lb.nlb",
            "module.nlb.aws_lb_target_group.ntg",
            "module.security_groups.aws_security_group.ALB",
            "module.security_groups.aws_security_group.Bastion",
            "module.security_groups.aws_security_group.WAS",
            "module.security_groups.aws_security_group.WEB",
            "module.vpc.module.vpc.aws_subnet.private",
            "module.vpc.module.vpc.aws_vpc.this",
            "module.vpc.module.vpc.aws_vpc_ipv4_cidr_block_association.this"
          ]
        }
      ]
    },
    {
      "module": "module.prod.module.mfa_policy",
      "mode": "managed",
      "type": "aws_iam_policy",
      "name": "policy",
      "provider": "provider[\"registry.terraform.io/hashicorp/aws\"]",
      "instances": [
        {
          "index_key": 0,
          "schema_version": 0,
          "attributes": {
            "arn": "arn:aws:iam::637423403127:policy/94102108-test2",
            "attachment_count": 0,
            "description": "MFA restriction policy",
            "id": "arn:aws:iam::637423403127:policy/94102108-test2",
            "name": "94102108-test2",
            "name_prefix": "",
            "path": "/",
            "policy": "{\"Statement\":[{\"Action\":\"iam:ListVirtualMFADevices\",\"Effect\":\"Allow\",\"Resource\":\"*\",\"Sid\":\"AllowViewAccountInfo\"},{\"Action\":[\"iam:CreateVirtualMFADevice\",\"iam:DeactivateMFADevice\",\"iam:EnableMFADevice\",\"iam:GetMFADevice\",\"iam:ResyncMFADevice\",\"iam:GetUser\",\"iam:GetMFADevice\",\"iam:ListMFADevices\",\"iam:ChangePassword\"],\"Effect\":\"Deny\",\"NotResource\":[\"arn:aws:iam::*:mfa/${aws:username}\",\"arn:aws:iam::*:user/${aws:username}\"],\"Sid\":\"AllowManageOwnVirtualMFADevice\"},{\"Condition\":{\"BoolIfExists\":{\"aws:MultiFactorAuthPresent\":\"false\"}},\"Effect\":\"Deny\",\"NotAction\":[\"iam:CreateVirtualMFADevice\",\"iam:EnableMFADevice\",\"iam:GetUser\",\"iam:ListMFADevices\",\"iam:ListVirtualMFADevices\",\"iam:ResyncMFADevice\",\"sts:GetSessionToken\",\"iam:ChangePassword\"],\"Resource\":\"*\",\"Sid\":\"DenyAllExceptListedIfNoMFA\"}],\"Version\":\"2012-10-17\"}",
            "policy_id": "ANPAZI2LFIB3YRJFTITQJ",
            "tags": {},
            "tags_all": {}
          },
          "sensitive_attributes": [],
          "private": "bnVsbA=="
        }
      ]
    },
    {
      "module": "module.prod.module.prod_policy",
      "mode": "managed",
      "type": "aws_iam_policy",
      "name": "policy",
      "provider": "provider[\"registry.terraform.io/hashicorp/aws\"]",
      "instances": [
        {
          "index_key": 0,
          "schema_version": 0,
          "attributes": {
            "arn": "arn:aws:iam::637423403127:policy/94102108-test",
            "attachment_count": 0,
            "description": "Base restrictions for resources",
            "id": "arn:aws:iam::637423403127:policy/94102108-test",
            "name": "94102108-test",
            "name_prefix": "",
            "path": "/",
            "policy": "{\"Statement\":[{\"Condition\":{\"StringNotEquals\":{\"aws:RequestedRegion\":[\"ap-northeast-2\",\"us-east-1\"]}},\"Effect\":\"Deny\",\"NotAction\":[\"iam:*\",\"access-analyzer:*\",\"route53:*\",\"route53domains:*\",\"aws-marketplace:*\",\"health:*\",\"chatbot:*\",\"waf:*\",\"wafv2:*\",\"waf-regional:*\",\"cloudfront:*\",\"cloudfront-keyvaluestore:*\",\"cloudwatch:*\"],\"Resource\":\"*\",\"Sid\":\"DenyOuterRegion\"},{\"Action\":\"ec2:RunInstances\",\"Condition\":{\"ForAnyValue:StringNotLike\":{\"ec2:InstanceType\":[\"*.nano\",\"*.small\",\"*.micro\",\"*.medium\"]}},\"Effect\":\"Deny\",\"Resource\":\"arn:aws:ec2:*:*:instance/*\",\"Sid\":\"limitedSize\"},{\"Action\":[\"rds:CreateDBInstance\",\"rds:CreateDBCluster\"],\"Condition\":{\"ForAnyValue:StringNotLike\":{\"rds:DatabaseClass\":[\"db.*.nano\",\"db.*.small\",\"db.*.micro\",\"db.*.medium\"]}},\"Effect\":\"Deny\",\"Resource\":\"arn:aws:rds:*:*:db:*\",\"Sid\":\"limitedSizeRDS\"},{\"Action\":[\"ec2:AllocateAddress\"],\"Effect\":\"Deny\",\"Resource\":\"*\",\"Sid\":\"DenyEIP\"},{\"Action\":[\"iam:DeleteVirtualMFADevice\",\"iam:DeactivateMFADevice\"],\"Effect\":\"Deny\",\"Resource\":\"*\",\"Sid\":\"DenyDeleteMFADevice\"},{\"Action\":[\"s3:PutAccountPublicAccessBlock\",\"s3:PutBucketPublicAccessBlock\"],\"Effect\":\"Deny\",\"Resource\":\"*\",\"Sid\":\"DenyPublicAccess\"},{\"Action\":[\"iam:CreateGroup\",\"iam:AddUserToGroup\",\"iam:RemoveUserFromGroup\",\"iam:DeleteGroup\",\"iam:AttachGroupPolicy\",\"iam:UpdateUser\",\"iam:UpdateGroup\",\"iam:DetachGroupPolicy\",\"iam:DeleteUser\",\"iam:DeleteGroupPolicy\",\"iam:CreateUser\",\"iam:PutGroupPolicy\"],\"Effect\":\"Deny\",\"Resource\":\"*\",\"Sid\":\"DenyUserAction\"}],\"Version\":\"2012-10-17\"}",
            "policy_id": "ANPAZI2LFIB3VDXIAMJLA",
            "tags": {},
            "tags_all": {}
          },
          "sensitive_attributes": [],
          "private": "bnVsbA=="
        }
      ]
    },
    {
      "module": "module.rds",
      "mode": "managed",
      "type": "aws_db_subnet_group",
      "name": "subnet_group",
      "provider": "provider[\"registry.terraform.io/hashicorp/aws\"]",
      "instances": [
        {
          "schema_version": 0,
          "attributes": {
            "arn": "arn:aws:rds:ap-northeast-2:637423403127:subgrp:lac-tft-db-sg",
            "description": "Mysql DB Subnet Group",
            "id": "lac-tft-db-sg",
            "name": "lac-tft-db-sg",
            "name_prefix": "",
            "subnet_ids": [
              "subnet-060adb41077a7ce7c",
              "subnet-0d543fd2d68a14e9c"
            ],
            "supported_network_types": [
              "IPV4"
            ],
            "tags": {
              "Manageby": "Terraform"
            },
            "tags_all": {
              "Manageby": "Terraform"
            },
            "vpc_id": "vpc-09a0ec0b1d5860f93"
          },
          "sensitive_attributes": [],
          "private": "bnVsbA==",
          "dependencies": [
            "module.vpc.module.vpc.aws_subnet.private",
            "module.vpc.module.vpc.aws_vpc.this",
            "module.vpc.module.vpc.aws_vpc_ipv4_cidr_block_association.this"
          ]
        }
      ]
    },
    {
      "module": "module.rds.module.db.module.db_instance",
      "mode": "data",
      "type": "aws_iam_policy_document",
      "name": "enhanced_monitoring",
      "provider": "provider[\"registry.terraform.io/hashicorp/aws\"]",
      "instances": [
        {
          "schema_version": 0,
          "attributes": {
            "id": "76086537",
            "json": "{\n  \"Version\": \"2012-10-17\",\n  \"Statement\": [\n    {\n      \"Effect\": \"Allow\",\n      \"Action\": \"sts:AssumeRole\",\n      \"Principal\": {\n        \"Service\": \"monitoring.rds.amazonaws.com\"\n      }\n    }\n  ]\n}",
            "minified_json": "{\"Version\":\"2012-10-17\",\"Statement\":[{\"Effect\":\"Allow\",\"Action\":\"sts:AssumeRole\",\"Principal\":{\"Service\":\"monitoring.rds.amazonaws.com\"}}]}",
            "override_json": null,
            "override_policy_documents": null,
            "policy_id": null,
            "source_json": null,
            "source_policy_documents": null,
            "statement": [
              {
                "actions": [
                  "sts:AssumeRole"
                ],
                "condition": [],
                "effect": "Allow",
                "not_actions": [],
                "not_principals": [],
                "not_resources": [],
                "principals": [
                  {
                    "identifiers": [
                      "monitoring.rds.amazonaws.com"
                    ],
                    "type": "Service"
                  }
                ],
                "resources": [],
                "sid": ""
              }
            ],
            "version": "2012-10-17"
          },
          "sensitive_attributes": []
        }
      ]
    },
    {
      "module": "module.rds.module.db.module.db_instance",
      "mode": "data",
      "type": "aws_partition",
      "name": "current",
      "provider": "provider[\"registry.terraform.io/hashicorp/aws\"]",
      "instances": [
        {
          "schema_version": 0,
          "attributes": {
            "dns_suffix": "amazonaws.com",
            "id": "aws",
            "partition": "aws",
            "reverse_dns_prefix": "com.amazonaws"
          },
          "sensitive_attributes": []
        }
      ]
    },
    {
      "module": "module.rds.module.db.module.db_instance",
      "mode": "managed",
      "type": "aws_db_instance",
      "name": "this",
      "provider": "provider[\"registry.terraform.io/hashicorp/aws\"]",
      "instances": [
        {
          "index_key": 0,
          "schema_version": 2,
          "attributes": {
            "address": "woong-lac-tft-db.cr6yw4yy6k8f.ap-northeast-2.rds.amazonaws.com",
            "allocated_storage": 20,
            "allow_major_version_upgrade": false,
            "apply_immediately": false,
            "arn": "arn:aws:rds:ap-northeast-2:637423403127:db:woong-lac-tft-db",
            "auto_minor_version_upgrade": false,
            "availability_zone": "ap-northeast-2c",
            "backup_retention_period": 0,
            "backup_target": "region",
            "backup_window": "15:30-16:00",
            "blue_green_update": [],
            "ca_cert_identifier": "rds-ca-rsa2048-g1",
            "character_set_name": "",
            "copy_tags_to_snapshot": false,
            "custom_iam_instance_profile": "",
            "customer_owned_ip_enabled": false,
            "db_name": "db",
            "db_subnet_group_name": "lac-tft-db-sg",
            "dedicated_log_volume": false,
            "delete_automated_backups": true,
            "deletion_protection": false,
            "domain": "",
            "domain_auth_secret_arn": "",
            "domain_dns_ips": [],
            "domain_fqdn": "",
            "domain_iam_role_name": "",
            "domain_ou": "",
            "enabled_cloudwatch_logs_exports": [],
            "endpoint": "woong-lac-tft-db.cr6yw4yy6k8f.ap-northeast-2.rds.amazonaws.com:3306",
            "engine": "mysql",
            "engine_lifecycle_support": "open-source-rds-extended-support",
            "engine_version": "5.7.44",
            "engine_version_actual": "5.7.44",
            "final_snapshot_identifier": null,
            "hosted_zone_id": "ZLA2NUCOLGUUR",
            "iam_database_authentication_enabled": false,
            "id": "db-DFBWZFXYWHOR3HNSPWI43DMWFQ",
            "identifier": "woong-lac-tft-db",
            "identifier_prefix": "",
            "instance_class": "db.t3.medium",
            "iops": 0,
            "kms_key_id": "arn:aws:kms:ap-northeast-2:637423403127:key/9bb8c446-5cb3-44ce-9f38-915efca1e4c4",
            "latest_restorable_time": "",
            "license_model": "general-public-license",
            "listener_endpoint": [],
            "maintenance_window": "sun:18:07-sun:18:37",
            "manage_master_user_password": null,
            "master_user_secret": [],
            "master_user_secret_kms_key_id": null,
            "max_allocated_storage": 0,
            "monitoring_interval": 0,
            "monitoring_role_arn": "",
            "multi_az": false,
            "nchar_character_set_name": "",
            "network_type": "IPV4",
            "option_group_name": "woong-lac-tft-db-20241015013928813500000001",
            "parameter_group_name": "woong-lac-tft-db-20241015013928839100000002",
            "password": "123456789",
            "performance_insights_enabled": false,
            "performance_insights_kms_key_id": "",
            "performance_insights_retention_period": 0,
            "port": 3306,
            "publicly_accessible": false,
            "replica_mode": "",
            "replicas": [],
            "replicate_source_db": "",
            "resource_id": "db-DFBWZFXYWHOR3HNSPWI43DMWFQ",
            "restore_to_point_in_time": [],
            "s3_import": [],
            "skip_final_snapshot": true,
            "snapshot_identifier": null,
            "status": "available",
            "storage_encrypted": true,
            "storage_throughput": 0,
            "storage_type": "gp2",
            "tags": {
              "Manageby": "Terraform"
            },
            "tags_all": {
              "Manageby": "Terraform"
            },
            "timeouts": {
              "create": null,
              "delete": null,
              "update": null
            },
            "timezone": "",
            "upgrade_storage_config": null,
            "username": "db",
            "vpc_security_group_ids": [
              "sg-0fb00c20080e54d32"
            ]
          },
          "sensitive_attributes": [
            [
              {
                "type": "get_attr",
                "value": "password"
              }
            ]
          ],
          "private": "eyJlMmJmYjczMC1lY2FhLTExZTYtOGY4OC0zNDM2M2JjN2M0YzAiOnsiY3JlYXRlIjoyNDAwMDAwMDAwMDAwLCJkZWxldGUiOjM2MDAwMDAwMDAwMDAsInVwZGF0ZSI6NDgwMDAwMDAwMDAwMH0sInNjaGVtYV92ZXJzaW9uIjoiMiJ9",
          "dependencies": [
            "module.ec2.module.ec2_instance1.aws_iam_instance_profile.this",
            "module.ec2.module.ec2_instance1.aws_iam_role.this",
            "module.ec2.module.ec2_instance1.aws_instance.ignore_ami",
            "module.ec2.module.ec2_instance1.aws_instance.this",
            "module.ec2.module.ec2_instance1.aws_spot_instance_request.this",
            "module.ec2.module.ec2_instance1.data.aws_iam_policy_document.assume_role_policy",
            "module.ec2.module.ec2_instance1.data.aws_partition.current",
            "module.ec2.module.ec2_instance1.data.aws_ssm_parameter.this",
            "module.ec2.module.ec2_instance2.aws_iam_instance_profile.this",
            "module.ec2.module.ec2_instance2.aws_iam_role.this",
            "module.ec2.module.ec2_instance2.aws_instance.ignore_ami",
            "module.ec2.module.ec2_instance2.aws_instance.this",
            "module.ec2.module.ec2_instance2.aws_spot_instance_request.this",
            "module.ec2.module.ec2_instance2.data.aws_iam_policy_document.assume_role_policy",
            "module.ec2.module.ec2_instance2.data.aws_partition.current",
            "module.ec2.module.ec2_instance2.data.aws_ssm_parameter.this",
            "module.nlb.aws_lb.nlb",
            "module.rds.aws_db_subnet_group.subnet_group",
            "module.rds.module.db.module.db_instance.aws_cloudwatch_log_group.this",
            "module.rds.module.db.module.db_instance.aws_iam_role.enhanced_monitoring",
            "module.rds.module.db.module.db_instance.data.aws_iam_policy_document.enhanced_monitoring",
            "module.rds.module.db.module.db_instance.random_id.snapshot_identifier",
            "module.rds.module.db.module.db_option_group.aws_db_option_group.this",
            "module.rds.module.db.module.db_parameter_group.aws_db_parameter_group.this",
            "module.rds.module.db.module.db_subnet_group.aws_db_subnet_group.this",
            "module.security_groups.aws_security_group.ALB",
            "module.security_groups.aws_security_group.Bastion",
            "module.security_groups.aws_security_group.RDS",
            "module.security_groups.aws_security_group.WAS",
            "module.security_groups.aws_security_group.WEB",
            "module.vpc.module.vpc.aws_subnet.private",
            "module.vpc.module.vpc.aws_vpc.this",
            "module.vpc.module.vpc.aws_vpc_ipv4_cidr_block_association.this"
          ]
        }
      ]
    },
    {
      "module": "module.rds.module.db.module.db_option_group",
      "mode": "managed",
      "type": "aws_db_option_group",
      "name": "this",
      "provider": "provider[\"registry.terraform.io/hashicorp/aws\"]",
      "instances": [
        {
          "index_key": 0,
          "schema_version": 0,
          "attributes": {
            "arn": "arn:aws:rds:ap-northeast-2:637423403127:og:woong-lac-tft-db-20241015013928813500000001",
            "engine_name": "mysql",
            "id": "woong-lac-tft-db-20241015013928813500000001",
            "major_engine_version": "5.7",
            "name": "woong-lac-tft-db-20241015013928813500000001",
            "name_prefix": "woong-lac-tft-db-",
            "option": [],
            "option_group_description": "woong-lac-tft-db option group",
            "skip_destroy": false,
            "tags": {
              "Manageby": "Terraform",
              "Name": "woong-lac-tft-db"
            },
            "tags_all": {
              "Manageby": "Terraform",
              "Name": "woong-lac-tft-db"
            },
            "timeouts": {
              "delete": null
            }
          },
          "sensitive_attributes": [],
          "private": "eyJlMmJmYjczMC1lY2FhLTExZTYtOGY4OC0zNDM2M2JjN2M0YzAiOnsiZGVsZXRlIjo5MDAwMDAwMDAwMDB9fQ==",
          "create_before_destroy": true
        }
      ]
    },
    {
      "module": "module.rds.module.db.module.db_parameter_group",
      "mode": "managed",
      "type": "aws_db_parameter_group",
      "name": "this",
      "provider": "provider[\"registry.terraform.io/hashicorp/aws\"]",
      "instances": [
        {
          "index_key": 0,
          "schema_version": 0,
          "attributes": {
            "arn": "arn:aws:rds:ap-northeast-2:637423403127:pg:woong-lac-tft-db-20241015013928839100000002",
            "description": "woong-lac-tft-db parameter group",
            "family": "mysql5.7",
            "id": "woong-lac-tft-db-20241015013928839100000002",
            "name": "woong-lac-tft-db-20241015013928839100000002",
            "name_prefix": "woong-lac-tft-db-",
            "parameter": [],
            "skip_destroy": false,
            "tags": {
              "Manageby": "Terraform",
              "Name": "woong-lac-tft-db"
            },
            "tags_all": {
              "Manageby": "Terraform",
              "Name": "woong-lac-tft-db"
            }
          },
          "sensitive_attributes": [],
          "private": "bnVsbA==",
          "create_before_destroy": true
        }
      ]
    },
    {
      "module": "module.route53",
      "mode": "data",
      "type": "aws_route53_zone",
      "name": "r53",
      "provider": "provider[\"registry.terraform.io/hashicorp/aws\"]",
      "instances": [
        {
          "schema_version": 0,
          "attributes": {
            "arn": "arn:aws:route53:::hostedzone/Z0668592GCRH4LPCX73B",
            "caller_reference": "RISWorkflow-RD:5dfb7ee2-83c6-472f-8acc-48d609316a20",
            "comment": "HostedZone created by Route53 Registrar",
            "id": "Z0668592GCRH4LPCX73B",
            "linked_service_description": null,
            "linked_service_principal": null,
            "name": "btiucloud.com",
            "name_servers": [
              "ns-703.awsdns-23.net",
              "ns-497.awsdns-62.com",
              "ns-1387.awsdns-45.org",
              "ns-2034.awsdns-62.co.uk"
            ],
            "primary_name_server": "ns-703.awsdns-23.net",
            "private_zone": false,
            "resource_record_set_count": 21,
            "tags": {},
            "vpc_id": null,
            "zone_id": "Z0668592GCRH4LPCX73B"
          },
          "sensitive_attributes": []
        }
      ]
    },
    {
      "module": "module.route53",
      "mode": "managed",
      "type": "aws_route53_record",
      "name": "alb",
      "provider": "provider[\"registry.terraform.io/hashicorp/aws\"]",
      "instances": [
        {
          "schema_version": 2,
          "attributes": {
            "alias": [
              {
                "evaluate_target_health": true,
                "name": "d21fqhxm581a5h.cloudfront.net",
                "zone_id": "Z2FDTNDATAQYW2"
              }
            ],
            "allow_overwrite": null,
            "cidr_routing_policy": [],
            "failover_routing_policy": [],
            "fqdn": "94102108.btiucloud.com",
            "geolocation_routing_policy": [],
            "geoproximity_routing_policy": [],
            "health_check_id": "",
            "id": "Z0668592GCRH4LPCX73B_94102108.btiucloud.com_A",
            "latency_routing_policy": [],
            "multivalue_answer_routing_policy": false,
            "name": "94102108.btiucloud.com",
            "records": [],
            "set_identifier": "",
            "ttl": 0,
            "type": "A",
            "weighted_routing_policy": [],
            "zone_id": "Z0668592GCRH4LPCX73B"
          },
          "sensitive_attributes": [],
          "private": "eyJzY2hlbWFfdmVyc2lvbiI6IjIifQ==",
          "dependencies": [
            "module.acm.aws_acm_certificate.virginia",
            "module.alb.aws_lb.alb",
            "module.cdn.aws_cloudfront_origin_access_control.oac",
            "module.cdn.module.cdn.aws_cloudfront_distribution.this",
            "module.cdn.module.cdn.aws_cloudfront_origin_access_control.this",
            "module.cdn.module.cdn.aws_cloudfront_origin_access_identity.this",
            "module.cdn.module.cdn.data.aws_cloudfront_cache_policy.this",
            "module.cdn.module.cdn.data.aws_cloudfront_origin_request_policy.this",
            "module.cdn.module.cdn.data.aws_cloudfront_response_headers_policy.this",
            "module.route53.data.aws_route53_zone.r53",
            "module.s3.module.s3_bucket_for_logs.aws_s3_bucket.this",
            "module.security_groups.aws_security_group.ALB",
            "module.vpc.module.vpc.aws_subnet.public",
            "module.vpc.module.vpc.aws_vpc.this",
            "module.vpc.module.vpc.aws_vpc_ipv4_cidr_block_association.this",
            "module.waf.aws_wafv2_ip_set.ipset",
            "module.waf.aws_wafv2_web_acl.waf"
          ]
        }
      ]
    },
    {
      "module": "module.s3",
      "mode": "managed",
      "type": "aws_s3_bucket_policy",
      "name": "bucket_policy_web",
      "provider": "provider[\"registry.terraform.io/hashicorp/aws\"]",
      "instances": [
        {
          "schema_version": 0,
          "attributes": {
            "bucket": "94102108-tft-s3",
            "id": "94102108-tft-s3",
            "policy": "{\"Statement\":[{\"Action\":\"s3:GetObject\",\"Condition\":{\"StringEquals\":{\"AWS:SourceArn\":\"arn:aws:cloudfront::637423403127:distribution/E2XCHYNQ1WKFDS\"}},\"Effect\":\"Allow\",\"Principal\":{\"Service\":\"cloudfront.amazonaws.com\"},\"Resource\":\"arn:aws:s3:::94102108-tft-s3/*\",\"Sid\":\"AllowCloudFrontServicePrincipal\"}],\"Version\":\"2012-10-17\"}"
          },
          "sensitive_attributes": [],
          "private": "bnVsbA==",
          "dependencies": [
            "module.acm.aws_acm_certificate.virginia",
            "module.alb.aws_lb.alb",
            "module.cdn.aws_cloudfront_origin_access_control.oac",
            "module.cdn.module.cdn.aws_cloudfront_distribution.this",
            "module.cdn.module.cdn.aws_cloudfront_origin_access_control.this",
            "module.cdn.module.cdn.aws_cloudfront_origin_access_identity.this",
            "module.cdn.module.cdn.data.aws_cloudfront_cache_policy.this",
            "module.cdn.module.cdn.data.aws_cloudfront_origin_request_policy.this",
            "module.cdn.module.cdn.data.aws_cloudfront_response_headers_policy.this",
            "module.s3.module.s3_bucket_for_logs.aws_s3_bucket.this",
            "module.s3.module.s3_bucket_for_logs.aws_s3_bucket_policy.this",
            "module.s3.module.s3_bucket_for_logs.aws_s3_bucket_public_access_block.this",
            "module.s3.module.s3_bucket_for_logs.data.aws_caller_identity.current",
            "module.s3.module.s3_bucket_for_logs.data.aws_iam_policy_document.access_log_delivery",
            "module.s3.module.s3_bucket_for_logs.data.aws_iam_policy_document.combined",
            "module.s3.module.s3_bucket_for_logs.data.aws_iam_policy_document.deny_incorrect_encryption_headers",
            "module.s3.module.s3_bucket_for_logs.data.aws_iam_policy_document.deny_incorrect_kms_key_sse",
            "module.s3.module.s3_bucket_for_logs.data.aws_iam_policy_document.deny_insecure_transport",
            "module.s3.module.s3_bucket_for_logs.data.aws_iam_policy_document.deny_unencrypted_object_uploads",
            "module.s3.module.s3_bucket_for_logs.data.aws_iam_policy_document.elb_log_delivery",
            "module.s3.module.s3_bucket_for_logs.data.aws_iam_policy_document.inventory_and_analytics_destination_policy",
            "module.s3.module.s3_bucket_for_logs.data.aws_iam_policy_document.lb_log_delivery",
            "module.s3.module.s3_bucket_for_logs.data.aws_iam_policy_document.require_latest_tls",
            "module.s3.module.s3_bucket_for_logs.data.aws_partition.current",
            "module.s3.module.s3_bucket_for_logs.data.aws_region.current",
            "module.security_groups.aws_security_group.ALB",
            "module.vpc.module.vpc.aws_subnet.public",
            "module.vpc.module.vpc.aws_vpc.this",
            "module.vpc.module.vpc.aws_vpc_ipv4_cidr_block_association.this",
            "module.waf.aws_wafv2_ip_set.ipset",
            "module.waf.aws_wafv2_web_acl.waf"
          ]
        }
      ]
    },
    {
      "module": "module.s3",
      "mode": "managed",
      "type": "aws_s3_object",
      "name": "test",
      "provider": "provider[\"registry.terraform.io/hashicorp/aws\"]",
      "instances": [
        {
          "schema_version": 0,
          "attributes": {
            "acl": null,
            "arn": "arn:aws:s3:::94102108-tft-s3/test/",
            "bucket": "94102108-tft-s3",
            "bucket_key_enabled": false,
            "cache_control": "",
            "checksum_algorithm": null,
            "checksum_crc32": "",
            "checksum_crc32c": "",
            "checksum_sha1": "",
            "checksum_sha256": "",
            "content": null,
            "content_base64": null,
            "content_disposition": "",
            "content_encoding": "",
            "content_language": "",
            "content_type": "application/octet-stream",
            "etag": "d41d8cd98f00b204e9800998ecf8427e",
            "force_destroy": false,
            "id": "test/",
            "key": "test/",
            "kms_key_id": null,
            "metadata": {},
            "object_lock_legal_hold_status": "",
            "object_lock_mode": "",
            "object_lock_retain_until_date": "",
            "override_provider": [],
            "server_side_encryption": "AES256",
            "source": null,
            "source_hash": null,
            "storage_class": "STANDARD",
            "tags": {},
            "tags_all": {},
            "version_id": "",
            "website_redirect": ""
          },
          "sensitive_attributes": [],
          "private": "bnVsbA==",
          "dependencies": [
            "module.s3.module.s3_bucket_for_logs.aws_s3_bucket.this",
            "module.s3.module.s3_bucket_for_logs.aws_s3_bucket_policy.this",
            "module.s3.module.s3_bucket_for_logs.aws_s3_bucket_public_access_block.this",
            "module.s3.module.s3_bucket_for_logs.data.aws_caller_identity.current",
            "module.s3.module.s3_bucket_for_logs.data.aws_iam_policy_document.access_log_delivery",
            "module.s3.module.s3_bucket_for_logs.data.aws_iam_policy_document.combined",
            "module.s3.module.s3_bucket_for_logs.data.aws_iam_policy_document.deny_incorrect_encryption_headers",
            "module.s3.module.s3_bucket_for_logs.data.aws_iam_policy_document.deny_incorrect_kms_key_sse",
            "module.s3.module.s3_bucket_for_logs.data.aws_iam_policy_document.deny_insecure_transport",
            "module.s3.module.s3_bucket_for_logs.data.aws_iam_policy_document.deny_unencrypted_object_uploads",
            "module.s3.module.s3_bucket_for_logs.data.aws_iam_policy_document.elb_log_delivery",
            "module.s3.module.s3_bucket_for_logs.data.aws_iam_policy_document.inventory_and_analytics_destination_policy",
            "module.s3.module.s3_bucket_for_logs.data.aws_iam_policy_document.lb_log_delivery",
            "module.s3.module.s3_bucket_for_logs.data.aws_iam_policy_document.require_latest_tls",
            "module.s3.module.s3_bucket_for_logs.data.aws_partition.current",
            "module.s3.module.s3_bucket_for_logs.data.aws_region.current"
          ]
        }
      ]
    },
    {
      "module": "module.s3.module.s3_bucket_for_logs",
      "mode": "data",
      "type": "aws_caller_identity",
      "name": "current",
      "provider": "provider[\"registry.terraform.io/hashicorp/aws\"]",
      "instances": [
        {
          "schema_version": 0,
          "attributes": {
            "account_id": "637423403127",
            "arn": "arn:aws:sts::637423403127:assumed-role/AdminFull/i-072a97c2702da3596",
            "id": "637423403127",
            "user_id": "AROAZI2LFIB334J6YDUVB:i-072a97c2702da3596"
          },
          "sensitive_attributes": []
        }
      ]
    },
    {
      "module": "module.s3.module.s3_bucket_for_logs",
      "mode": "data",
      "type": "aws_canonical_user_id",
      "name": "this",
      "provider": "provider[\"registry.terraform.io/hashicorp/aws\"]",
      "instances": [
        {
          "index_key": 0,
          "schema_version": 0,
          "attributes": {
            "display_name": "",
            "id": "b0c65912f22731ca86f1ee80914bd64c69eb2b4e91ff26d131ed7252dc3c069b"
          },
          "sensitive_attributes": []
        }
      ]
    },
    {
      "module": "module.s3.module.s3_bucket_for_logs",
      "mode": "data",
      "type": "aws_partition",
      "name": "current",
      "provider": "provider[\"registry.terraform.io/hashicorp/aws\"]",
      "instances": [
        {
          "schema_version": 0,
          "attributes": {
            "dns_suffix": "amazonaws.com",
            "id": "aws",
            "partition": "aws",
            "reverse_dns_prefix": "com.amazonaws"
          },
          "sensitive_attributes": []
        }
      ]
    },
    {
      "module": "module.s3.module.s3_bucket_for_logs",
      "mode": "data",
      "type": "aws_region",
      "name": "current",
      "provider": "provider[\"registry.terraform.io/hashicorp/aws\"]",
      "instances": [
        {
          "schema_version": 0,
          "attributes": {
            "description": "Asia Pacific (Seoul)",
            "endpoint": "ec2.ap-northeast-2.amazonaws.com",
            "id": "ap-northeast-2",
            "name": "ap-northeast-2"
          },
          "sensitive_attributes": []
        }
      ]
    },
    {
      "module": "module.s3.module.s3_bucket_for_logs",
      "mode": "managed",
      "type": "aws_s3_bucket",
      "name": "this",
      "provider": "provider[\"registry.terraform.io/hashicorp/aws\"]",
      "instances": [
        {
          "index_key": 0,
          "schema_version": 0,
          "attributes": {
            "acceleration_status": "",
            "acl": null,
            "arn": "arn:aws:s3:::94102108-tft-s3",
            "bucket": "94102108-tft-s3",
            "bucket_domain_name": "94102108-tft-s3.s3.amazonaws.com",
            "bucket_prefix": "",
            "bucket_regional_domain_name": "94102108-tft-s3.s3.ap-northeast-2.amazonaws.com",
            "cors_rule": [],
            "force_destroy": true,
            "grant": [
              {
                "id": "b0c65912f22731ca86f1ee80914bd64c69eb2b4e91ff26d131ed7252dc3c069b",
                "permissions": [
                  "FULL_CONTROL"
                ],
                "type": "CanonicalUser",
                "uri": ""
              }
            ],
            "hosted_zone_id": "Z3W03O7B5YMIYP",
            "id": "94102108-tft-s3",
            "lifecycle_rule": [],
            "logging": [],
            "object_lock_configuration": [],
            "object_lock_enabled": false,
            "policy": "{\"Statement\":[{\"Action\":\"s3:GetObject\",\"Condition\":{\"StringEquals\":{\"AWS:SourceArn\":\"arn:aws:cloudfront::637423403127:distribution/E2XCHYNQ1WKFDS\"}},\"Effect\":\"Allow\",\"Principal\":{\"Service\":\"cloudfront.amazonaws.com\"},\"Resource\":\"arn:aws:s3:::94102108-tft-s3/*\",\"Sid\":\"AllowCloudFrontServicePrincipal\"}],\"Version\":\"2012-10-17\"}",
            "region": "ap-northeast-2",
            "replication_configuration": [],
            "request_payer": "BucketOwner",
            "server_side_encryption_configuration": [
              {
                "rule": [
                  {
                    "apply_server_side_encryption_by_default": [
                      {
                        "kms_master_key_id": "",
                        "sse_algorithm": "AES256"
                      }
                    ],
                    "bucket_key_enabled": false
                  }
                ]
              }
            ],
            "tags": {
              "Manageby": "Terraform"
            },
            "tags_all": {
              "Manageby": "Terraform"
            },
            "timeouts": null,
            "versioning": [
              {
                "enabled": false,
                "mfa_delete": false
              }
            ],
            "website": [],
            "website_domain": null,
            "website_endpoint": null
          },
          "sensitive_attributes": [],
          "private": "eyJlMmJmYjczMC1lY2FhLTExZTYtOGY4OC0zNDM2M2JjN2M0YzAiOnsiY3JlYXRlIjoxMjAwMDAwMDAwMDAwLCJkZWxldGUiOjM2MDAwMDAwMDAwMDAsInJlYWQiOjEyMDAwMDAwMDAwMDAsInVwZGF0ZSI6MTIwMDAwMDAwMDAwMH19"
        }
      ]
    },
    {
      "module": "module.s3.module.s3_bucket_for_logs",
      "mode": "managed",
      "type": "aws_s3_bucket_acl",
      "name": "this",
      "provider": "provider[\"registry.terraform.io/hashicorp/aws\"]",
      "instances": [
        {
          "index_key": 0,
          "schema_version": 0,
          "attributes": {
            "access_control_policy": [
              {
                "grant": [
                  {
                    "grantee": [
                      {
                        "display_name": "",
                        "email_address": "",
                        "id": "b0c65912f22731ca86f1ee80914bd64c69eb2b4e91ff26d131ed7252dc3c069b",
                        "type": "CanonicalUser",
                        "uri": ""
                      }
                    ],
                    "permission": "FULL_CONTROL"
                  }
                ],
                "owner": [
                  {
                    "display_name": "",
                    "id": "b0c65912f22731ca86f1ee80914bd64c69eb2b4e91ff26d131ed7252dc3c069b"
                  }
                ]
              }
            ],
            "acl": "private",
            "bucket": "94102108-tft-s3",
            "expected_bucket_owner": "",
            "id": "94102108-tft-s3,private"
          },
          "sensitive_attributes": [],
          "private": "bnVsbA==",
          "dependencies": [
            "module.s3.module.s3_bucket_for_logs.aws_s3_bucket.this",
            "module.s3.module.s3_bucket_for_logs.aws_s3_bucket_ownership_controls.this",
            "module.s3.module.s3_bucket_for_logs.aws_s3_bucket_policy.this",
            "module.s3.module.s3_bucket_for_logs.aws_s3_bucket_public_access_block.this",
            "module.s3.module.s3_bucket_for_logs.data.aws_caller_identity.current",
            "module.s3.module.s3_bucket_for_logs.data.aws_canonical_user_id.this",
            "module.s3.module.s3_bucket_for_logs.data.aws_iam_policy_document.access_log_delivery",
            "module.s3.module.s3_bucket_for_logs.data.aws_iam_policy_document.combined",
            "module.s3.module.s3_bucket_for_logs.data.aws_iam_policy_document.deny_incorrect_encryption_headers",
            "module.s3.module.s3_bucket_for_logs.data.aws_iam_policy_document.deny_incorrect_kms_key_sse",
            "module.s3.module.s3_bucket_for_logs.data.aws_iam_policy_document.deny_insecure_transport",
            "module.s3.module.s3_bucket_for_logs.data.aws_iam_policy_document.deny_unencrypted_object_uploads",
            "module.s3.module.s3_bucket_for_logs.data.aws_iam_policy_document.elb_log_delivery",
            "module.s3.module.s3_bucket_for_logs.data.aws_iam_policy_document.inventory_and_analytics_destination_policy",
            "module.s3.module.s3_bucket_for_logs.data.aws_iam_policy_document.lb_log_delivery",
            "module.s3.module.s3_bucket_for_logs.data.aws_iam_policy_document.require_latest_tls",
            "module.s3.module.s3_bucket_for_logs.data.aws_partition.current",
            "module.s3.module.s3_bucket_for_logs.data.aws_region.current"
          ]
        }
      ]
    },
    {
      "module": "module.s3.module.s3_bucket_for_logs",
      "mode": "managed",
      "type": "aws_s3_bucket_ownership_controls",
      "name": "this",
      "provider": "provider[\"registry.terraform.io/hashicorp/aws\"]",
      "instances": [
        {
          "index_key": 0,
          "schema_version": 0,
          "attributes": {
            "bucket": "94102108-tft-s3",
            "id": "94102108-tft-s3",
            "rule": [
              {
                "object_ownership": "ObjectWriter"
              }
            ]
          },
          "sensitive_attributes": [],
          "private": "bnVsbA==",
          "dependencies": [
            "module.s3.module.s3_bucket_for_logs.aws_s3_bucket.this",
            "module.s3.module.s3_bucket_for_logs.aws_s3_bucket_policy.this",
            "module.s3.module.s3_bucket_for_logs.aws_s3_bucket_public_access_block.this",
            "module.s3.module.s3_bucket_for_logs.data.aws_caller_identity.current",
            "module.s3.module.s3_bucket_for_logs.data.aws_iam_policy_document.access_log_delivery",
            "module.s3.module.s3_bucket_for_logs.data.aws_iam_policy_document.combined",
            "module.s3.module.s3_bucket_for_logs.data.aws_iam_policy_document.deny_incorrect_encryption_headers",
            "module.s3.module.s3_bucket_for_logs.data.aws_iam_policy_document.deny_incorrect_kms_key_sse",
            "module.s3.module.s3_bucket_for_logs.data.aws_iam_policy_document.deny_insecure_transport",
            "module.s3.module.s3_bucket_for_logs.data.aws_iam_policy_document.deny_unencrypted_object_uploads",
            "module.s3.module.s3_bucket_for_logs.data.aws_iam_policy_document.elb_log_delivery",
            "module.s3.module.s3_bucket_for_logs.data.aws_iam_policy_document.inventory_and_analytics_destination_policy",
            "module.s3.module.s3_bucket_for_logs.data.aws_iam_policy_document.lb_log_delivery",
            "module.s3.module.s3_bucket_for_logs.data.aws_iam_policy_document.require_latest_tls",
            "module.s3.module.s3_bucket_for_logs.data.aws_partition.current",
            "module.s3.module.s3_bucket_for_logs.data.aws_region.current"
          ]
        }
      ]
    },
    {
      "module": "module.s3.module.s3_bucket_for_logs",
      "mode": "managed",
      "type": "aws_s3_bucket_public_access_block",
      "name": "this",
      "provider": "provider[\"registry.terraform.io/hashicorp/aws\"]",
      "instances": [
        {
          "index_key": 0,
          "schema_version": 0,
          "attributes": {
            "block_public_acls": true,
            "block_public_policy": true,
            "bucket": "94102108-tft-s3",
            "id": "94102108-tft-s3",
            "ignore_public_acls": true,
            "restrict_public_buckets": true
          },
          "sensitive_attributes": [],
          "private": "bnVsbA==",
          "dependencies": [
            "module.s3.module.s3_bucket_for_logs.aws_s3_bucket.this"
          ]
        }
      ]
    },
    {
      "module": "module.security_groups",
      "mode": "managed",
      "type": "aws_security_group",
      "name": "ALB",
      "provider": "provider[\"registry.terraform.io/hashicorp/aws\"]",
      "instances": [
        {
          "schema_version": 1,
          "attributes": {
            "arn": "arn:aws:ec2:ap-northeast-2:637423403127:security-group/sg-006052150afc3994e",
            "description": "Security Group for ALB",
            "egress": [
              {
                "cidr_blocks": [
                  "0.0.0.0/0"
                ],
                "description": "",
                "from_port": 0,
                "ipv6_cidr_blocks": [],
                "prefix_list_ids": [],
                "protocol": "-1",
                "security_groups": [],
                "self": false,
                "to_port": 0
              }
            ],
            "id": "sg-006052150afc3994e",
            "ingress": [
              {
                "cidr_blocks": [
                  "0.0.0.0/0"
                ],
                "description": "Allow access from HTTP",
                "from_port": 80,
                "ipv6_cidr_blocks": [],
                "prefix_list_ids": [],
                "protocol": "tcp",
                "security_groups": [],
                "self": false,
                "to_port": 80
              },
              {
                "cidr_blocks": [
                  "0.0.0.0/0"
                ],
                "description": "Allow access from HTTPS",
                "from_port": 443,
                "ipv6_cidr_blocks": [],
                "prefix_list_ids": [],
                "protocol": "tcp",
                "security_groups": [],
                "self": false,
                "to_port": 443
              }
            ],
            "name": "94102108-laC-TFT-ALB",
            "name_prefix": "",
            "owner_id": "637423403127",
            "revoke_rules_on_delete": false,
            "tags": {
              "Manageby": "Terraform"
            },
            "tags_all": {
              "Manageby": "Terraform"
            },
            "timeouts": null,
            "vpc_id": "vpc-09a0ec0b1d5860f93"
          },
          "sensitive_attributes": [],
          "private": "eyJlMmJmYjczMC1lY2FhLTExZTYtOGY4OC0zNDM2M2JjN2M0YzAiOnsiY3JlYXRlIjo2MDAwMDAwMDAwMDAsImRlbGV0ZSI6OTAwMDAwMDAwMDAwfSwic2NoZW1hX3ZlcnNpb24iOiIxIn0=",
          "dependencies": [
            "module.vpc.module.vpc.aws_vpc.this"
          ],
          "create_before_destroy": true
        }
      ]
    },
    {
      "module": "module.security_groups",
      "mode": "managed",
      "type": "aws_security_group",
      "name": "Bastion",
      "provider": "provider[\"registry.terraform.io/hashicorp/aws\"]",
      "instances": [
        {
          "schema_version": 1,
          "attributes": {
            "arn": "arn:aws:ec2:ap-northeast-2:637423403127:security-group/sg-030f6bf64fdc0c085",
            "description": "Security Group for Bastion",
            "egress": [
              {
                "cidr_blocks": [
                  "0.0.0.0/0"
                ],
                "description": "",
                "from_port": 0,
                "ipv6_cidr_blocks": [],
                "prefix_list_ids": [],
                "protocol": "-1",
                "security_groups": [],
                "self": false,
                "to_port": 0
              }
            ],
            "id": "sg-030f6bf64fdc0c085",
            "ingress": [
              {
                "cidr_blocks": [
                  "165.243.5.20/32",
                  "27.122.140.10/32"
                ],
                "description": "Allow access from Cloud",
                "from_port": 22,
                "ipv6_cidr_blocks": [],
                "prefix_list_ids": [],
                "protocol": "tcp",
                "security_groups": [],
                "self": false,
                "to_port": 22
              }
            ],
            "name": "94102108-laC-TFT-Bastion",
            "name_prefix": "",
            "owner_id": "637423403127",
            "revoke_rules_on_delete": false,
            "tags": {
              "Manageby": "Terraform"
            },
            "tags_all": {
              "Manageby": "Terraform"
            },
            "timeouts": null,
            "vpc_id": "vpc-09a0ec0b1d5860f93"
          },
          "sensitive_attributes": [],
          "private": "eyJlMmJmYjczMC1lY2FhLTExZTYtOGY4OC0zNDM2M2JjN2M0YzAiOnsiY3JlYXRlIjo2MDAwMDAwMDAwMDAsImRlbGV0ZSI6OTAwMDAwMDAwMDAwfSwic2NoZW1hX3ZlcnNpb24iOiIxIn0=",
          "dependencies": [
            "module.vpc.module.vpc.aws_vpc.this"
          ],
          "create_before_destroy": true
        }
      ]
    },
    {
      "module": "module.security_groups",
      "mode": "managed",
      "type": "aws_security_group",
      "name": "RDS",
      "provider": "provider[\"registry.terraform.io/hashicorp/aws\"]",
      "instances": [
        {
          "schema_version": 1,
          "attributes": {
            "arn": "arn:aws:ec2:ap-northeast-2:637423403127:security-group/sg-0fb00c20080e54d32",
            "description": "Security Group for RDS",
            "egress": [
              {
                "cidr_blocks": [
                  "0.0.0.0/0"
                ],
                "description": "",
                "from_port": 0,
                "ipv6_cidr_blocks": [],
                "prefix_list_ids": [],
                "protocol": "-1",
                "security_groups": [],
                "self": false,
                "to_port": 0
              }
            ],
            "id": "sg-0fb00c20080e54d32",
            "ingress": [
              {
                "cidr_blocks": [],
                "description": "Allow access from WAS",
                "from_port": 3306,
                "ipv6_cidr_blocks": [],
                "prefix_list_ids": [],
                "protocol": "tcp",
                "security_groups": [
                  "sg-0e583dbbe3f37bc87"
                ],
                "self": false,
                "to_port": 3306
              }
            ],
            "name": "94102108-laC-TFT-RDS",
            "name_prefix": "",
            "owner_id": "637423403127",
            "revoke_rules_on_delete": false,
            "tags": {
              "Manageby": "Terraform"
            },
            "tags_all": {
              "Manageby": "Terraform"
            },
            "timeouts": null,
            "vpc_id": "vpc-09a0ec0b1d5860f93"
          },
          "sensitive_attributes": [],
          "private": "eyJlMmJmYjczMC1lY2FhLTExZTYtOGY4OC0zNDM2M2JjN2M0YzAiOnsiY3JlYXRlIjo2MDAwMDAwMDAwMDAsImRlbGV0ZSI6OTAwMDAwMDAwMDAwfSwic2NoZW1hX3ZlcnNpb24iOiIxIn0=",
          "dependencies": [
            "module.ec2.module.ec2_instance1.aws_iam_instance_profile.this",
            "module.ec2.module.ec2_instance1.aws_iam_role.this",
            "module.ec2.module.ec2_instance1.aws_instance.ignore_ami",
            "module.ec2.module.ec2_instance1.aws_instance.this",
            "module.ec2.module.ec2_instance1.aws_spot_instance_request.this",
            "module.ec2.module.ec2_instance1.data.aws_iam_policy_document.assume_role_policy",
            "module.ec2.module.ec2_instance1.data.aws_partition.current",
            "module.ec2.module.ec2_instance1.data.aws_ssm_parameter.this",
            "module.ec2.module.ec2_instance2.aws_iam_instance_profile.this",
            "module.ec2.module.ec2_instance2.aws_iam_role.this",
            "module.ec2.module.ec2_instance2.aws_instance.ignore_ami",
            "module.ec2.module.ec2_instance2.aws_instance.this",
            "module.ec2.module.ec2_instance2.aws_spot_instance_request.this",
            "module.ec2.module.ec2_instance2.data.aws_iam_policy_document.assume_role_policy",
            "module.ec2.module.ec2_instance2.data.aws_partition.current",
            "module.ec2.module.ec2_instance2.data.aws_ssm_parameter.this",
            "module.nlb.aws_lb.nlb",
            "module.security_groups.aws_security_group.ALB",
            "module.security_groups.aws_security_group.Bastion",
            "module.security_groups.aws_security_group.WAS",
            "module.security_groups.aws_security_group.WEB",
            "module.vpc.module.vpc.aws_subnet.private",
            "module.vpc.module.vpc.aws_vpc.this",
            "module.vpc.module.vpc.aws_vpc_ipv4_cidr_block_association.this"
          ]
        }
      ]
    },
    {
      "module": "module.security_groups",
      "mode": "managed",
      "type": "aws_security_group",
      "name": "WAS",
      "provider": "provider[\"registry.terraform.io/hashicorp/aws\"]",
      "instances": [
        {
          "schema_version": 1,
          "attributes": {
            "arn": "arn:aws:ec2:ap-northeast-2:637423403127:security-group/sg-0e583dbbe3f37bc87",
            "description": "Security Group for WAS",
            "egress": [
              {
                "cidr_blocks": [
                  "0.0.0.0/0"
                ],
                "description": "",
                "from_port": 0,
                "ipv6_cidr_blocks": [],
                "prefix_list_ids": [],
                "protocol": "-1",
                "security_groups": [],
                "self": false,
                "to_port": 0
              }
            ],
            "id": "sg-0e583dbbe3f37bc87",
            "ingress": [
              {
                "cidr_blocks": [
                  "10.10.3.46/32",
                  "10.10.4.176/32"
                ],
                "description": "ssh from Bastion",
                "from_port": 8080,
                "ipv6_cidr_blocks": [],
                "prefix_list_ids": [],
                "protocol": "tcp",
                "security_groups": [],
                "self": false,
                "to_port": 8080
              },
              {
                "cidr_blocks": [],
                "description": "ssh from Bastion",
                "from_port": 22,
                "ipv6_cidr_blocks": [],
                "prefix_list_ids": [],
                "protocol": "tcp",
                "security_groups": [
                  "sg-030f6bf64fdc0c085"
                ],
                "self": false,
                "to_port": 22
              }
            ],
            "name": "94102108-laC-TFT-WAS",
            "name_prefix": "",
            "owner_id": "637423403127",
            "revoke_rules_on_delete": false,
            "tags": {
              "Manageby": "Terraform"
            },
            "tags_all": {
              "Manageby": "Terraform"
            },
            "timeouts": null,
            "vpc_id": "vpc-09a0ec0b1d5860f93"
          },
          "sensitive_attributes": [],
          "private": "eyJlMmJmYjczMC1lY2FhLTExZTYtOGY4OC0zNDM2M2JjN2M0YzAiOnsiY3JlYXRlIjo2MDAwMDAwMDAwMDAsImRlbGV0ZSI6OTAwMDAwMDAwMDAwfSwic2NoZW1hX3ZlcnNpb24iOiIxIn0=",
          "dependencies": [
            "module.ec2.module.ec2_instance1.aws_iam_instance_profile.this",
            "module.ec2.module.ec2_instance1.aws_iam_role.this",
            "module.ec2.module.ec2_instance1.aws_instance.ignore_ami",
            "module.ec2.module.ec2_instance1.aws_instance.this",
            "module.ec2.module.ec2_instance1.aws_spot_instance_request.this",
            "module.ec2.module.ec2_instance1.data.aws_iam_policy_document.assume_role_policy",
            "module.ec2.module.ec2_instance1.data.aws_partition.current",
            "module.ec2.module.ec2_instance1.data.aws_ssm_parameter.this",
            "module.ec2.module.ec2_instance2.aws_iam_instance_profile.this",
            "module.ec2.module.ec2_instance2.aws_iam_role.this",
            "module.ec2.module.ec2_instance2.aws_instance.ignore_ami",
            "module.ec2.module.ec2_instance2.aws_instance.this",
            "module.ec2.module.ec2_instance2.aws_spot_instance_request.this",
            "module.ec2.module.ec2_instance2.data.aws_iam_policy_document.assume_role_policy",
            "module.ec2.module.ec2_instance2.data.aws_partition.current",
            "module.ec2.module.ec2_instance2.data.aws_ssm_parameter.this",
            "module.nlb.aws_lb.nlb",
            "module.security_groups.aws_security_group.ALB",
            "module.security_groups.aws_security_group.Bastion",
            "module.security_groups.aws_security_group.WEB",
            "module.vpc.module.vpc.aws_subnet.private",
            "module.vpc.module.vpc.aws_vpc.this",
            "module.vpc.module.vpc.aws_vpc_ipv4_cidr_block_association.this"
          ],
          "create_before_destroy": true
        }
      ]
    },
    {
      "module": "module.security_groups",
      "mode": "managed",
      "type": "aws_security_group",
      "name": "WEB",
      "provider": "provider[\"registry.terraform.io/hashicorp/aws\"]",
      "instances": [
        {
          "schema_version": 1,
          "attributes": {
            "arn": "arn:aws:ec2:ap-northeast-2:637423403127:security-group/sg-01eb761c44009c011",
            "description": "Security Group for WEB",
            "egress": [
              {
                "cidr_blocks": [
                  "0.0.0.0/0"
                ],
                "description": "",
                "from_port": 0,
                "ipv6_cidr_blocks": [],
                "prefix_list_ids": [],
                "protocol": "-1",
                "security_groups": [],
                "self": false,
                "to_port": 0
              }
            ],
            "id": "sg-01eb761c44009c011",
            "ingress": [
              {
                "cidr_blocks": [],
                "description": "Allow access from ALB",
                "from_port": 80,
                "ipv6_cidr_blocks": [],
                "prefix_list_ids": [],
                "protocol": "tcp",
                "security_groups": [
                  "sg-006052150afc3994e"
                ],
                "self": false,
                "to_port": 80
              },
              {
                "cidr_blocks": [],
                "description": "Allow access from Bastion",
                "from_port": 22,
                "ipv6_cidr_blocks": [],
                "prefix_list_ids": [],
                "protocol": "tcp",
                "security_groups": [
                  "sg-030f6bf64fdc0c085"
                ],
                "self": false,
                "to_port": 22
              }
            ],
            "name": "94102108-laC-TFT-WEB",
            "name_prefix": "",
            "owner_id": "637423403127",
            "revoke_rules_on_delete": false,
            "tags": {
              "Manageby": "Terraform"
            },
            "tags_all": {
              "Manageby": "Terraform"
            },
            "timeouts": null,
            "vpc_id": "vpc-09a0ec0b1d5860f93"
          },
          "sensitive_attributes": [],
          "private": "eyJlMmJmYjczMC1lY2FhLTExZTYtOGY4OC0zNDM2M2JjN2M0YzAiOnsiY3JlYXRlIjo2MDAwMDAwMDAwMDAsImRlbGV0ZSI6OTAwMDAwMDAwMDAwfSwic2NoZW1hX3ZlcnNpb24iOiIxIn0=",
          "dependencies": [
            "module.security_groups.aws_security_group.ALB",
            "module.security_groups.aws_security_group.Bastion",
            "module.vpc.module.vpc.aws_vpc.this"
          ],
          "create_before_destroy": true
        }
      ]
    },
    {
      "module": "module.vpc.module.vpc",
      "mode": "managed",
      "type": "aws_default_network_acl",
      "name": "this",
      "provider": "provider[\"registry.terraform.io/hashicorp/aws\"]",
      "instances": [
        {
          "index_key": 0,
          "schema_version": 0,
          "attributes": {
            "arn": "arn:aws:ec2:ap-northeast-2:637423403127:network-acl/acl-0809780ff00364e0d",
            "default_network_acl_id": "acl-0809780ff00364e0d",
            "egress": [
              {
                "action": "allow",
                "cidr_block": "",
                "from_port": 0,
                "icmp_code": 0,
                "icmp_type": 0,
                "ipv6_cidr_block": "::/0",
                "protocol": "-1",
                "rule_no": 101,
                "to_port": 0
              },
              {
                "action": "allow",
                "cidr_block": "0.0.0.0/0",
                "from_port": 0,
                "icmp_code": 0,
                "icmp_type": 0,
                "ipv6_cidr_block": "",
                "protocol": "-1",
                "rule_no": 100,
                "to_port": 0
              }
            ],
            "id": "acl-0809780ff00364e0d",
            "ingress": [
              {
                "action": "allow",
                "cidr_block": "",
                "from_port": 0,
                "icmp_code": 0,
                "icmp_type": 0,
                "ipv6_cidr_block": "::/0",
                "protocol": "-1",
                "rule_no": 101,
                "to_port": 0
              },
              {
                "action": "allow",
                "cidr_block": "0.0.0.0/0",
                "from_port": 0,
                "icmp_code": 0,
                "icmp_type": 0,
                "ipv6_cidr_block": "",
                "protocol": "-1",
                "rule_no": 100,
                "to_port": 0
              }
            ],
            "owner_id": "637423403127",
            "subnet_ids": [
              "subnet-035d10b2e79af0179",
              "subnet-036e5041edcc6ee75",
              "subnet-060adb41077a7ce7c",
              "subnet-07ed07bf25517bfeb",
              "subnet-0a7a7f2dcc17ce212",
              "subnet-0a9cf2a8cae6c1403",
              "subnet-0d543fd2d68a14e9c",
              "subnet-0f323302034529621"
            ],
            "tags": {
              "Manageby": "Terraform",
              "Name": "94102108-TFT-default"
            },
            "tags_all": {
              "Manageby": "Terraform",
              "Name": "94102108-TFT-default"
            },
            "vpc_id": "vpc-09a0ec0b1d5860f93"
          },
          "sensitive_attributes": [],
          "private": "bnVsbA==",
          "dependencies": [
            "module.vpc.module.vpc.aws_vpc.this"
          ]
        }
      ]
    },
    {
      "module": "module.vpc.module.vpc",
      "mode": "managed",
      "type": "aws_default_route_table",
      "name": "default",
      "provider": "provider[\"registry.terraform.io/hashicorp/aws\"]",
      "instances": [
        {
          "index_key": 0,
          "schema_version": 0,
          "attributes": {
            "arn": "arn:aws:ec2:ap-northeast-2:637423403127:route-table/rtb-0a0591be13d5015a2",
            "default_route_table_id": "rtb-0a0591be13d5015a2",
            "id": "rtb-0a0591be13d5015a2",
            "owner_id": "637423403127",
            "propagating_vgws": [],
            "route": [],
            "tags": {
              "Manageby": "Terraform",
              "Name": "94102108-TFT-default"
            },
            "tags_all": {
              "Manageby": "Terraform",
              "Name": "94102108-TFT-default"
            },
            "timeouts": {
              "create": "5m",
              "update": "5m"
            },
            "vpc_id": "vpc-09a0ec0b1d5860f93"
          },
          "sensitive_attributes": [],
          "private": "eyJlMmJmYjczMC1lY2FhLTExZTYtOGY4OC0zNDM2M2JjN2M0YzAiOnsiY3JlYXRlIjozMDAwMDAwMDAwMDAsInVwZGF0ZSI6MzAwMDAwMDAwMDAwfX0=",
          "dependencies": [
            "module.vpc.module.vpc.aws_vpc.this"
          ]
        }
      ]
    },
    {
      "module": "module.vpc.module.vpc",
      "mode": "managed",
      "type": "aws_default_security_group",
      "name": "this",
      "provider": "provider[\"registry.terraform.io/hashicorp/aws\"]",
      "instances": [
        {
          "index_key": 0,
          "schema_version": 1,
          "attributes": {
            "arn": "arn:aws:ec2:ap-northeast-2:637423403127:security-group/sg-07758fa12576141c8",
            "description": "default VPC security group",
            "egress": [],
            "id": "sg-07758fa12576141c8",
            "ingress": [],
            "name": "default",
            "name_prefix": "",
            "owner_id": "637423403127",
            "revoke_rules_on_delete": false,
            "tags": {
              "Manageby": "Terraform",
              "Name": "94102108-TFT-default"
            },
            "tags_all": {
              "Manageby": "Terraform",
              "Name": "94102108-TFT-default"
            },
            "vpc_id": "vpc-09a0ec0b1d5860f93"
          },
          "sensitive_attributes": [],
          "private": "eyJzY2hlbWFfdmVyc2lvbiI6IjEifQ==",
          "dependencies": [
            "module.vpc.module.vpc.aws_vpc.this"
          ]
        }
      ]
    },
    {
      "module": "module.vpc.module.vpc",
      "mode": "managed",
      "type": "aws_eip",
      "name": "nat",
      "provider": "provider[\"registry.terraform.io/hashicorp/aws\"]",
      "instances": [
        {
          "index_key": 0,
          "schema_version": 0,
          "attributes": {
            "address": null,
            "allocation_id": "eipalloc-008d42e636067bc8d",
            "arn": "arn:aws:ec2:ap-northeast-2:637423403127:elastic-ip/eipalloc-008d42e636067bc8d",
            "associate_with_private_ip": null,
            "association_id": "eipassoc-0d8ecc9715fdfda12",
            "carrier_ip": "",
            "customer_owned_ip": "",
            "customer_owned_ipv4_pool": "",
            "domain": "vpc",
            "id": "eipalloc-008d42e636067bc8d",
            "instance": "",
            "network_border_group": "ap-northeast-2",
            "network_interface": "eni-02211bb310f923752",
            "private_dns": "ip-10-10-1-93.ap-northeast-2.compute.internal",
            "private_ip": "10.10.1.93",
            "ptr_record": "",
            "public_dns": "ec2-3-37-117-244.ap-northeast-2.compute.amazonaws.com",
            "public_ip": "3.37.117.244",
            "public_ipv4_pool": "amazon",
            "tags": {
              "Manageby": "Terraform",
              "Name": "94102108-TFT-ap-northeast-2a"
            },
            "tags_all": {
              "Manageby": "Terraform",
              "Name": "94102108-TFT-ap-northeast-2a"
            },
            "timeouts": null,
            "vpc": true
          },
          "sensitive_attributes": [],
          "private": "eyJlMmJmYjczMC1lY2FhLTExZTYtOGY4OC0zNDM2M2JjN2M0YzAiOnsiZGVsZXRlIjoxODAwMDAwMDAwMDAsInJlYWQiOjkwMDAwMDAwMDAwMCwidXBkYXRlIjozMDAwMDAwMDAwMDB9fQ==",
          "dependencies": [
            "module.vpc.module.vpc.aws_internet_gateway.this",
            "module.vpc.module.vpc.aws_vpc.this",
            "module.vpc.module.vpc.aws_vpc_ipv4_cidr_block_association.this"
          ]
        }
      ]
    },
    {
      "module": "module.vpc.module.vpc",
      "mode": "managed",
      "type": "aws_internet_gateway",
      "name": "this",
      "provider": "provider[\"registry.terraform.io/hashicorp/aws\"]",
      "instances": [
        {
          "index_key": 0,
          "schema_version": 0,
          "attributes": {
            "arn": "arn:aws:ec2:ap-northeast-2:637423403127:internet-gateway/igw-0df1e8819a72ec784",
            "id": "igw-0df1e8819a72ec784",
            "owner_id": "637423403127",
            "tags": {
              "Manageby": "Terraform",
              "Name": "94102108-TFT"
            },
            "tags_all": {
              "Manageby": "Terraform",
              "Name": "94102108-TFT"
            },
            "timeouts": null,
            "vpc_id": "vpc-09a0ec0b1d5860f93"
          },
          "sensitive_attributes": [],
          "private": "eyJlMmJmYjczMC1lY2FhLTExZTYtOGY4OC0zNDM2M2JjN2M0YzAiOnsiY3JlYXRlIjoxMjAwMDAwMDAwMDAwLCJkZWxldGUiOjEyMDAwMDAwMDAwMDAsInVwZGF0ZSI6MTIwMDAwMDAwMDAwMH19",
          "dependencies": [
            "module.vpc.module.vpc.aws_vpc.this",
            "module.vpc.module.vpc.aws_vpc_ipv4_cidr_block_association.this"
          ]
        }
      ]
    },
    {
      "module": "module.vpc.module.vpc",
      "mode": "managed",
      "type": "aws_nat_gateway",
      "name": "this",
      "provider": "provider[\"registry.terraform.io/hashicorp/aws\"]",
      "instances": [
        {
          "index_key": 0,
          "schema_version": 0,
          "attributes": {
            "allocation_id": "eipalloc-008d42e636067bc8d",
            "association_id": "eipassoc-0d8ecc9715fdfda12",
            "connectivity_type": "public",
            "id": "nat-0deb4755959f55b5e",
            "network_interface_id": "eni-02211bb310f923752",
            "private_ip": "10.10.1.93",
            "public_ip": "3.37.117.244",
            "secondary_allocation_ids": [],
            "secondary_private_ip_address_count": 0,
            "secondary_private_ip_addresses": [],
            "subnet_id": "subnet-036e5041edcc6ee75",
            "tags": {
              "Manageby": "Terraform",
              "Name": "94102108-TFT-ap-northeast-2a"
            },
            "tags_all": {
              "Manageby": "Terraform",
              "Name": "94102108-TFT-ap-northeast-2a"
            },
            "timeouts": null
          },
          "sensitive_attributes": [],
          "private": "eyJlMmJmYjczMC1lY2FhLTExZTYtOGY4OC0zNDM2M2JjN2M0YzAiOnsiY3JlYXRlIjo2MDAwMDAwMDAwMDAsImRlbGV0ZSI6MTgwMDAwMDAwMDAwMCwidXBkYXRlIjo2MDAwMDAwMDAwMDB9fQ==",
          "dependencies": [
            "module.vpc.module.vpc.aws_eip.nat",
            "module.vpc.module.vpc.aws_internet_gateway.this",
            "module.vpc.module.vpc.aws_subnet.public",
            "module.vpc.module.vpc.aws_vpc.this",
            "module.vpc.module.vpc.aws_vpc_ipv4_cidr_block_association.this"
          ]
        }
      ]
    },
    {
      "module": "module.vpc.module.vpc",
      "mode": "managed",
      "type": "aws_route",
      "name": "private_nat_gateway",
      "provider": "provider[\"registry.terraform.io/hashicorp/aws\"]",
      "instances": [
        {
          "index_key": 0,
          "schema_version": 0,
          "attributes": {
            "carrier_gateway_id": "",
            "core_network_arn": "",
            "destination_cidr_block": "0.0.0.0/0",
            "destination_ipv6_cidr_block": "",
            "destination_prefix_list_id": "",
            "egress_only_gateway_id": "",
            "gateway_id": "",
            "id": "r-rtb-0cada4eda836049331080289494",
            "instance_id": "",
            "instance_owner_id": "",
            "local_gateway_id": "",
            "nat_gateway_id": "nat-0deb4755959f55b5e",
            "network_interface_id": "",
            "origin": "CreateRoute",
            "route_table_id": "rtb-0cada4eda83604933",
            "state": "active",
            "timeouts": {
              "create": "5m",
              "delete": null,
              "update": null
            },
            "transit_gateway_id": "",
            "vpc_endpoint_id": "",
            "vpc_peering_connection_id": ""
          },
          "sensitive_attributes": [],
          "private": "eyJlMmJmYjczMC1lY2FhLTExZTYtOGY4OC0zNDM2M2JjN2M0YzAiOnsiY3JlYXRlIjozMDAwMDAwMDAwMDAsImRlbGV0ZSI6MzAwMDAwMDAwMDAwLCJ1cGRhdGUiOjEyMDAwMDAwMDAwMH19",
          "dependencies": [
            "module.vpc.module.vpc.aws_eip.nat",
            "module.vpc.module.vpc.aws_internet_gateway.this",
            "module.vpc.module.vpc.aws_nat_gateway.this",
            "module.vpc.module.vpc.aws_route_table.private",
            "module.vpc.module.vpc.aws_subnet.public",
            "module.vpc.module.vpc.aws_vpc.this",
            "module.vpc.module.vpc.aws_vpc_ipv4_cidr_block_association.this"
          ]
        }
      ]
    },
    {
      "module": "module.vpc.module.vpc",
      "mode": "managed",
      "type": "aws_route",
      "name": "public_internet_gateway",
      "provider": "provider[\"registry.terraform.io/hashicorp/aws\"]",
      "instances": [
        {
          "index_key": 0,
          "schema_version": 0,
          "attributes": {
            "carrier_gateway_id": "",
            "core_network_arn": "",
            "destination_cidr_block": "0.0.0.0/0",
            "destination_ipv6_cidr_block": "",
            "destination_prefix_list_id": "",
            "egress_only_gateway_id": "",
            "gateway_id": "igw-0df1e8819a72ec784",
            "id": "r-rtb-014c0ac4080d06dc91080289494",
            "instance_id": "",
            "instance_owner_id": "",
            "local_gateway_id": "",
            "nat_gateway_id": "",
            "network_interface_id": "",
            "origin": "CreateRoute",
            "route_table_id": "rtb-014c0ac4080d06dc9",
            "state": "active",
            "timeouts": {
              "create": "5m",
              "delete": null,
              "update": null
            },
            "transit_gateway_id": "",
            "vpc_endpoint_id": "",
            "vpc_peering_connection_id": ""
          },
          "sensitive_attributes": [],
          "private": "eyJlMmJmYjczMC1lY2FhLTExZTYtOGY4OC0zNDM2M2JjN2M0YzAiOnsiY3JlYXRlIjozMDAwMDAwMDAwMDAsImRlbGV0ZSI6MzAwMDAwMDAwMDAwLCJ1cGRhdGUiOjEyMDAwMDAwMDAwMH19",
          "dependencies": [
            "module.vpc.module.vpc.aws_internet_gateway.this",
            "module.vpc.module.vpc.aws_route_table.public",
            "module.vpc.module.vpc.aws_vpc.this",
            "module.vpc.module.vpc.aws_vpc_ipv4_cidr_block_association.this"
          ]
        }
      ]
    },
    {
      "module": "module.vpc.module.vpc",
      "mode": "managed",
      "type": "aws_route_table",
      "name": "private",
      "provider": "provider[\"registry.terraform.io/hashicorp/aws\"]",
      "instances": [
        {
          "index_key": 0,
          "schema_version": 0,
          "attributes": {
            "arn": "arn:aws:ec2:ap-northeast-2:637423403127:route-table/rtb-0cada4eda83604933",
            "id": "rtb-0cada4eda83604933",
            "owner_id": "637423403127",
            "propagating_vgws": [],
            "route": [
              {
                "carrier_gateway_id": "",
                "cidr_block": "0.0.0.0/0",
                "core_network_arn": "",
                "destination_prefix_list_id": "",
                "egress_only_gateway_id": "",
                "gateway_id": "",
                "ipv6_cidr_block": "",
                "local_gateway_id": "",
                "nat_gateway_id": "nat-0deb4755959f55b5e",
                "network_interface_id": "",
                "transit_gateway_id": "",
                "vpc_endpoint_id": "",
                "vpc_peering_connection_id": ""
              }
            ],
            "tags": {
              "Manageby": "Terraform",
              "Name": "94102108-TFT-private"
            },
            "tags_all": {
              "Manageby": "Terraform",
              "Name": "94102108-TFT-private"
            },
            "timeouts": null,
            "vpc_id": "vpc-09a0ec0b1d5860f93"
          },
          "sensitive_attributes": [],
          "private": "eyJlMmJmYjczMC1lY2FhLTExZTYtOGY4OC0zNDM2M2JjN2M0YzAiOnsiY3JlYXRlIjozMDAwMDAwMDAwMDAsImRlbGV0ZSI6MzAwMDAwMDAwMDAwLCJ1cGRhdGUiOjEyMDAwMDAwMDAwMH19",
          "dependencies": [
            "module.vpc.module.vpc.aws_vpc.this",
            "module.vpc.module.vpc.aws_vpc_ipv4_cidr_block_association.this"
          ]
        }
      ]
    },
    {
      "module": "module.vpc.module.vpc",
      "mode": "managed",
      "type": "aws_route_table",
      "name": "public",
      "provider": "provider[\"registry.terraform.io/hashicorp/aws\"]",
      "instances": [
        {
          "index_key": 0,
          "schema_version": 0,
          "attributes": {
            "arn": "arn:aws:ec2:ap-northeast-2:637423403127:route-table/rtb-014c0ac4080d06dc9",
            "id": "rtb-014c0ac4080d06dc9",
            "owner_id": "637423403127",
            "propagating_vgws": [],
            "route": [
              {
                "carrier_gateway_id": "",
                "cidr_block": "0.0.0.0/0",
                "core_network_arn": "",
                "destination_prefix_list_id": "",
                "egress_only_gateway_id": "",
                "gateway_id": "igw-0df1e8819a72ec784",
                "ipv6_cidr_block": "",
                "local_gateway_id": "",
                "nat_gateway_id": "",
                "network_interface_id": "",
                "transit_gateway_id": "",
                "vpc_endpoint_id": "",
                "vpc_peering_connection_id": ""
              }
            ],
            "tags": {
              "Manageby": "Terraform",
              "Name": "94102108-TFT-public"
            },
            "tags_all": {
              "Manageby": "Terraform",
              "Name": "94102108-TFT-public"
            },
            "timeouts": null,
            "vpc_id": "vpc-09a0ec0b1d5860f93"
          },
          "sensitive_attributes": [],
          "private": "eyJlMmJmYjczMC1lY2FhLTExZTYtOGY4OC0zNDM2M2JjN2M0YzAiOnsiY3JlYXRlIjozMDAwMDAwMDAwMDAsImRlbGV0ZSI6MzAwMDAwMDAwMDAwLCJ1cGRhdGUiOjEyMDAwMDAwMDAwMH19",
          "dependencies": [
            "module.vpc.module.vpc.aws_vpc.this",
            "module.vpc.module.vpc.aws_vpc_ipv4_cidr_block_association.this"
          ]
        }
      ]
    },
    {
      "module": "module.vpc.module.vpc",
      "mode": "managed",
      "type": "aws_route_table_association",
      "name": "private",
      "provider": "provider[\"registry.terraform.io/hashicorp/aws\"]",
      "instances": [
        {
          "index_key": 0,
          "schema_version": 0,
          "attributes": {
            "gateway_id": "",
            "id": "rtbassoc-07c7b6445d136d211",
            "route_table_id": "rtb-0cada4eda83604933",
            "subnet_id": "subnet-07ed07bf25517bfeb",
            "timeouts": null
          },
          "sensitive_attributes": [],
          "private": "eyJlMmJmYjczMC1lY2FhLTExZTYtOGY4OC0zNDM2M2JjN2M0YzAiOnsiY3JlYXRlIjozMDAwMDAwMDAwMDAsImRlbGV0ZSI6MzAwMDAwMDAwMDAwLCJ1cGRhdGUiOjEyMDAwMDAwMDAwMH19",
          "dependencies": [
            "module.vpc.module.vpc.aws_route_table.private",
            "module.vpc.module.vpc.aws_subnet.private",
            "module.vpc.module.vpc.aws_vpc.this",
            "module.vpc.module.vpc.aws_vpc_ipv4_cidr_block_association.this"
          ]
        },
        {
          "index_key": 1,
          "schema_version": 0,
          "attributes": {
            "gateway_id": "",
            "id": "rtbassoc-04c41bbdfe0c995f7",
            "route_table_id": "rtb-0cada4eda83604933",
            "subnet_id": "subnet-0f323302034529621",
            "timeouts": null
          },
          "sensitive_attributes": [],
          "private": "eyJlMmJmYjczMC1lY2FhLTExZTYtOGY4OC0zNDM2M2JjN2M0YzAiOnsiY3JlYXRlIjozMDAwMDAwMDAwMDAsImRlbGV0ZSI6MzAwMDAwMDAwMDAwLCJ1cGRhdGUiOjEyMDAwMDAwMDAwMH19",
          "dependencies": [
            "module.vpc.module.vpc.aws_route_table.private",
            "module.vpc.module.vpc.aws_subnet.private",
            "module.vpc.module.vpc.aws_vpc.this",
            "module.vpc.module.vpc.aws_vpc_ipv4_cidr_block_association.this"
          ]
        },
        {
          "index_key": 2,
          "schema_version": 0,
          "attributes": {
            "gateway_id": "",
            "id": "rtbassoc-028432c9841e6217b",
            "route_table_id": "rtb-0cada4eda83604933",
            "subnet_id": "subnet-0a9cf2a8cae6c1403",
            "timeouts": null
          },
          "sensitive_attributes": [],
          "private": "eyJlMmJmYjczMC1lY2FhLTExZTYtOGY4OC0zNDM2M2JjN2M0YzAiOnsiY3JlYXRlIjozMDAwMDAwMDAwMDAsImRlbGV0ZSI6MzAwMDAwMDAwMDAwLCJ1cGRhdGUiOjEyMDAwMDAwMDAwMH19",
          "dependencies": [
            "module.vpc.module.vpc.aws_route_table.private",
            "module.vpc.module.vpc.aws_subnet.private",
            "module.vpc.module.vpc.aws_vpc.this",
            "module.vpc.module.vpc.aws_vpc_ipv4_cidr_block_association.this"
          ]
        },
        {
          "index_key": 3,
          "schema_version": 0,
          "attributes": {
            "gateway_id": "",
            "id": "rtbassoc-0359ab38a2d7d1468",
            "route_table_id": "rtb-0cada4eda83604933",
            "subnet_id": "subnet-0a7a7f2dcc17ce212",
            "timeouts": null
          },
          "sensitive_attributes": [],
          "private": "eyJlMmJmYjczMC1lY2FhLTExZTYtOGY4OC0zNDM2M2JjN2M0YzAiOnsiY3JlYXRlIjozMDAwMDAwMDAwMDAsImRlbGV0ZSI6MzAwMDAwMDAwMDAwLCJ1cGRhdGUiOjEyMDAwMDAwMDAwMH19",
          "dependencies": [
            "module.vpc.module.vpc.aws_route_table.private",
            "module.vpc.module.vpc.aws_subnet.private",
            "module.vpc.module.vpc.aws_vpc.this",
            "module.vpc.module.vpc.aws_vpc_ipv4_cidr_block_association.this"
          ]
        },
        {
          "index_key": 4,
          "schema_version": 0,
          "attributes": {
            "gateway_id": "",
            "id": "rtbassoc-071fbfd8b9965ce08",
            "route_table_id": "rtb-0cada4eda83604933",
            "subnet_id": "subnet-0d543fd2d68a14e9c",
            "timeouts": null
          },
          "sensitive_attributes": [],
          "private": "eyJlMmJmYjczMC1lY2FhLTExZTYtOGY4OC0zNDM2M2JjN2M0YzAiOnsiY3JlYXRlIjozMDAwMDAwMDAwMDAsImRlbGV0ZSI6MzAwMDAwMDAwMDAwLCJ1cGRhdGUiOjEyMDAwMDAwMDAwMH19",
          "dependencies": [
            "module.vpc.module.vpc.aws_route_table.private",
            "module.vpc.module.vpc.aws_subnet.private",
            "module.vpc.module.vpc.aws_vpc.this",
            "module.vpc.module.vpc.aws_vpc_ipv4_cidr_block_association.this"
          ]
        },
        {
          "index_key": 5,
          "schema_version": 0,
          "attributes": {
            "gateway_id": "",
            "id": "rtbassoc-0e011da8675976bc3",
            "route_table_id": "rtb-0cada4eda83604933",
            "subnet_id": "subnet-060adb41077a7ce7c",
            "timeouts": null
          },
          "sensitive_attributes": [],
          "private": "eyJlMmJmYjczMC1lY2FhLTExZTYtOGY4OC0zNDM2M2JjN2M0YzAiOnsiY3JlYXRlIjozMDAwMDAwMDAwMDAsImRlbGV0ZSI6MzAwMDAwMDAwMDAwLCJ1cGRhdGUiOjEyMDAwMDAwMDAwMH19",
          "dependencies": [
            "module.vpc.module.vpc.aws_route_table.private",
            "module.vpc.module.vpc.aws_subnet.private",
            "module.vpc.module.vpc.aws_vpc.this",
            "module.vpc.module.vpc.aws_vpc_ipv4_cidr_block_association.this"
          ]
        }
      ]
    },
    {
      "module": "module.vpc.module.vpc",
      "mode": "managed",
      "type": "aws_route_table_association",
      "name": "public",
      "provider": "provider[\"registry.terraform.io/hashicorp/aws\"]",
      "instances": [
        {
          "index_key": 0,
          "schema_version": 0,
          "attributes": {
            "gateway_id": "",
            "id": "rtbassoc-0db01f3a1749775a7",
            "route_table_id": "rtb-014c0ac4080d06dc9",
            "subnet_id": "subnet-036e5041edcc6ee75",
            "timeouts": null
          },
          "sensitive_attributes": [],
          "private": "eyJlMmJmYjczMC1lY2FhLTExZTYtOGY4OC0zNDM2M2JjN2M0YzAiOnsiY3JlYXRlIjozMDAwMDAwMDAwMDAsImRlbGV0ZSI6MzAwMDAwMDAwMDAwLCJ1cGRhdGUiOjEyMDAwMDAwMDAwMH19",
          "dependencies": [
            "module.vpc.module.vpc.aws_route_table.public",
            "module.vpc.module.vpc.aws_subnet.public",
            "module.vpc.module.vpc.aws_vpc.this",
            "module.vpc.module.vpc.aws_vpc_ipv4_cidr_block_association.this"
          ]
        },
        {
          "index_key": 1,
          "schema_version": 0,
          "attributes": {
            "gateway_id": "",
            "id": "rtbassoc-0fb3ef282a212730d",
            "route_table_id": "rtb-014c0ac4080d06dc9",
            "subnet_id": "subnet-035d10b2e79af0179",
            "timeouts": null
          },
          "sensitive_attributes": [],
          "private": "eyJlMmJmYjczMC1lY2FhLTExZTYtOGY4OC0zNDM2M2JjN2M0YzAiOnsiY3JlYXRlIjozMDAwMDAwMDAwMDAsImRlbGV0ZSI6MzAwMDAwMDAwMDAwLCJ1cGRhdGUiOjEyMDAwMDAwMDAwMH19",
          "dependencies": [
            "module.vpc.module.vpc.aws_route_table.public",
            "module.vpc.module.vpc.aws_subnet.public",
            "module.vpc.module.vpc.aws_vpc.this",
            "module.vpc.module.vpc.aws_vpc_ipv4_cidr_block_association.this"
          ]
        }
      ]
    },
    {
      "module": "module.vpc.module.vpc",
      "mode": "managed",
      "type": "aws_subnet",
      "name": "private",
      "provider": "provider[\"registry.terraform.io/hashicorp/aws\"]",
      "instances": [
        {
          "index_key": 0,
          "schema_version": 1,
          "attributes": {
            "arn": "arn:aws:ec2:ap-northeast-2:637423403127:subnet/subnet-07ed07bf25517bfeb",
            "assign_ipv6_address_on_creation": false,
            "availability_zone": "ap-northeast-2a",
            "availability_zone_id": "apne2-az1",
            "cidr_block": "10.10.3.0/24",
            "customer_owned_ipv4_pool": "",
            "enable_dns64": false,
            "enable_lni_at_device_index": 0,
            "enable_resource_name_dns_a_record_on_launch": false,
            "enable_resource_name_dns_aaaa_record_on_launch": false,
            "id": "subnet-07ed07bf25517bfeb",
            "ipv6_cidr_block": "",
            "ipv6_cidr_block_association_id": "",
            "ipv6_native": false,
            "map_customer_owned_ip_on_launch": false,
            "map_public_ip_on_launch": false,
            "outpost_arn": "",
            "owner_id": "637423403127",
            "private_dns_hostname_type_on_launch": "ip-name",
            "tags": {
              "Manageby": "Terraform",
              "Name": "94102108-TFT-private-ap-northeast-2a"
            },
            "tags_all": {
              "Manageby": "Terraform",
              "Name": "94102108-TFT-private-ap-northeast-2a"
            },
            "timeouts": null,
            "vpc_id": "vpc-09a0ec0b1d5860f93"
          },
          "sensitive_attributes": [],
          "private": "eyJlMmJmYjczMC1lY2FhLTExZTYtOGY4OC0zNDM2M2JjN2M0YzAiOnsiY3JlYXRlIjo2MDAwMDAwMDAwMDAsImRlbGV0ZSI6MTIwMDAwMDAwMDAwMH0sInNjaGVtYV92ZXJzaW9uIjoiMSJ9",
          "dependencies": [
            "module.vpc.module.vpc.aws_vpc.this",
            "module.vpc.module.vpc.aws_vpc_ipv4_cidr_block_association.this"
          ],
          "create_before_destroy": true
        },
        {
          "index_key": 1,
          "schema_version": 1,
          "attributes": {
            "arn": "arn:aws:ec2:ap-northeast-2:637423403127:subnet/subnet-0f323302034529621",
            "assign_ipv6_address_on_creation": false,
            "availability_zone": "ap-northeast-2c",
            "availability_zone_id": "apne2-az3",
            "cidr_block": "10.10.4.0/24",
            "customer_owned_ipv4_pool": "",
            "enable_dns64": false,
            "enable_lni_at_device_index": 0,
            "enable_resource_name_dns_a_record_on_launch": false,
            "enable_resource_name_dns_aaaa_record_on_launch": false,
            "id": "subnet-0f323302034529621",
            "ipv6_cidr_block": "",
            "ipv6_cidr_block_association_id": "",
            "ipv6_native": false,
            "map_customer_owned_ip_on_launch": false,
            "map_public_ip_on_launch": false,
            "outpost_arn": "",
            "owner_id": "637423403127",
            "private_dns_hostname_type_on_launch": "ip-name",
            "tags": {
              "Manageby": "Terraform",
              "Name": "94102108-TFT-private-ap-northeast-2c"
            },
            "tags_all": {
              "Manageby": "Terraform",
              "Name": "94102108-TFT-private-ap-northeast-2c"
            },
            "timeouts": null,
            "vpc_id": "vpc-09a0ec0b1d5860f93"
          },
          "sensitive_attributes": [],
          "private": "eyJlMmJmYjczMC1lY2FhLTExZTYtOGY4OC0zNDM2M2JjN2M0YzAiOnsiY3JlYXRlIjo2MDAwMDAwMDAwMDAsImRlbGV0ZSI6MTIwMDAwMDAwMDAwMH0sInNjaGVtYV92ZXJzaW9uIjoiMSJ9",
          "dependencies": [
            "module.vpc.module.vpc.aws_vpc.this",
            "module.vpc.module.vpc.aws_vpc_ipv4_cidr_block_association.this"
          ],
          "create_before_destroy": true
        },
        {
          "index_key": 2,
          "schema_version": 1,
          "attributes": {
            "arn": "arn:aws:ec2:ap-northeast-2:637423403127:subnet/subnet-0a9cf2a8cae6c1403",
            "assign_ipv6_address_on_creation": false,
            "availability_zone": "ap-northeast-2a",
            "availability_zone_id": "apne2-az1",
            "cidr_block": "10.10.5.0/24",
            "customer_owned_ipv4_pool": "",
            "enable_dns64": false,
            "enable_lni_at_device_index": 0,
            "enable_resource_name_dns_a_record_on_launch": false,
            "enable_resource_name_dns_aaaa_record_on_launch": false,
            "id": "subnet-0a9cf2a8cae6c1403",
            "ipv6_cidr_block": "",
            "ipv6_cidr_block_association_id": "",
            "ipv6_native": false,
            "map_customer_owned_ip_on_launch": false,
            "map_public_ip_on_launch": false,
            "outpost_arn": "",
            "owner_id": "637423403127",
            "private_dns_hostname_type_on_launch": "ip-name",
            "tags": {
              "Manageby": "Terraform",
              "Name": "94102108-TFT-private-ap-northeast-2a"
            },
            "tags_all": {
              "Manageby": "Terraform",
              "Name": "94102108-TFT-private-ap-northeast-2a"
            },
            "timeouts": null,
            "vpc_id": "vpc-09a0ec0b1d5860f93"
          },
          "sensitive_attributes": [],
          "private": "eyJlMmJmYjczMC1lY2FhLTExZTYtOGY4OC0zNDM2M2JjN2M0YzAiOnsiY3JlYXRlIjo2MDAwMDAwMDAwMDAsImRlbGV0ZSI6MTIwMDAwMDAwMDAwMH0sInNjaGVtYV92ZXJzaW9uIjoiMSJ9",
          "dependencies": [
            "module.vpc.module.vpc.aws_vpc.this",
            "module.vpc.module.vpc.aws_vpc_ipv4_cidr_block_association.this"
          ],
          "create_before_destroy": true
        },
        {
          "index_key": 3,
          "schema_version": 1,
          "attributes": {
            "arn": "arn:aws:ec2:ap-northeast-2:637423403127:subnet/subnet-0a7a7f2dcc17ce212",
            "assign_ipv6_address_on_creation": false,
            "availability_zone": "ap-northeast-2c",
            "availability_zone_id": "apne2-az3",
            "cidr_block": "10.10.6.0/24",
            "customer_owned_ipv4_pool": "",
            "enable_dns64": false,
            "enable_lni_at_device_index": 0,
            "enable_resource_name_dns_a_record_on_launch": false,
            "enable_resource_name_dns_aaaa_record_on_launch": false,
            "id": "subnet-0a7a7f2dcc17ce212",
            "ipv6_cidr_block": "",
            "ipv6_cidr_block_association_id": "",
            "ipv6_native": false,
            "map_customer_owned_ip_on_launch": false,
            "map_public_ip_on_launch": false,
            "outpost_arn": "",
            "owner_id": "637423403127",
            "private_dns_hostname_type_on_launch": "ip-name",
            "tags": {
              "Manageby": "Terraform",
              "Name": "94102108-TFT-private-ap-northeast-2c"
            },
            "tags_all": {
              "Manageby": "Terraform",
              "Name": "94102108-TFT-private-ap-northeast-2c"
            },
            "timeouts": null,
            "vpc_id": "vpc-09a0ec0b1d5860f93"
          },
          "sensitive_attributes": [],
          "private": "eyJlMmJmYjczMC1lY2FhLTExZTYtOGY4OC0zNDM2M2JjN2M0YzAiOnsiY3JlYXRlIjo2MDAwMDAwMDAwMDAsImRlbGV0ZSI6MTIwMDAwMDAwMDAwMH0sInNjaGVtYV92ZXJzaW9uIjoiMSJ9",
          "dependencies": [
            "module.vpc.module.vpc.aws_vpc.this",
            "module.vpc.module.vpc.aws_vpc_ipv4_cidr_block_association.this"
          ],
          "create_before_destroy": true
        },
        {
          "index_key": 4,
          "schema_version": 1,
          "attributes": {
            "arn": "arn:aws:ec2:ap-northeast-2:637423403127:subnet/subnet-0d543fd2d68a14e9c",
            "assign_ipv6_address_on_creation": false,
            "availability_zone": "ap-northeast-2a",
            "availability_zone_id": "apne2-az1",
            "cidr_block": "10.10.7.0/24",
            "customer_owned_ipv4_pool": "",
            "enable_dns64": false,
            "enable_lni_at_device_index": 0,
            "enable_resource_name_dns_a_record_on_launch": false,
            "enable_resource_name_dns_aaaa_record_on_launch": false,
            "id": "subnet-0d543fd2d68a14e9c",
            "ipv6_cidr_block": "",
            "ipv6_cidr_block_association_id": "",
            "ipv6_native": false,
            "map_customer_owned_ip_on_launch": false,
            "map_public_ip_on_launch": false,
            "outpost_arn": "",
            "owner_id": "637423403127",
            "private_dns_hostname_type_on_launch": "ip-name",
            "tags": {
              "Manageby": "Terraform",
              "Name": "94102108-TFT-private-ap-northeast-2a"
            },
            "tags_all": {
              "Manageby": "Terraform",
              "Name": "94102108-TFT-private-ap-northeast-2a"
            },
            "timeouts": null,
            "vpc_id": "vpc-09a0ec0b1d5860f93"
          },
          "sensitive_attributes": [],
          "private": "eyJlMmJmYjczMC1lY2FhLTExZTYtOGY4OC0zNDM2M2JjN2M0YzAiOnsiY3JlYXRlIjo2MDAwMDAwMDAwMDAsImRlbGV0ZSI6MTIwMDAwMDAwMDAwMH0sInNjaGVtYV92ZXJzaW9uIjoiMSJ9",
          "dependencies": [
            "module.vpc.module.vpc.aws_vpc.this",
            "module.vpc.module.vpc.aws_vpc_ipv4_cidr_block_association.this"
          ],
          "create_before_destroy": true
        },
        {
          "index_key": 5,
          "schema_version": 1,
          "attributes": {
            "arn": "arn:aws:ec2:ap-northeast-2:637423403127:subnet/subnet-060adb41077a7ce7c",
            "assign_ipv6_address_on_creation": false,
            "availability_zone": "ap-northeast-2c",
            "availability_zone_id": "apne2-az3",
            "cidr_block": "10.10.8.0/24",
            "customer_owned_ipv4_pool": "",
            "enable_dns64": false,
            "enable_lni_at_device_index": 0,
            "enable_resource_name_dns_a_record_on_launch": false,
            "enable_resource_name_dns_aaaa_record_on_launch": false,
            "id": "subnet-060adb41077a7ce7c",
            "ipv6_cidr_block": "",
            "ipv6_cidr_block_association_id": "",
            "ipv6_native": false,
            "map_customer_owned_ip_on_launch": false,
            "map_public_ip_on_launch": false,
            "outpost_arn": "",
            "owner_id": "637423403127",
            "private_dns_hostname_type_on_launch": "ip-name",
            "tags": {
              "Manageby": "Terraform",
              "Name": "94102108-TFT-private-ap-northeast-2c"
            },
            "tags_all": {
              "Manageby": "Terraform",
              "Name": "94102108-TFT-private-ap-northeast-2c"
            },
            "timeouts": null,
            "vpc_id": "vpc-09a0ec0b1d5860f93"
          },
          "sensitive_attributes": [],
          "private": "eyJlMmJmYjczMC1lY2FhLTExZTYtOGY4OC0zNDM2M2JjN2M0YzAiOnsiY3JlYXRlIjo2MDAwMDAwMDAwMDAsImRlbGV0ZSI6MTIwMDAwMDAwMDAwMH0sInNjaGVtYV92ZXJzaW9uIjoiMSJ9",
          "dependencies": [
            "module.vpc.module.vpc.aws_vpc.this",
            "module.vpc.module.vpc.aws_vpc_ipv4_cidr_block_association.this"
          ],
          "create_before_destroy": true
        }
      ]
    },
    {
      "module": "module.vpc.module.vpc",
      "mode": "managed",
      "type": "aws_subnet",
      "name": "public",
      "provider": "provider[\"registry.terraform.io/hashicorp/aws\"]",
      "instances": [
        {
          "index_key": 0,
          "schema_version": 1,
          "attributes": {
            "arn": "arn:aws:ec2:ap-northeast-2:637423403127:subnet/subnet-036e5041edcc6ee75",
            "assign_ipv6_address_on_creation": false,
            "availability_zone": "ap-northeast-2a",
            "availability_zone_id": "apne2-az1",
            "cidr_block": "10.10.1.0/24",
            "customer_owned_ipv4_pool": "",
            "enable_dns64": false,
            "enable_lni_at_device_index": 0,
            "enable_resource_name_dns_a_record_on_launch": false,
            "enable_resource_name_dns_aaaa_record_on_launch": false,
            "id": "subnet-036e5041edcc6ee75",
            "ipv6_cidr_block": "",
            "ipv6_cidr_block_association_id": "",
            "ipv6_native": false,
            "map_customer_owned_ip_on_launch": false,
            "map_public_ip_on_launch": false,
            "outpost_arn": "",
            "owner_id": "637423403127",
            "private_dns_hostname_type_on_launch": "ip-name",
            "tags": {
              "Manageby": "Terraform",
              "Name": "94102108-TFT-public-ap-northeast-2a"
            },
            "tags_all": {
              "Manageby": "Terraform",
              "Name": "94102108-TFT-public-ap-northeast-2a"
            },
            "timeouts": null,
            "vpc_id": "vpc-09a0ec0b1d5860f93"
          },
          "sensitive_attributes": [],
          "private": "eyJlMmJmYjczMC1lY2FhLTExZTYtOGY4OC0zNDM2M2JjN2M0YzAiOnsiY3JlYXRlIjo2MDAwMDAwMDAwMDAsImRlbGV0ZSI6MTIwMDAwMDAwMDAwMH0sInNjaGVtYV92ZXJzaW9uIjoiMSJ9",
          "dependencies": [
            "module.vpc.module.vpc.aws_vpc.this",
            "module.vpc.module.vpc.aws_vpc_ipv4_cidr_block_association.this"
          ]
        },
        {
          "index_key": 1,
          "schema_version": 1,
          "attributes": {
            "arn": "arn:aws:ec2:ap-northeast-2:637423403127:subnet/subnet-035d10b2e79af0179",
            "assign_ipv6_address_on_creation": false,
            "availability_zone": "ap-northeast-2c",
            "availability_zone_id": "apne2-az3",
            "cidr_block": "10.10.2.0/24",
            "customer_owned_ipv4_pool": "",
            "enable_dns64": false,
            "enable_lni_at_device_index": 0,
            "enable_resource_name_dns_a_record_on_launch": false,
            "enable_resource_name_dns_aaaa_record_on_launch": false,
            "id": "subnet-035d10b2e79af0179",
            "ipv6_cidr_block": "",
            "ipv6_cidr_block_association_id": "",
            "ipv6_native": false,
            "map_customer_owned_ip_on_launch": false,
            "map_public_ip_on_launch": false,
            "outpost_arn": "",
            "owner_id": "637423403127",
            "private_dns_hostname_type_on_launch": "ip-name",
            "tags": {
              "Manageby": "Terraform",
              "Name": "94102108-TFT-public-ap-northeast-2c"
            },
            "tags_all": {
              "Manageby": "Terraform",
              "Name": "94102108-TFT-public-ap-northeast-2c"
            },
            "timeouts": null,
            "vpc_id": "vpc-09a0ec0b1d5860f93"
          },
          "sensitive_attributes": [],
          "private": "eyJlMmJmYjczMC1lY2FhLTExZTYtOGY4OC0zNDM2M2JjN2M0YzAiOnsiY3JlYXRlIjo2MDAwMDAwMDAwMDAsImRlbGV0ZSI6MTIwMDAwMDAwMDAwMH0sInNjaGVtYV92ZXJzaW9uIjoiMSJ9",
          "dependencies": [
            "module.vpc.module.vpc.aws_vpc.this",
            "module.vpc.module.vpc.aws_vpc_ipv4_cidr_block_association.this"
          ]
        }
      ]
    },
    {
      "module": "module.vpc.module.vpc",
      "mode": "managed",
      "type": "aws_vpc",
      "name": "this",
      "provider": "provider[\"registry.terraform.io/hashicorp/aws\"]",
      "instances": [
        {
          "index_key": 0,
          "schema_version": 1,
          "attributes": {
            "arn": "arn:aws:ec2:ap-northeast-2:637423403127:vpc/vpc-09a0ec0b1d5860f93",
            "assign_generated_ipv6_cidr_block": false,
            "cidr_block": "10.10.0.0/20",
            "default_network_acl_id": "acl-0809780ff00364e0d",
            "default_route_table_id": "rtb-0a0591be13d5015a2",
            "default_security_group_id": "sg-07758fa12576141c8",
            "dhcp_options_id": "dopt-09bc5c4d3ccca2488",
            "enable_dns_hostnames": true,
            "enable_dns_support": true,
            "enable_network_address_usage_metrics": false,
            "id": "vpc-09a0ec0b1d5860f93",
            "instance_tenancy": "default",
            "ipv4_ipam_pool_id": null,
            "ipv4_netmask_length": null,
            "ipv6_association_id": "",
            "ipv6_cidr_block": "",
            "ipv6_cidr_block_network_border_group": "",
            "ipv6_ipam_pool_id": "",
            "ipv6_netmask_length": 0,
            "main_route_table_id": "rtb-0a0591be13d5015a2",
            "owner_id": "637423403127",
            "tags": {
              "Manageby": "Terraform",
              "Name": "94102108-TFT"
            },
            "tags_all": {
              "Manageby": "Terraform",
              "Name": "94102108-TFT"
            }
          },
          "sensitive_attributes": [],
          "private": "eyJzY2hlbWFfdmVyc2lvbiI6IjEifQ==",
          "create_before_destroy": true
        }
      ]
    },
    {
      "module": "module.waf",
      "mode": "managed",
      "type": "aws_wafv2_ip_set",
      "name": "ipset",
      "provider": "provider[\"registry.terraform.io/hashicorp/aws\"].virginia",
      "instances": [
        {
          "schema_version": 0,
          "attributes": {
            "addresses": [
              "165.243.5.20/32"
            ],
            "arn": "arn:aws:wafv2:us-east-1:637423403127:global/ipset/94102108-laC-TFT-ipset/1fb56d59-c801-4341-92fc-511ffc6c72f2",
            "description": "IPSet for 94102108-laC-TFT",
            "id": "1fb56d59-c801-4341-92fc-511ffc6c72f2",
            "ip_address_version": "IPV4",
            "lock_token": "cc6ecfcc-082f-4aec-b978-8f87cd807c50",
            "name": "94102108-laC-TFT-ipset",
            "scope": "CLOUDFRONT",
            "tags": {
              "Name": "94102108-laC-TFT-IPset"
            },
            "tags_all": {
              "Name": "94102108-laC-TFT-IPset"
            }
          },
          "sensitive_attributes": [],
          "private": "bnVsbA=="
        }
      ]
    },
    {
      "module": "module.waf",
      "mode": "managed",
      "type": "aws_wafv2_web_acl",
      "name": "waf",
      "provider": "provider[\"registry.terraform.io/hashicorp/aws\"].virginia",
      "instances": [
        {
          "schema_version": 0,
          "attributes": {
            "application_integration_url": "",
            "arn": "arn:aws:wafv2:us-east-1:637423403127:global/webacl/94102108-laC-TFT-WAF/ee44b1bd-b69c-4450-9531-032661dbafa1",
            "association_config": [],
            "capacity": 1,
            "captcha_config": [],
            "challenge_config": [],
            "custom_response_body": [],
            "default_action": [
              {
                "allow": [],
                "block": [
                  {
                    "custom_response": []
                  }
                ]
              }
            ],
            "description": "Web ACL for 94102108-laC-TFT ALB",
            "id": "ee44b1bd-b69c-4450-9531-032661dbafa1",
            "lock_token": "60755ea8-d744-4179-8dd5-c40e53ece0ab",
            "name": "94102108-laC-TFT-WAF",
            "rule": [
              {
                "action": [
                  {
                    "allow": [
                      {
                        "custom_request_handling": []
                      }
                    ],
                    "block": [],
                    "captcha": [],
                    "challenge": [],
                    "count": []
                  }
                ],
                "captcha_config": [],
                "name": "IPSet-Rule",
                "override_action": [],
                "priority": 1,
                "rule_label": [],
                "statement": [
                  {
                    "and_statement": [],
                    "byte_match_statement": [],
                    "geo_match_statement": [],
                    "ip_set_reference_statement": [
                      {
                        "arn": "arn:aws:wafv2:us-east-1:637423403127:global/ipset/94102108-laC-TFT-ipset/1fb56d59-c801-4341-92fc-511ffc6c72f2",
                        "ip_set_forwarded_ip_config": []
                      }
                    ],
                    "label_match_statement": [],
                    "managed_rule_group_statement": [],
                    "not_statement": [],
                    "or_statement": [],
                    "rate_based_statement": [],
                    "regex_match_statement": [],
                    "regex_pattern_set_reference_statement": [],
                    "rule_group_reference_statement": [],
                    "size_constraint_statement": [],
                    "sqli_match_statement": [],
                    "xss_match_statement": []
                  }
                ],
                "visibility_config": [
                  {
                    "cloudwatch_metrics_enabled": true,
                    "metric_name": "ipsetRule",
                    "sampled_requests_enabled": true
                  }
                ]
              }
            ],
            "rule_json": "",
            "scope": "CLOUDFRONT",
            "tags": {
              "Name": "94102108-laC-TFT-WAF"
            },
            "tags_all": {
              "Name": "94102108-laC-TFT-WAF"
            },
            "token_domains": [],
            "visibility_config": [
              {
                "cloudwatch_metrics_enabled": true,
                "metric_name": "94102108-laC-TFT-web-acl",
                "sampled_requests_enabled": true
              }
            ]
          },
          "sensitive_attributes": [],
          "private": "bnVsbA==",
          "dependencies": [
            "module.waf.aws_wafv2_ip_set.ipset"
          ]
        }
      ]
    }
  ],
  "check_results": null
}
